{
    "version": 3,
    "terraform_version": "0.11.12",
    "serial": 4,
    "lineage": "19bbfda3-e280-07e0-2b55-5bac3285bc5e",
    "modules": [
        {
            "path": [
                "root"
            ],
            "outputs": {},
            "resources": {
                "data.vsphere_datacenter.dc": {
                    "type": "vsphere_datacenter",
                    "depends_on": [],
                    "primary": {
                        "id": "datacenter-2",
                        "attributes": {
                            "id": "datacenter-2",
                            "name": "datacenter1"
                        },
                        "meta": {},
                        "tainted": false
                    },
                    "deposed": [],
                    "provider": "provider.vsphere"
                }
            },
            "depends_on": []
        },
        {
            "path": [
                "root",
                "bootstrap"
            ],
            "outputs": {
                "ip_addresses": {
                    "sensitive": false,
                    "type": "list",
                    "value": [
                        "192.168.60.253"
                    ]
                }
            },
            "resources": {
                "data.ignition_config.ign": {
                    "type": "ignition_config",
                    "depends_on": [
                        "data.ignition_file.hostname.*",
                        "data.ignition_file.static_ip.*",
                        "data.ignition_systemd_unit.restart.*",
                        "local.ignition_encoded"
                    ],
                    "primary": {
                        "id": "f2364ec34033c36b4cc9ed3288715b37ce9dc72db236385f80a9029993f64728",
                        "attributes": {
                            "append.#": "1",
                            "append.0.source": "http://192.168.60.254:8080/ignition/bootstrap.ign",
                            "append.0.verification": "",
                            "files.#": "2",
                            "files.0": "96b615ed7586d580ff4ee0a22808819c5d93de95ce8dbf3037641f57fb045fc3",
                            "files.1": "31b00d8e0e1416390bd41653e6d2e107148ed749f25aabb28e79bad33cb947fc",
                            "id": "f2364ec34033c36b4cc9ed3288715b37ce9dc72db236385f80a9029993f64728",
                            "rendered": "{\"ignition\":{\"config\":{\"append\":[{\"source\":\"http://192.168.60.254:8080/ignition/bootstrap.ign\",\"verification\":{}}]},\"timeouts\":{},\"version\":\"2.1.0\"},\"networkd\":{},\"passwd\":{},\"storage\":{\"files\":[{\"filesystem\":\"root\",\"group\":{},\"path\":\"/etc/hostname\",\"user\":{},\"contents\":{\"source\":\"data:text/plain;charset=utf-8;base64,Ym9vdHN0cmFwLTA=\",\"verification\":{}},\"mode\":420},{\"filesystem\":\"root\",\"group\":{},\"path\":\"/etc/sysconfig/network-scripts/ifcfg-ens192\",\"user\":{},\"contents\":{\"source\":\"data:text/plain;charset=utf-8;base64,VFlQRT1FdGhlcm5ldApCT09UUFJPVE89bm9uZQpOQU1FPWVuczE5MgpERVZJQ0U9ZW5zMTkyCk9OQk9PVD15ZXMKSVBBRERSPTE5Mi4xNjguNjAuMjUzClBSRUZJWD0yNApHQVRFV0FZPTE5Mi4xNjguNjAuMjU0CkRPTUFJTj1vY3A0Lmd0c2xhYnMuaWJtLmNvbQpETlMxPTE5Mi4xNjguNjAuMjU0Cg==\",\"verification\":{}},\"mode\":420}]},\"systemd\":{\"units\":[{\"contents\":\"[Unit]\\nConditionFirstBoot=yes\\n[Service]\\nType=idle\\nExecStart=/sbin/reboot\\n[Install]\\nWantedBy=multi-user.target\\n\",\"enabled\":true,\"name\":\"restart.service\"}]}}",
                            "systemd.#": "1",
                            "systemd.0": "2b2088c1732c1d1acffcbbe6386c2952e57ca2903cec0dc24bd4cb0f42abc300"
                        },
                        "meta": {},
                        "tainted": false
                    },
                    "deposed": [],
                    "provider": "provider.ignition"
                },
                "data.ignition_file.hostname": {
                    "type": "ignition_file",
                    "depends_on": [],
                    "primary": {
                        "id": "96b615ed7586d580ff4ee0a22808819c5d93de95ce8dbf3037641f57fb045fc3",
                        "attributes": {
                            "content.#": "1",
                            "content.0.content": "bootstrap-0",
                            "content.0.mime": "text/plain",
                            "filesystem": "root",
                            "id": "96b615ed7586d580ff4ee0a22808819c5d93de95ce8dbf3037641f57fb045fc3",
                            "mode": "420",
                            "path": "/etc/hostname"
                        },
                        "meta": {},
                        "tainted": false
                    },
                    "deposed": [],
                    "provider": "provider.ignition"
                },
                "data.ignition_file.static_ip": {
                    "type": "ignition_file",
                    "depends_on": [
                        "local.gw",
                        "local.ip_addresses",
                        "local.mask"
                    ],
                    "primary": {
                        "id": "31b00d8e0e1416390bd41653e6d2e107148ed749f25aabb28e79bad33cb947fc",
                        "attributes": {
                            "content.#": "1",
                            "content.0.content": "TYPE=Ethernet\nBOOTPROTO=none\nNAME=ens192\nDEVICE=ens192\nONBOOT=yes\nIPADDR=192.168.60.253\nPREFIX=24\nGATEWAY=192.168.60.254\nDOMAIN=ocp4.gtslabs.ibm.com\nDNS1=192.168.60.254\n",
                            "content.0.mime": "text/plain",
                            "filesystem": "root",
                            "id": "31b00d8e0e1416390bd41653e6d2e107148ed749f25aabb28e79bad33cb947fc",
                            "mode": "420",
                            "path": "/etc/sysconfig/network-scripts/ifcfg-ens192"
                        },
                        "meta": {},
                        "tainted": false
                    },
                    "deposed": [],
                    "provider": "provider.ignition"
                },
                "data.ignition_systemd_unit.restart": {
                    "type": "ignition_systemd_unit",
                    "depends_on": [],
                    "primary": {
                        "id": "2b2088c1732c1d1acffcbbe6386c2952e57ca2903cec0dc24bd4cb0f42abc300",
                        "attributes": {
                            "content": "[Unit]\nConditionFirstBoot=yes\n[Service]\nType=idle\nExecStart=/sbin/reboot\n[Install]\nWantedBy=multi-user.target\n",
                            "enabled": "true",
                            "id": "2b2088c1732c1d1acffcbbe6386c2952e57ca2903cec0dc24bd4cb0f42abc300",
                            "name": "restart.service"
                        },
                        "meta": {},
                        "tainted": false
                    },
                    "deposed": [],
                    "provider": "provider.ignition"
                },
                "data.vsphere_datastore.datastore": {
                    "type": "vsphere_datastore",
                    "depends_on": [],
                    "primary": {
                        "id": "datastore-12",
                        "attributes": {
                            "datacenter_id": "datacenter-2",
                            "id": "datastore-12",
                            "name": "vsanDatastore"
                        },
                        "meta": {},
                        "tainted": false
                    },
                    "deposed": [],
                    "provider": "provider.vsphere"
                },
                "data.vsphere_network.network": {
                    "type": "vsphere_network",
                    "depends_on": [],
                    "primary": {
                        "id": "dvportgroup-243",
                        "attributes": {
                            "datacenter_id": "datacenter-2",
                            "id": "dvportgroup-243",
                            "name": "vxw-dvs-24-virtualwire-8-sid-6006-ocp-platform-network",
                            "type": "DistributedVirtualPortgroup"
                        },
                        "meta": {},
                        "tainted": false
                    },
                    "deposed": [],
                    "provider": "provider.vsphere"
                },
                "data.vsphere_virtual_machine.template": {
                    "type": "vsphere_virtual_machine",
                    "depends_on": [],
                    "primary": {
                        "id": "42161048-3c18-d100-7a14-fd5e75f3c7a5",
                        "attributes": {
                            "alternate_guest_name": "",
                            "datacenter_id": "datacenter-2",
                            "disks.#": "1",
                            "disks.0.eagerly_scrub": "false",
                            "disks.0.size": "16",
                            "disks.0.thin_provisioned": "true",
                            "firmware": "bios",
                            "guest_id": "other26xLinux64Guest",
                            "id": "42161048-3c18-d100-7a14-fd5e75f3c7a5",
                            "name": "rhcos-latest",
                            "network_interface_types.#": "1",
                            "network_interface_types.0": "vmxnet3",
                            "scsi_bus_sharing": "noSharing",
                            "scsi_controller_scan_count": "1",
                            "scsi_type": "pvscsi"
                        },
                        "meta": {},
                        "tainted": false
                    },
                    "deposed": [],
                    "provider": "provider.vsphere"
                },
                "vsphere_virtual_machine.vm": {
                    "type": "vsphere_virtual_machine",
                    "depends_on": [
                        "data.ignition_config.ign.*",
                        "data.vsphere_datastore.datastore",
                        "data.vsphere_network.network",
                        "data.vsphere_virtual_machine.template"
                    ],
                    "primary": {
                        "id": "42162ab7-cb6a-75e2-9fd8-2169fa20793b",
                        "attributes": {
                            "alternate_guest_name": "",
                            "annotation": "",
                            "boot_delay": "0",
                            "boot_retry_delay": "10000",
                            "boot_retry_enabled": "false",
                            "cdrom.#": "0",
                            "change_version": "2019-08-24T01:56:37.629351Z",
                            "clone.#": "1",
                            "clone.0.customize.#": "0",
                            "clone.0.linked_clone": "false",
                            "clone.0.template_uuid": "42161048-3c18-d100-7a14-fd5e75f3c7a5",
                            "clone.0.timeout": "30",
                            "cpu_hot_add_enabled": "false",
                            "cpu_hot_remove_enabled": "false",
                            "cpu_limit": "-1",
                            "cpu_performance_counters_enabled": "false",
                            "cpu_reservation": "0",
                            "cpu_share_count": "4000",
                            "cpu_share_level": "normal",
                            "custom_attributes.%": "0",
                            "datastore_id": "datastore-12",
                            "disk.#": "1",
                            "disk.0.attach": "false",
                            "disk.0.datastore_id": "datastore-12",
                            "disk.0.device_address": "scsi:0:0",
                            "disk.0.disk_mode": "persistent",
                            "disk.0.disk_sharing": "sharingNone",
                            "disk.0.eagerly_scrub": "false",
                            "disk.0.io_limit": "-1",
                            "disk.0.io_reservation": "0",
                            "disk.0.io_share_count": "1000",
                            "disk.0.io_share_level": "normal",
                            "disk.0.keep_on_remove": "false",
                            "disk.0.key": "2000",
                            "disk.0.label": "disk0",
                            "disk.0.name": "",
                            "disk.0.path": "2f99605d-ecfc-217f-3bdf-0cc47aa46960/bootstrap-0.vmdk",
                            "disk.0.size": "60",
                            "disk.0.thin_provisioned": "true",
                            "disk.0.unit_number": "0",
                            "disk.0.uuid": "6000C29a-0409-3186-0901-8b242b766452",
                            "disk.0.write_through": "false",
                            "efi_secure_boot_enabled": "false",
                            "enable_disk_uuid": "true",
                            "enable_logging": "false",
                            "ept_rvi_mode": "automatic",
                            "extra_config.%": "0",
                            "firmware": "bios",
                            "folder": "ocp4",
                            "force_power_off": "true",
                            "guest_id": "other26xLinux64Guest",
                            "guest_ip_addresses.#": "0",
                            "host_system_id": "host-19",
                            "hv_mode": "hvAuto",
                            "id": "42162ab7-cb6a-75e2-9fd8-2169fa20793b",
                            "latency_sensitivity": "normal",
                            "memory": "8192",
                            "memory_hot_add_enabled": "false",
                            "memory_limit": "-1",
                            "memory_reservation": "0",
                            "memory_share_count": "81920",
                            "memory_share_level": "normal",
                            "migrate_wait_timeout": "30",
                            "moid": "vm-509",
                            "name": "bootstrap-0",
                            "nested_hv_enabled": "false",
                            "network_interface.#": "1",
                            "network_interface.0.adapter_type": "vmxnet3",
                            "network_interface.0.bandwidth_limit": "-1",
                            "network_interface.0.bandwidth_reservation": "0",
                            "network_interface.0.bandwidth_share_count": "50",
                            "network_interface.0.bandwidth_share_level": "normal",
                            "network_interface.0.device_address": "pci:0:7",
                            "network_interface.0.key": "4000",
                            "network_interface.0.mac_address": "00:50:56:96:e8:5c",
                            "network_interface.0.network_id": "dvportgroup-243",
                            "network_interface.0.use_static_mac": "false",
                            "num_cores_per_socket": "1",
                            "num_cpus": "4",
                            "reboot_required": "false",
                            "resource_pool_id": "resgroup-501",
                            "run_tools_scripts_after_power_on": "true",
                            "run_tools_scripts_after_resume": "true",
                            "run_tools_scripts_before_guest_reboot": "false",
                            "run_tools_scripts_before_guest_shutdown": "true",
                            "run_tools_scripts_before_guest_standby": "true",
                            "scsi_bus_sharing": "noSharing",
                            "scsi_controller_count": "1",
                            "scsi_type": "pvscsi",
                            "shutdown_wait_timeout": "3",
                            "swap_placement_policy": "inherit",
                            "sync_time_with_host": "false",
                            "tags.#": "0",
                            "uuid": "42162ab7-cb6a-75e2-9fd8-2169fa20793b",
                            "vapp.#": "1",
                            "vapp.0.properties.%": "2",
                            "vapp.0.properties.guestinfo.ignition.config.data": "eyJpZ25pdGlvbiI6eyJjb25maWciOnsiYXBwZW5kIjpbeyJzb3VyY2UiOiJodHRwOi8vMTkyLjE2OC42MC4yNTQ6ODA4MC9pZ25pdGlvbi9ib290c3RyYXAuaWduIiwidmVyaWZpY2F0aW9uIjp7fX1dfSwidGltZW91dHMiOnt9LCJ2ZXJzaW9uIjoiMi4xLjAifSwibmV0d29ya2QiOnt9LCJwYXNzd2QiOnt9LCJzdG9yYWdlIjp7ImZpbGVzIjpbeyJmaWxlc3lzdGVtIjoicm9vdCIsImdyb3VwIjp7fSwicGF0aCI6Ii9ldGMvaG9zdG5hbWUiLCJ1c2VyIjp7fSwiY29udGVudHMiOnsic291cmNlIjoiZGF0YTp0ZXh0L3BsYWluO2NoYXJzZXQ9dXRmLTg7YmFzZTY0LFltOXZkSE4wY21Gd0xUQT0iLCJ2ZXJpZmljYXRpb24iOnt9fSwibW9kZSI6NDIwfSx7ImZpbGVzeXN0ZW0iOiJyb290IiwiZ3JvdXAiOnt9LCJwYXRoIjoiL2V0Yy9zeXNjb25maWcvbmV0d29yay1zY3JpcHRzL2lmY2ZnLWVuczE5MiIsInVzZXIiOnt9LCJjb250ZW50cyI6eyJzb3VyY2UiOiJkYXRhOnRleHQvcGxhaW47Y2hhcnNldD11dGYtODtiYXNlNjQsVkZsUVJUMUZkR2hsY201bGRBcENUMDlVVUZKUFZFODlibTl1WlFwT1FVMUZQV1Z1Y3pFNU1ncEVSVlpKUTBVOVpXNXpNVGt5Q2s5T1FrOVBWRDE1WlhNS1NWQkJSRVJTUFRFNU1pNHhOamd1TmpBdU1qVXpDbEJTUlVaSldEMHlOQXBIUVZSRlYwRlpQVEU1TWk0eE5qZ3VOakF1TWpVMENrUlBUVUZKVGoxdlkzQTBMbWQwYzJ4aFluTXVhV0p0TG1OdmJRcEVUbE14UFRFNU1pNHhOamd1TmpBdU1qVTBDZz09IiwidmVyaWZpY2F0aW9uIjp7fX0sIm1vZGUiOjQyMH1dfSwic3lzdGVtZCI6eyJ1bml0cyI6W3siY29udGVudHMiOiJbVW5pdF1cbkNvbmRpdGlvbkZpcnN0Qm9vdD15ZXNcbltTZXJ2aWNlXVxuVHlwZT1pZGxlXG5FeGVjU3RhcnQ9L3NiaW4vcmVib290XG5bSW5zdGFsbF1cbldhbnRlZEJ5PW11bHRpLXVzZXIudGFyZ2V0XG4iLCJlbmFibGVkIjp0cnVlLCJuYW1lIjoicmVzdGFydC5zZXJ2aWNlIn1dfX0=",
                            "vapp.0.properties.guestinfo.ignition.config.data.encoding": "base64",
                            "vapp_transport.#": "1",
                            "vapp_transport.0": "com.vmware.guestInfo",
                            "vmware_tools_status": "guestToolsNotRunning",
                            "vmx_path": "2f99605d-ecfc-217f-3bdf-0cc47aa46960/bootstrap-0.vmx",
                            "wait_for_guest_ip_timeout": "0",
                            "wait_for_guest_net_routable": "false",
                            "wait_for_guest_net_timeout": "0"
                        },
                        "meta": {
                            "schema_version": "3"
                        },
                        "tainted": false
                    },
                    "deposed": [],
                    "provider": "provider.vsphere"
                }
            },
            "depends_on": []
        },
        {
            "path": [
                "root",
                "compute"
            ],
            "outputs": {
                "ip_addresses": {
                    "sensitive": false,
                    "type": "list",
                    "value": [
                        "192.168.60.30",
                        "192.168.60.31",
                        "192.168.60.32"
                    ]
                }
            },
            "resources": {
                "data.ignition_config.ign.0": {
                    "type": "ignition_config",
                    "depends_on": [
                        "data.ignition_file.hostname.*",
                        "data.ignition_file.static_ip.*",
                        "data.ignition_systemd_unit.restart.*",
                        "local.ignition_encoded"
                    ],
                    "primary": {
                        "id": "b45fe02aa42d4c7e61bd97ae5596439f6125b0c75fe5f4359300000c7d6c19d5",
                        "attributes": {
                            "append.#": "1",
                            "append.0.source": "data:text/plain;charset=utf-8;base64,eyJpZ25pdGlvbiI6eyJjb25maWciOnsiYXBwZW5kIjpbeyJzb3VyY2UiOiJodHRwczovL2FwaS1pbnQub2NwNC5ndHNsYWJzLmlibS5jb206MjI2MjMvY29uZmlnL3dvcmtlciIsInZlcmlmaWNhdGlvbiI6e319XX0sInNlY3VyaXR5Ijp7InRscyI6eyJjZXJ0aWZpY2F0ZUF1dGhvcml0aWVzIjpbeyJzb3VyY2UiOiJkYXRhOnRleHQvcGxhaW47Y2hhcnNldD11dGYtODtiYXNlNjQsTFMwdExTMUNSVWRKVGlCRFJWSlVTVVpKUTBGVVJTMHRMUzB0Q2sxSlNVUkZSRU5EUVdacFowRjNTVUpCWjBsSlVUaE1WMVJzU1dOWVFtTjNSRkZaU2t0dldrbG9kbU5PUVZGRlRFSlJRWGRLYWtWVFRVSkJSMEV4VlVVS1EzaE5TbUl6UW14aWJrNXZZVmRhTUUxU1FYZEVaMWxFVmxGUlJFVjNaSGxpTWprd1RGZE9hRTFDTkZoRVZFVTFUVVJuZVUxNlJURk9SRVV3VFRGdldBcEVWRWsxVFVSbmVVMUVSVEZPUkVVd1RURnZkMHBxUlZOTlFrRkhRVEZWUlVONFRVcGlNMEpzWW01T2IyRlhXakJOVWtGM1JHZFpSRlpSVVVSRmQyUjVDbUl5T1RCTVYwNW9UVWxKUWtscVFVNUNaMnR4YUd0cFJ6bDNNRUpCVVVWR1FVRlBRMEZST0VGTlNVbENRMmRMUTBGUlJVRjZZM0YwTVN0bWJ6TTNVR0lLVEc0dlZXaGlhblZ5ZFZKbllUSjZMMWhqYUdNdlJXNXpZMHBHY1U1NlRHaFZlakJ4Vm5SWU1tWlJlVE5xU1hJMU9UY3pVRE5ZZUUxYU1UWm5ZVnB0TUFwelpVMHlXSGwxZDJKcGVDOUJaV0p2VmtGNmJVWjFNVXgyZEhaMVpGcEdSV1I2YWxsa1MxazRkR3h0VDFvNWFTOUpNaTlhUTI1WVQwaHlWM3B4ZDNkWENtRTRkbTkwVGtkaGJHVlVOM1ZNY0dGTWIwSllSSE5aWTJjMmRFVjZUa3cxVDJ0dFRVTTNPRTV2YjFGV04ydEpUVWRWVEVreE1EUkhibWhOVUhSWmMwMEtWVFZvYkdkRlZWQjFibEYzUkZkVk0xVXpjVGRXT1VaUE5Ia3dSbHBPYzI5T1NXMVVSbk5TUlZKSFJIVjVRMjFyYWtzd1dUQmhhRUZrU1ZJd1FsRjFad3BYVmt4cGNIZDVPV2RYTWxGaVpIazRSVFZvUjFScE9UaFRWbUZRTm14UlJ6VkpOR0Z4TUZsT1FtbzJjMnhTSzFoSFdsQmhhRFJMT1dSSFUzaFVTa0pJQ25odmVHWnhNMlk0ZVhkSlJFRlJRVUp2TUVsM1VVUkJUMEpuVGxaSVVUaENRV1k0UlVKQlRVTkJjVkYzUkhkWlJGWlNNRlJCVVVndlFrRlZkMEYzUlVJS0wzcEJaRUpuVGxaSVVUUkZSbWRSVlhoeE9HSkVXakJOZVdWMFJGbzJPVWxtTmpKU1lsbFlTbXcyTUhkRVVWbEtTMjlhU1doMlkwNUJVVVZNUWxGQlJBcG5aMFZDUVVSYWMySm9aVlZKYTI5aGVVaFdPRXhxT0VOcWNVeHVXVmc0TTNOblNGbEhZM2huVlVSaGRuTnJNVFU1V2sxalFqVXpiMk5RZW1RMWJGWndDbEpDZFdwdVZYWlRWblJDV2pCdk5VZGpNVFJUUW5wSkswaHJORzlEWmxsQlVWTkhiMnh0Wm5sd1FVeE9XR2x1TmxGRWNteERSa2gzU3pGUFNsSjRUV3dLTTJJMVUxUkRVVXBzTVVaRWVFTTFObkl2ZEZkcVpESjBZVTF3U1dGQmRVbzJWM05uZGtsdGRrMHdTRmxoTkhWdGVUbGFja05hWWxSMFZFTTFkekpsVlFwcVFqWXphQ3QwUWxZMU1XdFFPRE5wWjFKT1QzWTJXV042VFZCQk0xTndWRzlEWlU5d2MzbHhkVkYwTkRaWWRITlhhVEU1Y1ROb0szQlRjREJWYW1oU0NuTnJSR0pSWkRCdE9FVldXSE5CUVhocVUxb3JiR05uWkRWamFsUlhkRFpDYTNWSkwzVlpPRmRSVmxkcVowRnViMk14UzJkM1J6bFhRVzQ1WlVwbWVtb0tNMUZaVEM4eFltSlJkblJYTkhKcWVUaFhWMUZGUW13M09WVmpQUW90TFMwdExVVk9SQ0JEUlZKVVNVWkpRMEZVUlMwdExTMHRDZz09IiwidmVyaWZpY2F0aW9uIjp7fX1dfX0sInRpbWVvdXRzIjp7fSwidmVyc2lvbiI6IjIuMi4wIn0sIm5ldHdvcmtkIjp7fSwicGFzc3dkIjp7fSwic3RvcmFnZSI6e30sInN5c3RlbWQiOnt9fQo=",
                            "append.0.verification": "",
                            "files.#": "2",
                            "files.0": "37cb0d6ae78c6a1605286cc8070f084949a99933a4320e111c37cf31e79127f7",
                            "files.1": "c928ee7e95cfe522163876a134115b83f3ab94129ea659ca84f0d389d7e19735",
                            "id": "b45fe02aa42d4c7e61bd97ae5596439f6125b0c75fe5f4359300000c7d6c19d5",
                            "rendered": "{\"ignition\":{\"config\":{\"append\":[{\"source\":\"data:text/plain;charset=utf-8;base64,eyJpZ25pdGlvbiI6eyJjb25maWciOnsiYXBwZW5kIjpbeyJzb3VyY2UiOiJodHRwczovL2FwaS1pbnQub2NwNC5ndHNsYWJzLmlibS5jb206MjI2MjMvY29uZmlnL3dvcmtlciIsInZlcmlmaWNhdGlvbiI6e319XX0sInNlY3VyaXR5Ijp7InRscyI6eyJjZXJ0aWZpY2F0ZUF1dGhvcml0aWVzIjpbeyJzb3VyY2UiOiJkYXRhOnRleHQvcGxhaW47Y2hhcnNldD11dGYtODtiYXNlNjQsTFMwdExTMUNSVWRKVGlCRFJWSlVTVVpKUTBGVVJTMHRMUzB0Q2sxSlNVUkZSRU5EUVdacFowRjNTVUpCWjBsSlVUaE1WMVJzU1dOWVFtTjNSRkZaU2t0dldrbG9kbU5PUVZGRlRFSlJRWGRLYWtWVFRVSkJSMEV4VlVVS1EzaE5TbUl6UW14aWJrNXZZVmRhTUUxU1FYZEVaMWxFVmxGUlJFVjNaSGxpTWprd1RGZE9hRTFDTkZoRVZFVTFUVVJuZVUxNlJURk9SRVV3VFRGdldBcEVWRWsxVFVSbmVVMUVSVEZPUkVVd1RURnZkMHBxUlZOTlFrRkhRVEZWUlVONFRVcGlNMEpzWW01T2IyRlhXakJOVWtGM1JHZFpSRlpSVVVSRmQyUjVDbUl5T1RCTVYwNW9UVWxKUWtscVFVNUNaMnR4YUd0cFJ6bDNNRUpCVVVWR1FVRlBRMEZST0VGTlNVbENRMmRMUTBGUlJVRjZZM0YwTVN0bWJ6TTNVR0lLVEc0dlZXaGlhblZ5ZFZKbllUSjZMMWhqYUdNdlJXNXpZMHBHY1U1NlRHaFZlakJ4Vm5SWU1tWlJlVE5xU1hJMU9UY3pVRE5ZZUUxYU1UWm5ZVnB0TUFwelpVMHlXSGwxZDJKcGVDOUJaV0p2VmtGNmJVWjFNVXgyZEhaMVpGcEdSV1I2YWxsa1MxazRkR3h0VDFvNWFTOUpNaTlhUTI1WVQwaHlWM3B4ZDNkWENtRTRkbTkwVGtkaGJHVlVOM1ZNY0dGTWIwSllSSE5aWTJjMmRFVjZUa3cxVDJ0dFRVTTNPRTV2YjFGV04ydEpUVWRWVEVreE1EUkhibWhOVUhSWmMwMEtWVFZvYkdkRlZWQjFibEYzUkZkVk0xVXpjVGRXT1VaUE5Ia3dSbHBPYzI5T1NXMVVSbk5TUlZKSFJIVjVRMjFyYWtzd1dUQmhhRUZrU1ZJd1FsRjFad3BYVmt4cGNIZDVPV2RYTWxGaVpIazRSVFZvUjFScE9UaFRWbUZRTm14UlJ6VkpOR0Z4TUZsT1FtbzJjMnhTSzFoSFdsQmhhRFJMT1dSSFUzaFVTa0pJQ25odmVHWnhNMlk0ZVhkSlJFRlJRVUp2TUVsM1VVUkJUMEpuVGxaSVVUaENRV1k0UlVKQlRVTkJjVkYzUkhkWlJGWlNNRlJCVVVndlFrRlZkMEYzUlVJS0wzcEJaRUpuVGxaSVVUUkZSbWRSVlhoeE9HSkVXakJOZVdWMFJGbzJPVWxtTmpKU1lsbFlTbXcyTUhkRVVWbEtTMjlhU1doMlkwNUJVVVZNUWxGQlJBcG5aMFZDUVVSYWMySm9aVlZKYTI5aGVVaFdPRXhxT0VOcWNVeHVXVmc0TTNOblNGbEhZM2huVlVSaGRuTnJNVFU1V2sxalFqVXpiMk5RZW1RMWJGWndDbEpDZFdwdVZYWlRWblJDV2pCdk5VZGpNVFJUUW5wSkswaHJORzlEWmxsQlVWTkhiMnh0Wm5sd1FVeE9XR2x1TmxGRWNteERSa2gzU3pGUFNsSjRUV3dLTTJJMVUxUkRVVXBzTVVaRWVFTTFObkl2ZEZkcVpESjBZVTF3U1dGQmRVbzJWM05uZGtsdGRrMHdTRmxoTkhWdGVUbGFja05hWWxSMFZFTTFkekpsVlFwcVFqWXphQ3QwUWxZMU1XdFFPRE5wWjFKT1QzWTJXV042VFZCQk0xTndWRzlEWlU5d2MzbHhkVkYwTkRaWWRITlhhVEU1Y1ROb0szQlRjREJWYW1oU0NuTnJSR0pSWkRCdE9FVldXSE5CUVhocVUxb3JiR05uWkRWamFsUlhkRFpDYTNWSkwzVlpPRmRSVmxkcVowRnViMk14UzJkM1J6bFhRVzQ1WlVwbWVtb0tNMUZaVEM4eFltSlJkblJYTkhKcWVUaFhWMUZGUW13M09WVmpQUW90TFMwdExVVk9SQ0JEUlZKVVNVWkpRMEZVUlMwdExTMHRDZz09IiwidmVyaWZpY2F0aW9uIjp7fX1dfX0sInRpbWVvdXRzIjp7fSwidmVyc2lvbiI6IjIuMi4wIn0sIm5ldHdvcmtkIjp7fSwicGFzc3dkIjp7fSwic3RvcmFnZSI6e30sInN5c3RlbWQiOnt9fQo=\",\"verification\":{}}]},\"timeouts\":{},\"version\":\"2.1.0\"},\"networkd\":{},\"passwd\":{},\"storage\":{\"files\":[{\"filesystem\":\"root\",\"group\":{},\"path\":\"/etc/hostname\",\"user\":{},\"contents\":{\"source\":\"data:text/plain;charset=utf-8;base64,Y29tcHV0ZS0w\",\"verification\":{}},\"mode\":420},{\"filesystem\":\"root\",\"group\":{},\"path\":\"/etc/sysconfig/network-scripts/ifcfg-ens192\",\"user\":{},\"contents\":{\"source\":\"data:text/plain;charset=utf-8;base64,VFlQRT1FdGhlcm5ldApCT09UUFJPVE89bm9uZQpOQU1FPWVuczE5MgpERVZJQ0U9ZW5zMTkyCk9OQk9PVD15ZXMKSVBBRERSPTE5Mi4xNjguNjAuMzAKUFJFRklYPTI0CkdBVEVXQVk9MTkyLjE2OC42MC4yNTQKRE9NQUlOPW9jcDQuZ3RzbGFicy5pYm0uY29tCkROUzE9MTkyLjE2OC42MC4yNTQK\",\"verification\":{}},\"mode\":420}]},\"systemd\":{\"units\":[{\"contents\":\"[Unit]\\nConditionFirstBoot=yes\\n[Service]\\nType=idle\\nExecStart=/sbin/reboot\\n[Install]\\nWantedBy=multi-user.target\\n\",\"enabled\":true,\"name\":\"restart.service\"}]}}",
                            "systemd.#": "1",
                            "systemd.0": "2b2088c1732c1d1acffcbbe6386c2952e57ca2903cec0dc24bd4cb0f42abc300"
                        },
                        "meta": {},
                        "tainted": false
                    },
                    "deposed": [],
                    "provider": "provider.ignition"
                },
                "data.ignition_config.ign.1": {
                    "type": "ignition_config",
                    "depends_on": [
                        "data.ignition_file.hostname.*",
                        "data.ignition_file.static_ip.*",
                        "data.ignition_systemd_unit.restart.*",
                        "local.ignition_encoded"
                    ],
                    "primary": {
                        "id": "0ab04bd392daca700b668da5f780654c40700569d2e55c8302e69bc6ebfbff8e",
                        "attributes": {
                            "append.#": "1",
                            "append.0.source": "data:text/plain;charset=utf-8;base64,eyJpZ25pdGlvbiI6eyJjb25maWciOnsiYXBwZW5kIjpbeyJzb3VyY2UiOiJodHRwczovL2FwaS1pbnQub2NwNC5ndHNsYWJzLmlibS5jb206MjI2MjMvY29uZmlnL3dvcmtlciIsInZlcmlmaWNhdGlvbiI6e319XX0sInNlY3VyaXR5Ijp7InRscyI6eyJjZXJ0aWZpY2F0ZUF1dGhvcml0aWVzIjpbeyJzb3VyY2UiOiJkYXRhOnRleHQvcGxhaW47Y2hhcnNldD11dGYtODtiYXNlNjQsTFMwdExTMUNSVWRKVGlCRFJWSlVTVVpKUTBGVVJTMHRMUzB0Q2sxSlNVUkZSRU5EUVdacFowRjNTVUpCWjBsSlVUaE1WMVJzU1dOWVFtTjNSRkZaU2t0dldrbG9kbU5PUVZGRlRFSlJRWGRLYWtWVFRVSkJSMEV4VlVVS1EzaE5TbUl6UW14aWJrNXZZVmRhTUUxU1FYZEVaMWxFVmxGUlJFVjNaSGxpTWprd1RGZE9hRTFDTkZoRVZFVTFUVVJuZVUxNlJURk9SRVV3VFRGdldBcEVWRWsxVFVSbmVVMUVSVEZPUkVVd1RURnZkMHBxUlZOTlFrRkhRVEZWUlVONFRVcGlNMEpzWW01T2IyRlhXakJOVWtGM1JHZFpSRlpSVVVSRmQyUjVDbUl5T1RCTVYwNW9UVWxKUWtscVFVNUNaMnR4YUd0cFJ6bDNNRUpCVVVWR1FVRlBRMEZST0VGTlNVbENRMmRMUTBGUlJVRjZZM0YwTVN0bWJ6TTNVR0lLVEc0dlZXaGlhblZ5ZFZKbllUSjZMMWhqYUdNdlJXNXpZMHBHY1U1NlRHaFZlakJ4Vm5SWU1tWlJlVE5xU1hJMU9UY3pVRE5ZZUUxYU1UWm5ZVnB0TUFwelpVMHlXSGwxZDJKcGVDOUJaV0p2VmtGNmJVWjFNVXgyZEhaMVpGcEdSV1I2YWxsa1MxazRkR3h0VDFvNWFTOUpNaTlhUTI1WVQwaHlWM3B4ZDNkWENtRTRkbTkwVGtkaGJHVlVOM1ZNY0dGTWIwSllSSE5aWTJjMmRFVjZUa3cxVDJ0dFRVTTNPRTV2YjFGV04ydEpUVWRWVEVreE1EUkhibWhOVUhSWmMwMEtWVFZvYkdkRlZWQjFibEYzUkZkVk0xVXpjVGRXT1VaUE5Ia3dSbHBPYzI5T1NXMVVSbk5TUlZKSFJIVjVRMjFyYWtzd1dUQmhhRUZrU1ZJd1FsRjFad3BYVmt4cGNIZDVPV2RYTWxGaVpIazRSVFZvUjFScE9UaFRWbUZRTm14UlJ6VkpOR0Z4TUZsT1FtbzJjMnhTSzFoSFdsQmhhRFJMT1dSSFUzaFVTa0pJQ25odmVHWnhNMlk0ZVhkSlJFRlJRVUp2TUVsM1VVUkJUMEpuVGxaSVVUaENRV1k0UlVKQlRVTkJjVkYzUkhkWlJGWlNNRlJCVVVndlFrRlZkMEYzUlVJS0wzcEJaRUpuVGxaSVVUUkZSbWRSVlhoeE9HSkVXakJOZVdWMFJGbzJPVWxtTmpKU1lsbFlTbXcyTUhkRVVWbEtTMjlhU1doMlkwNUJVVVZNUWxGQlJBcG5aMFZDUVVSYWMySm9aVlZKYTI5aGVVaFdPRXhxT0VOcWNVeHVXVmc0TTNOblNGbEhZM2huVlVSaGRuTnJNVFU1V2sxalFqVXpiMk5RZW1RMWJGWndDbEpDZFdwdVZYWlRWblJDV2pCdk5VZGpNVFJUUW5wSkswaHJORzlEWmxsQlVWTkhiMnh0Wm5sd1FVeE9XR2x1TmxGRWNteERSa2gzU3pGUFNsSjRUV3dLTTJJMVUxUkRVVXBzTVVaRWVFTTFObkl2ZEZkcVpESjBZVTF3U1dGQmRVbzJWM05uZGtsdGRrMHdTRmxoTkhWdGVUbGFja05hWWxSMFZFTTFkekpsVlFwcVFqWXphQ3QwUWxZMU1XdFFPRE5wWjFKT1QzWTJXV042VFZCQk0xTndWRzlEWlU5d2MzbHhkVkYwTkRaWWRITlhhVEU1Y1ROb0szQlRjREJWYW1oU0NuTnJSR0pSWkRCdE9FVldXSE5CUVhocVUxb3JiR05uWkRWamFsUlhkRFpDYTNWSkwzVlpPRmRSVmxkcVowRnViMk14UzJkM1J6bFhRVzQ1WlVwbWVtb0tNMUZaVEM4eFltSlJkblJYTkhKcWVUaFhWMUZGUW13M09WVmpQUW90TFMwdExVVk9SQ0JEUlZKVVNVWkpRMEZVUlMwdExTMHRDZz09IiwidmVyaWZpY2F0aW9uIjp7fX1dfX0sInRpbWVvdXRzIjp7fSwidmVyc2lvbiI6IjIuMi4wIn0sIm5ldHdvcmtkIjp7fSwicGFzc3dkIjp7fSwic3RvcmFnZSI6e30sInN5c3RlbWQiOnt9fQo=",
                            "append.0.verification": "",
                            "files.#": "2",
                            "files.0": "1e97e2d3a67b78b2544f52624b027104ac05fa7935eb463cc91b2a41216a43fe",
                            "files.1": "c3d0cb98f7f464eebc9c0dd4677c9f5fbbac85e3bd0966c5f12722d63778228b",
                            "id": "0ab04bd392daca700b668da5f780654c40700569d2e55c8302e69bc6ebfbff8e",
                            "rendered": "{\"ignition\":{\"config\":{\"append\":[{\"source\":\"data:text/plain;charset=utf-8;base64,eyJpZ25pdGlvbiI6eyJjb25maWciOnsiYXBwZW5kIjpbeyJzb3VyY2UiOiJodHRwczovL2FwaS1pbnQub2NwNC5ndHNsYWJzLmlibS5jb206MjI2MjMvY29uZmlnL3dvcmtlciIsInZlcmlmaWNhdGlvbiI6e319XX0sInNlY3VyaXR5Ijp7InRscyI6eyJjZXJ0aWZpY2F0ZUF1dGhvcml0aWVzIjpbeyJzb3VyY2UiOiJkYXRhOnRleHQvcGxhaW47Y2hhcnNldD11dGYtODtiYXNlNjQsTFMwdExTMUNSVWRKVGlCRFJWSlVTVVpKUTBGVVJTMHRMUzB0Q2sxSlNVUkZSRU5EUVdacFowRjNTVUpCWjBsSlVUaE1WMVJzU1dOWVFtTjNSRkZaU2t0dldrbG9kbU5PUVZGRlRFSlJRWGRLYWtWVFRVSkJSMEV4VlVVS1EzaE5TbUl6UW14aWJrNXZZVmRhTUUxU1FYZEVaMWxFVmxGUlJFVjNaSGxpTWprd1RGZE9hRTFDTkZoRVZFVTFUVVJuZVUxNlJURk9SRVV3VFRGdldBcEVWRWsxVFVSbmVVMUVSVEZPUkVVd1RURnZkMHBxUlZOTlFrRkhRVEZWUlVONFRVcGlNMEpzWW01T2IyRlhXakJOVWtGM1JHZFpSRlpSVVVSRmQyUjVDbUl5T1RCTVYwNW9UVWxKUWtscVFVNUNaMnR4YUd0cFJ6bDNNRUpCVVVWR1FVRlBRMEZST0VGTlNVbENRMmRMUTBGUlJVRjZZM0YwTVN0bWJ6TTNVR0lLVEc0dlZXaGlhblZ5ZFZKbllUSjZMMWhqYUdNdlJXNXpZMHBHY1U1NlRHaFZlakJ4Vm5SWU1tWlJlVE5xU1hJMU9UY3pVRE5ZZUUxYU1UWm5ZVnB0TUFwelpVMHlXSGwxZDJKcGVDOUJaV0p2VmtGNmJVWjFNVXgyZEhaMVpGcEdSV1I2YWxsa1MxazRkR3h0VDFvNWFTOUpNaTlhUTI1WVQwaHlWM3B4ZDNkWENtRTRkbTkwVGtkaGJHVlVOM1ZNY0dGTWIwSllSSE5aWTJjMmRFVjZUa3cxVDJ0dFRVTTNPRTV2YjFGV04ydEpUVWRWVEVreE1EUkhibWhOVUhSWmMwMEtWVFZvYkdkRlZWQjFibEYzUkZkVk0xVXpjVGRXT1VaUE5Ia3dSbHBPYzI5T1NXMVVSbk5TUlZKSFJIVjVRMjFyYWtzd1dUQmhhRUZrU1ZJd1FsRjFad3BYVmt4cGNIZDVPV2RYTWxGaVpIazRSVFZvUjFScE9UaFRWbUZRTm14UlJ6VkpOR0Z4TUZsT1FtbzJjMnhTSzFoSFdsQmhhRFJMT1dSSFUzaFVTa0pJQ25odmVHWnhNMlk0ZVhkSlJFRlJRVUp2TUVsM1VVUkJUMEpuVGxaSVVUaENRV1k0UlVKQlRVTkJjVkYzUkhkWlJGWlNNRlJCVVVndlFrRlZkMEYzUlVJS0wzcEJaRUpuVGxaSVVUUkZSbWRSVlhoeE9HSkVXakJOZVdWMFJGbzJPVWxtTmpKU1lsbFlTbXcyTUhkRVVWbEtTMjlhU1doMlkwNUJVVVZNUWxGQlJBcG5aMFZDUVVSYWMySm9aVlZKYTI5aGVVaFdPRXhxT0VOcWNVeHVXVmc0TTNOblNGbEhZM2huVlVSaGRuTnJNVFU1V2sxalFqVXpiMk5RZW1RMWJGWndDbEpDZFdwdVZYWlRWblJDV2pCdk5VZGpNVFJUUW5wSkswaHJORzlEWmxsQlVWTkhiMnh0Wm5sd1FVeE9XR2x1TmxGRWNteERSa2gzU3pGUFNsSjRUV3dLTTJJMVUxUkRVVXBzTVVaRWVFTTFObkl2ZEZkcVpESjBZVTF3U1dGQmRVbzJWM05uZGtsdGRrMHdTRmxoTkhWdGVUbGFja05hWWxSMFZFTTFkekpsVlFwcVFqWXphQ3QwUWxZMU1XdFFPRE5wWjFKT1QzWTJXV042VFZCQk0xTndWRzlEWlU5d2MzbHhkVkYwTkRaWWRITlhhVEU1Y1ROb0szQlRjREJWYW1oU0NuTnJSR0pSWkRCdE9FVldXSE5CUVhocVUxb3JiR05uWkRWamFsUlhkRFpDYTNWSkwzVlpPRmRSVmxkcVowRnViMk14UzJkM1J6bFhRVzQ1WlVwbWVtb0tNMUZaVEM4eFltSlJkblJYTkhKcWVUaFhWMUZGUW13M09WVmpQUW90TFMwdExVVk9SQ0JEUlZKVVNVWkpRMEZVUlMwdExTMHRDZz09IiwidmVyaWZpY2F0aW9uIjp7fX1dfX0sInRpbWVvdXRzIjp7fSwidmVyc2lvbiI6IjIuMi4wIn0sIm5ldHdvcmtkIjp7fSwicGFzc3dkIjp7fSwic3RvcmFnZSI6e30sInN5c3RlbWQiOnt9fQo=\",\"verification\":{}}]},\"timeouts\":{},\"version\":\"2.1.0\"},\"networkd\":{},\"passwd\":{},\"storage\":{\"files\":[{\"filesystem\":\"root\",\"group\":{},\"path\":\"/etc/hostname\",\"user\":{},\"contents\":{\"source\":\"data:text/plain;charset=utf-8;base64,Y29tcHV0ZS0x\",\"verification\":{}},\"mode\":420},{\"filesystem\":\"root\",\"group\":{},\"path\":\"/etc/sysconfig/network-scripts/ifcfg-ens192\",\"user\":{},\"contents\":{\"source\":\"data:text/plain;charset=utf-8;base64,VFlQRT1FdGhlcm5ldApCT09UUFJPVE89bm9uZQpOQU1FPWVuczE5MgpERVZJQ0U9ZW5zMTkyCk9OQk9PVD15ZXMKSVBBRERSPTE5Mi4xNjguNjAuMzEKUFJFRklYPTI0CkdBVEVXQVk9MTkyLjE2OC42MC4yNTQKRE9NQUlOPW9jcDQuZ3RzbGFicy5pYm0uY29tCkROUzE9MTkyLjE2OC42MC4yNTQK\",\"verification\":{}},\"mode\":420}]},\"systemd\":{\"units\":[{\"contents\":\"[Unit]\\nConditionFirstBoot=yes\\n[Service]\\nType=idle\\nExecStart=/sbin/reboot\\n[Install]\\nWantedBy=multi-user.target\\n\",\"enabled\":true,\"name\":\"restart.service\"}]}}",
                            "systemd.#": "1",
                            "systemd.0": "2b2088c1732c1d1acffcbbe6386c2952e57ca2903cec0dc24bd4cb0f42abc300"
                        },
                        "meta": {},
                        "tainted": false
                    },
                    "deposed": [],
                    "provider": "provider.ignition"
                },
                "data.ignition_config.ign.2": {
                    "type": "ignition_config",
                    "depends_on": [
                        "data.ignition_file.hostname.*",
                        "data.ignition_file.static_ip.*",
                        "data.ignition_systemd_unit.restart.*",
                        "local.ignition_encoded"
                    ],
                    "primary": {
                        "id": "beedee988887e5ce6284d4c841f0cd2daa290c8e8bd25375cb8e5bb33183e1d7",
                        "attributes": {
                            "append.#": "1",
                            "append.0.source": "data:text/plain;charset=utf-8;base64,eyJpZ25pdGlvbiI6eyJjb25maWciOnsiYXBwZW5kIjpbeyJzb3VyY2UiOiJodHRwczovL2FwaS1pbnQub2NwNC5ndHNsYWJzLmlibS5jb206MjI2MjMvY29uZmlnL3dvcmtlciIsInZlcmlmaWNhdGlvbiI6e319XX0sInNlY3VyaXR5Ijp7InRscyI6eyJjZXJ0aWZpY2F0ZUF1dGhvcml0aWVzIjpbeyJzb3VyY2UiOiJkYXRhOnRleHQvcGxhaW47Y2hhcnNldD11dGYtODtiYXNlNjQsTFMwdExTMUNSVWRKVGlCRFJWSlVTVVpKUTBGVVJTMHRMUzB0Q2sxSlNVUkZSRU5EUVdacFowRjNTVUpCWjBsSlVUaE1WMVJzU1dOWVFtTjNSRkZaU2t0dldrbG9kbU5PUVZGRlRFSlJRWGRLYWtWVFRVSkJSMEV4VlVVS1EzaE5TbUl6UW14aWJrNXZZVmRhTUUxU1FYZEVaMWxFVmxGUlJFVjNaSGxpTWprd1RGZE9hRTFDTkZoRVZFVTFUVVJuZVUxNlJURk9SRVV3VFRGdldBcEVWRWsxVFVSbmVVMUVSVEZPUkVVd1RURnZkMHBxUlZOTlFrRkhRVEZWUlVONFRVcGlNMEpzWW01T2IyRlhXakJOVWtGM1JHZFpSRlpSVVVSRmQyUjVDbUl5T1RCTVYwNW9UVWxKUWtscVFVNUNaMnR4YUd0cFJ6bDNNRUpCVVVWR1FVRlBRMEZST0VGTlNVbENRMmRMUTBGUlJVRjZZM0YwTVN0bWJ6TTNVR0lLVEc0dlZXaGlhblZ5ZFZKbllUSjZMMWhqYUdNdlJXNXpZMHBHY1U1NlRHaFZlakJ4Vm5SWU1tWlJlVE5xU1hJMU9UY3pVRE5ZZUUxYU1UWm5ZVnB0TUFwelpVMHlXSGwxZDJKcGVDOUJaV0p2VmtGNmJVWjFNVXgyZEhaMVpGcEdSV1I2YWxsa1MxazRkR3h0VDFvNWFTOUpNaTlhUTI1WVQwaHlWM3B4ZDNkWENtRTRkbTkwVGtkaGJHVlVOM1ZNY0dGTWIwSllSSE5aWTJjMmRFVjZUa3cxVDJ0dFRVTTNPRTV2YjFGV04ydEpUVWRWVEVreE1EUkhibWhOVUhSWmMwMEtWVFZvYkdkRlZWQjFibEYzUkZkVk0xVXpjVGRXT1VaUE5Ia3dSbHBPYzI5T1NXMVVSbk5TUlZKSFJIVjVRMjFyYWtzd1dUQmhhRUZrU1ZJd1FsRjFad3BYVmt4cGNIZDVPV2RYTWxGaVpIazRSVFZvUjFScE9UaFRWbUZRTm14UlJ6VkpOR0Z4TUZsT1FtbzJjMnhTSzFoSFdsQmhhRFJMT1dSSFUzaFVTa0pJQ25odmVHWnhNMlk0ZVhkSlJFRlJRVUp2TUVsM1VVUkJUMEpuVGxaSVVUaENRV1k0UlVKQlRVTkJjVkYzUkhkWlJGWlNNRlJCVVVndlFrRlZkMEYzUlVJS0wzcEJaRUpuVGxaSVVUUkZSbWRSVlhoeE9HSkVXakJOZVdWMFJGbzJPVWxtTmpKU1lsbFlTbXcyTUhkRVVWbEtTMjlhU1doMlkwNUJVVVZNUWxGQlJBcG5aMFZDUVVSYWMySm9aVlZKYTI5aGVVaFdPRXhxT0VOcWNVeHVXVmc0TTNOblNGbEhZM2huVlVSaGRuTnJNVFU1V2sxalFqVXpiMk5RZW1RMWJGWndDbEpDZFdwdVZYWlRWblJDV2pCdk5VZGpNVFJUUW5wSkswaHJORzlEWmxsQlVWTkhiMnh0Wm5sd1FVeE9XR2x1TmxGRWNteERSa2gzU3pGUFNsSjRUV3dLTTJJMVUxUkRVVXBzTVVaRWVFTTFObkl2ZEZkcVpESjBZVTF3U1dGQmRVbzJWM05uZGtsdGRrMHdTRmxoTkhWdGVUbGFja05hWWxSMFZFTTFkekpsVlFwcVFqWXphQ3QwUWxZMU1XdFFPRE5wWjFKT1QzWTJXV042VFZCQk0xTndWRzlEWlU5d2MzbHhkVkYwTkRaWWRITlhhVEU1Y1ROb0szQlRjREJWYW1oU0NuTnJSR0pSWkRCdE9FVldXSE5CUVhocVUxb3JiR05uWkRWamFsUlhkRFpDYTNWSkwzVlpPRmRSVmxkcVowRnViMk14UzJkM1J6bFhRVzQ1WlVwbWVtb0tNMUZaVEM4eFltSlJkblJYTkhKcWVUaFhWMUZGUW13M09WVmpQUW90TFMwdExVVk9SQ0JEUlZKVVNVWkpRMEZVUlMwdExTMHRDZz09IiwidmVyaWZpY2F0aW9uIjp7fX1dfX0sInRpbWVvdXRzIjp7fSwidmVyc2lvbiI6IjIuMi4wIn0sIm5ldHdvcmtkIjp7fSwicGFzc3dkIjp7fSwic3RvcmFnZSI6e30sInN5c3RlbWQiOnt9fQo=",
                            "append.0.verification": "",
                            "files.#": "2",
                            "files.0": "cca261ede34b98f5c327426e47fdd9c2fc9b13a98b79d2754c64af648a2c0bb7",
                            "files.1": "0e31e1e758ba37e26666507c1624edd0562d564312a0953a80ac9cdda5a11a4f",
                            "id": "beedee988887e5ce6284d4c841f0cd2daa290c8e8bd25375cb8e5bb33183e1d7",
                            "rendered": "{\"ignition\":{\"config\":{\"append\":[{\"source\":\"data:text/plain;charset=utf-8;base64,eyJpZ25pdGlvbiI6eyJjb25maWciOnsiYXBwZW5kIjpbeyJzb3VyY2UiOiJodHRwczovL2FwaS1pbnQub2NwNC5ndHNsYWJzLmlibS5jb206MjI2MjMvY29uZmlnL3dvcmtlciIsInZlcmlmaWNhdGlvbiI6e319XX0sInNlY3VyaXR5Ijp7InRscyI6eyJjZXJ0aWZpY2F0ZUF1dGhvcml0aWVzIjpbeyJzb3VyY2UiOiJkYXRhOnRleHQvcGxhaW47Y2hhcnNldD11dGYtODtiYXNlNjQsTFMwdExTMUNSVWRKVGlCRFJWSlVTVVpKUTBGVVJTMHRMUzB0Q2sxSlNVUkZSRU5EUVdacFowRjNTVUpCWjBsSlVUaE1WMVJzU1dOWVFtTjNSRkZaU2t0dldrbG9kbU5PUVZGRlRFSlJRWGRLYWtWVFRVSkJSMEV4VlVVS1EzaE5TbUl6UW14aWJrNXZZVmRhTUUxU1FYZEVaMWxFVmxGUlJFVjNaSGxpTWprd1RGZE9hRTFDTkZoRVZFVTFUVVJuZVUxNlJURk9SRVV3VFRGdldBcEVWRWsxVFVSbmVVMUVSVEZPUkVVd1RURnZkMHBxUlZOTlFrRkhRVEZWUlVONFRVcGlNMEpzWW01T2IyRlhXakJOVWtGM1JHZFpSRlpSVVVSRmQyUjVDbUl5T1RCTVYwNW9UVWxKUWtscVFVNUNaMnR4YUd0cFJ6bDNNRUpCVVVWR1FVRlBRMEZST0VGTlNVbENRMmRMUTBGUlJVRjZZM0YwTVN0bWJ6TTNVR0lLVEc0dlZXaGlhblZ5ZFZKbllUSjZMMWhqYUdNdlJXNXpZMHBHY1U1NlRHaFZlakJ4Vm5SWU1tWlJlVE5xU1hJMU9UY3pVRE5ZZUUxYU1UWm5ZVnB0TUFwelpVMHlXSGwxZDJKcGVDOUJaV0p2VmtGNmJVWjFNVXgyZEhaMVpGcEdSV1I2YWxsa1MxazRkR3h0VDFvNWFTOUpNaTlhUTI1WVQwaHlWM3B4ZDNkWENtRTRkbTkwVGtkaGJHVlVOM1ZNY0dGTWIwSllSSE5aWTJjMmRFVjZUa3cxVDJ0dFRVTTNPRTV2YjFGV04ydEpUVWRWVEVreE1EUkhibWhOVUhSWmMwMEtWVFZvYkdkRlZWQjFibEYzUkZkVk0xVXpjVGRXT1VaUE5Ia3dSbHBPYzI5T1NXMVVSbk5TUlZKSFJIVjVRMjFyYWtzd1dUQmhhRUZrU1ZJd1FsRjFad3BYVmt4cGNIZDVPV2RYTWxGaVpIazRSVFZvUjFScE9UaFRWbUZRTm14UlJ6VkpOR0Z4TUZsT1FtbzJjMnhTSzFoSFdsQmhhRFJMT1dSSFUzaFVTa0pJQ25odmVHWnhNMlk0ZVhkSlJFRlJRVUp2TUVsM1VVUkJUMEpuVGxaSVVUaENRV1k0UlVKQlRVTkJjVkYzUkhkWlJGWlNNRlJCVVVndlFrRlZkMEYzUlVJS0wzcEJaRUpuVGxaSVVUUkZSbWRSVlhoeE9HSkVXakJOZVdWMFJGbzJPVWxtTmpKU1lsbFlTbXcyTUhkRVVWbEtTMjlhU1doMlkwNUJVVVZNUWxGQlJBcG5aMFZDUVVSYWMySm9aVlZKYTI5aGVVaFdPRXhxT0VOcWNVeHVXVmc0TTNOblNGbEhZM2huVlVSaGRuTnJNVFU1V2sxalFqVXpiMk5RZW1RMWJGWndDbEpDZFdwdVZYWlRWblJDV2pCdk5VZGpNVFJUUW5wSkswaHJORzlEWmxsQlVWTkhiMnh0Wm5sd1FVeE9XR2x1TmxGRWNteERSa2gzU3pGUFNsSjRUV3dLTTJJMVUxUkRVVXBzTVVaRWVFTTFObkl2ZEZkcVpESjBZVTF3U1dGQmRVbzJWM05uZGtsdGRrMHdTRmxoTkhWdGVUbGFja05hWWxSMFZFTTFkekpsVlFwcVFqWXphQ3QwUWxZMU1XdFFPRE5wWjFKT1QzWTJXV042VFZCQk0xTndWRzlEWlU5d2MzbHhkVkYwTkRaWWRITlhhVEU1Y1ROb0szQlRjREJWYW1oU0NuTnJSR0pSWkRCdE9FVldXSE5CUVhocVUxb3JiR05uWkRWamFsUlhkRFpDYTNWSkwzVlpPRmRSVmxkcVowRnViMk14UzJkM1J6bFhRVzQ1WlVwbWVtb0tNMUZaVEM4eFltSlJkblJYTkhKcWVUaFhWMUZGUW13M09WVmpQUW90TFMwdExVVk9SQ0JEUlZKVVNVWkpRMEZVUlMwdExTMHRDZz09IiwidmVyaWZpY2F0aW9uIjp7fX1dfX0sInRpbWVvdXRzIjp7fSwidmVyc2lvbiI6IjIuMi4wIn0sIm5ldHdvcmtkIjp7fSwicGFzc3dkIjp7fSwic3RvcmFnZSI6e30sInN5c3RlbWQiOnt9fQo=\",\"verification\":{}}]},\"timeouts\":{},\"version\":\"2.1.0\"},\"networkd\":{},\"passwd\":{},\"storage\":{\"files\":[{\"filesystem\":\"root\",\"group\":{},\"path\":\"/etc/hostname\",\"user\":{},\"contents\":{\"source\":\"data:text/plain;charset=utf-8;base64,Y29tcHV0ZS0y\",\"verification\":{}},\"mode\":420},{\"filesystem\":\"root\",\"group\":{},\"path\":\"/etc/sysconfig/network-scripts/ifcfg-ens192\",\"user\":{},\"contents\":{\"source\":\"data:text/plain;charset=utf-8;base64,VFlQRT1FdGhlcm5ldApCT09UUFJPVE89bm9uZQpOQU1FPWVuczE5MgpERVZJQ0U9ZW5zMTkyCk9OQk9PVD15ZXMKSVBBRERSPTE5Mi4xNjguNjAuMzIKUFJFRklYPTI0CkdBVEVXQVk9MTkyLjE2OC42MC4yNTQKRE9NQUlOPW9jcDQuZ3RzbGFicy5pYm0uY29tCkROUzE9MTkyLjE2OC42MC4yNTQK\",\"verification\":{}},\"mode\":420}]},\"systemd\":{\"units\":[{\"contents\":\"[Unit]\\nConditionFirstBoot=yes\\n[Service]\\nType=idle\\nExecStart=/sbin/reboot\\n[Install]\\nWantedBy=multi-user.target\\n\",\"enabled\":true,\"name\":\"restart.service\"}]}}",
                            "systemd.#": "1",
                            "systemd.0": "2b2088c1732c1d1acffcbbe6386c2952e57ca2903cec0dc24bd4cb0f42abc300"
                        },
                        "meta": {},
                        "tainted": false
                    },
                    "deposed": [],
                    "provider": "provider.ignition"
                },
                "data.ignition_file.hostname.0": {
                    "type": "ignition_file",
                    "depends_on": [],
                    "primary": {
                        "id": "37cb0d6ae78c6a1605286cc8070f084949a99933a4320e111c37cf31e79127f7",
                        "attributes": {
                            "content.#": "1",
                            "content.0.content": "compute-0",
                            "content.0.mime": "text/plain",
                            "filesystem": "root",
                            "id": "37cb0d6ae78c6a1605286cc8070f084949a99933a4320e111c37cf31e79127f7",
                            "mode": "420",
                            "path": "/etc/hostname"
                        },
                        "meta": {},
                        "tainted": false
                    },
                    "deposed": [],
                    "provider": "provider.ignition"
                },
                "data.ignition_file.hostname.1": {
                    "type": "ignition_file",
                    "depends_on": [],
                    "primary": {
                        "id": "1e97e2d3a67b78b2544f52624b027104ac05fa7935eb463cc91b2a41216a43fe",
                        "attributes": {
                            "content.#": "1",
                            "content.0.content": "compute-1",
                            "content.0.mime": "text/plain",
                            "filesystem": "root",
                            "id": "1e97e2d3a67b78b2544f52624b027104ac05fa7935eb463cc91b2a41216a43fe",
                            "mode": "420",
                            "path": "/etc/hostname"
                        },
                        "meta": {},
                        "tainted": false
                    },
                    "deposed": [],
                    "provider": "provider.ignition"
                },
                "data.ignition_file.hostname.2": {
                    "type": "ignition_file",
                    "depends_on": [],
                    "primary": {
                        "id": "cca261ede34b98f5c327426e47fdd9c2fc9b13a98b79d2754c64af648a2c0bb7",
                        "attributes": {
                            "content.#": "1",
                            "content.0.content": "compute-2",
                            "content.0.mime": "text/plain",
                            "filesystem": "root",
                            "id": "cca261ede34b98f5c327426e47fdd9c2fc9b13a98b79d2754c64af648a2c0bb7",
                            "mode": "420",
                            "path": "/etc/hostname"
                        },
                        "meta": {},
                        "tainted": false
                    },
                    "deposed": [],
                    "provider": "provider.ignition"
                },
                "data.ignition_file.static_ip.0": {
                    "type": "ignition_file",
                    "depends_on": [
                        "local.gw",
                        "local.ip_addresses",
                        "local.mask"
                    ],
                    "primary": {
                        "id": "c928ee7e95cfe522163876a134115b83f3ab94129ea659ca84f0d389d7e19735",
                        "attributes": {
                            "content.#": "1",
                            "content.0.content": "TYPE=Ethernet\nBOOTPROTO=none\nNAME=ens192\nDEVICE=ens192\nONBOOT=yes\nIPADDR=192.168.60.30\nPREFIX=24\nGATEWAY=192.168.60.254\nDOMAIN=ocp4.gtslabs.ibm.com\nDNS1=192.168.60.254\n",
                            "content.0.mime": "text/plain",
                            "filesystem": "root",
                            "id": "c928ee7e95cfe522163876a134115b83f3ab94129ea659ca84f0d389d7e19735",
                            "mode": "420",
                            "path": "/etc/sysconfig/network-scripts/ifcfg-ens192"
                        },
                        "meta": {},
                        "tainted": false
                    },
                    "deposed": [],
                    "provider": "provider.ignition"
                },
                "data.ignition_file.static_ip.1": {
                    "type": "ignition_file",
                    "depends_on": [
                        "local.gw",
                        "local.ip_addresses",
                        "local.mask"
                    ],
                    "primary": {
                        "id": "c3d0cb98f7f464eebc9c0dd4677c9f5fbbac85e3bd0966c5f12722d63778228b",
                        "attributes": {
                            "content.#": "1",
                            "content.0.content": "TYPE=Ethernet\nBOOTPROTO=none\nNAME=ens192\nDEVICE=ens192\nONBOOT=yes\nIPADDR=192.168.60.31\nPREFIX=24\nGATEWAY=192.168.60.254\nDOMAIN=ocp4.gtslabs.ibm.com\nDNS1=192.168.60.254\n",
                            "content.0.mime": "text/plain",
                            "filesystem": "root",
                            "id": "c3d0cb98f7f464eebc9c0dd4677c9f5fbbac85e3bd0966c5f12722d63778228b",
                            "mode": "420",
                            "path": "/etc/sysconfig/network-scripts/ifcfg-ens192"
                        },
                        "meta": {},
                        "tainted": false
                    },
                    "deposed": [],
                    "provider": "provider.ignition"
                },
                "data.ignition_file.static_ip.2": {
                    "type": "ignition_file",
                    "depends_on": [
                        "local.gw",
                        "local.ip_addresses",
                        "local.mask"
                    ],
                    "primary": {
                        "id": "0e31e1e758ba37e26666507c1624edd0562d564312a0953a80ac9cdda5a11a4f",
                        "attributes": {
                            "content.#": "1",
                            "content.0.content": "TYPE=Ethernet\nBOOTPROTO=none\nNAME=ens192\nDEVICE=ens192\nONBOOT=yes\nIPADDR=192.168.60.32\nPREFIX=24\nGATEWAY=192.168.60.254\nDOMAIN=ocp4.gtslabs.ibm.com\nDNS1=192.168.60.254\n",
                            "content.0.mime": "text/plain",
                            "filesystem": "root",
                            "id": "0e31e1e758ba37e26666507c1624edd0562d564312a0953a80ac9cdda5a11a4f",
                            "mode": "420",
                            "path": "/etc/sysconfig/network-scripts/ifcfg-ens192"
                        },
                        "meta": {},
                        "tainted": false
                    },
                    "deposed": [],
                    "provider": "provider.ignition"
                },
                "data.ignition_systemd_unit.restart.0": {
                    "type": "ignition_systemd_unit",
                    "depends_on": [],
                    "primary": {
                        "id": "2b2088c1732c1d1acffcbbe6386c2952e57ca2903cec0dc24bd4cb0f42abc300",
                        "attributes": {
                            "content": "[Unit]\nConditionFirstBoot=yes\n[Service]\nType=idle\nExecStart=/sbin/reboot\n[Install]\nWantedBy=multi-user.target\n",
                            "enabled": "true",
                            "id": "2b2088c1732c1d1acffcbbe6386c2952e57ca2903cec0dc24bd4cb0f42abc300",
                            "name": "restart.service"
                        },
                        "meta": {},
                        "tainted": false
                    },
                    "deposed": [],
                    "provider": "provider.ignition"
                },
                "data.ignition_systemd_unit.restart.1": {
                    "type": "ignition_systemd_unit",
                    "depends_on": [],
                    "primary": {
                        "id": "2b2088c1732c1d1acffcbbe6386c2952e57ca2903cec0dc24bd4cb0f42abc300",
                        "attributes": {
                            "content": "[Unit]\nConditionFirstBoot=yes\n[Service]\nType=idle\nExecStart=/sbin/reboot\n[Install]\nWantedBy=multi-user.target\n",
                            "enabled": "true",
                            "id": "2b2088c1732c1d1acffcbbe6386c2952e57ca2903cec0dc24bd4cb0f42abc300",
                            "name": "restart.service"
                        },
                        "meta": {},
                        "tainted": false
                    },
                    "deposed": [],
                    "provider": "provider.ignition"
                },
                "data.ignition_systemd_unit.restart.2": {
                    "type": "ignition_systemd_unit",
                    "depends_on": [],
                    "primary": {
                        "id": "2b2088c1732c1d1acffcbbe6386c2952e57ca2903cec0dc24bd4cb0f42abc300",
                        "attributes": {
                            "content": "[Unit]\nConditionFirstBoot=yes\n[Service]\nType=idle\nExecStart=/sbin/reboot\n[Install]\nWantedBy=multi-user.target\n",
                            "enabled": "true",
                            "id": "2b2088c1732c1d1acffcbbe6386c2952e57ca2903cec0dc24bd4cb0f42abc300",
                            "name": "restart.service"
                        },
                        "meta": {},
                        "tainted": false
                    },
                    "deposed": [],
                    "provider": "provider.ignition"
                },
                "data.vsphere_datastore.datastore": {
                    "type": "vsphere_datastore",
                    "depends_on": [],
                    "primary": {
                        "id": "datastore-12",
                        "attributes": {
                            "datacenter_id": "datacenter-2",
                            "id": "datastore-12",
                            "name": "vsanDatastore"
                        },
                        "meta": {},
                        "tainted": false
                    },
                    "deposed": [],
                    "provider": "provider.vsphere"
                },
                "data.vsphere_network.network": {
                    "type": "vsphere_network",
                    "depends_on": [],
                    "primary": {
                        "id": "dvportgroup-243",
                        "attributes": {
                            "datacenter_id": "datacenter-2",
                            "id": "dvportgroup-243",
                            "name": "vxw-dvs-24-virtualwire-8-sid-6006-ocp-platform-network",
                            "type": "DistributedVirtualPortgroup"
                        },
                        "meta": {},
                        "tainted": false
                    },
                    "deposed": [],
                    "provider": "provider.vsphere"
                },
                "data.vsphere_virtual_machine.template": {
                    "type": "vsphere_virtual_machine",
                    "depends_on": [],
                    "primary": {
                        "id": "42161048-3c18-d100-7a14-fd5e75f3c7a5",
                        "attributes": {
                            "alternate_guest_name": "",
                            "datacenter_id": "datacenter-2",
                            "disks.#": "1",
                            "disks.0.eagerly_scrub": "false",
                            "disks.0.size": "16",
                            "disks.0.thin_provisioned": "true",
                            "firmware": "bios",
                            "guest_id": "other26xLinux64Guest",
                            "id": "42161048-3c18-d100-7a14-fd5e75f3c7a5",
                            "name": "rhcos-latest",
                            "network_interface_types.#": "1",
                            "network_interface_types.0": "vmxnet3",
                            "scsi_bus_sharing": "noSharing",
                            "scsi_controller_scan_count": "1",
                            "scsi_type": "pvscsi"
                        },
                        "meta": {},
                        "tainted": false
                    },
                    "deposed": [],
                    "provider": "provider.vsphere"
                },
                "vsphere_virtual_machine.vm.0": {
                    "type": "vsphere_virtual_machine",
                    "depends_on": [
                        "data.ignition_config.ign.*",
                        "data.vsphere_datastore.datastore",
                        "data.vsphere_network.network",
                        "data.vsphere_virtual_machine.template"
                    ],
                    "primary": {
                        "id": "4216e3c2-2d91-0cb8-43c7-e6d7baeea81d",
                        "attributes": {
                            "alternate_guest_name": "",
                            "annotation": "",
                            "boot_delay": "0",
                            "boot_retry_delay": "10000",
                            "boot_retry_enabled": "false",
                            "cdrom.#": "0",
                            "change_version": "2019-08-24T01:56:32.955162Z",
                            "clone.#": "1",
                            "clone.0.customize.#": "0",
                            "clone.0.linked_clone": "false",
                            "clone.0.template_uuid": "42161048-3c18-d100-7a14-fd5e75f3c7a5",
                            "clone.0.timeout": "30",
                            "cpu_hot_add_enabled": "false",
                            "cpu_hot_remove_enabled": "false",
                            "cpu_limit": "-1",
                            "cpu_performance_counters_enabled": "false",
                            "cpu_reservation": "0",
                            "cpu_share_count": "4000",
                            "cpu_share_level": "normal",
                            "custom_attributes.%": "0",
                            "datastore_id": "datastore-12",
                            "disk.#": "1",
                            "disk.0.attach": "false",
                            "disk.0.datastore_id": "datastore-12",
                            "disk.0.device_address": "scsi:0:0",
                            "disk.0.disk_mode": "persistent",
                            "disk.0.disk_sharing": "sharingNone",
                            "disk.0.eagerly_scrub": "false",
                            "disk.0.io_limit": "-1",
                            "disk.0.io_reservation": "0",
                            "disk.0.io_share_count": "1000",
                            "disk.0.io_share_level": "normal",
                            "disk.0.keep_on_remove": "false",
                            "disk.0.key": "2000",
                            "disk.0.label": "disk0",
                            "disk.0.name": "",
                            "disk.0.path": "2f99605d-2ac7-1976-43ff-0cc47aa46960/compute-0.vmdk",
                            "disk.0.size": "60",
                            "disk.0.thin_provisioned": "true",
                            "disk.0.unit_number": "0",
                            "disk.0.uuid": "6000C292-9536-625c-1e22-fffa5967b5a1",
                            "disk.0.write_through": "false",
                            "efi_secure_boot_enabled": "false",
                            "enable_disk_uuid": "true",
                            "enable_logging": "false",
                            "ept_rvi_mode": "automatic",
                            "extra_config.%": "0",
                            "firmware": "bios",
                            "folder": "ocp4",
                            "force_power_off": "true",
                            "guest_id": "other26xLinux64Guest",
                            "guest_ip_addresses.#": "0",
                            "host_system_id": "host-19",
                            "hv_mode": "hvAuto",
                            "id": "4216e3c2-2d91-0cb8-43c7-e6d7baeea81d",
                            "latency_sensitivity": "normal",
                            "memory": "8192",
                            "memory_hot_add_enabled": "false",
                            "memory_limit": "-1",
                            "memory_reservation": "0",
                            "memory_share_count": "81920",
                            "memory_share_level": "normal",
                            "migrate_wait_timeout": "30",
                            "moid": "vm-508",
                            "name": "compute-0",
                            "nested_hv_enabled": "false",
                            "network_interface.#": "1",
                            "network_interface.0.adapter_type": "vmxnet3",
                            "network_interface.0.bandwidth_limit": "-1",
                            "network_interface.0.bandwidth_reservation": "0",
                            "network_interface.0.bandwidth_share_count": "50",
                            "network_interface.0.bandwidth_share_level": "normal",
                            "network_interface.0.device_address": "pci:0:7",
                            "network_interface.0.key": "4000",
                            "network_interface.0.mac_address": "00:50:56:96:86:81",
                            "network_interface.0.network_id": "dvportgroup-243",
                            "network_interface.0.use_static_mac": "false",
                            "num_cores_per_socket": "1",
                            "num_cpus": "4",
                            "reboot_required": "false",
                            "resource_pool_id": "resgroup-501",
                            "run_tools_scripts_after_power_on": "true",
                            "run_tools_scripts_after_resume": "true",
                            "run_tools_scripts_before_guest_reboot": "false",
                            "run_tools_scripts_before_guest_shutdown": "true",
                            "run_tools_scripts_before_guest_standby": "true",
                            "scsi_bus_sharing": "noSharing",
                            "scsi_controller_count": "1",
                            "scsi_type": "pvscsi",
                            "shutdown_wait_timeout": "3",
                            "swap_placement_policy": "inherit",
                            "sync_time_with_host": "false",
                            "tags.#": "0",
                            "uuid": "4216e3c2-2d91-0cb8-43c7-e6d7baeea81d",
                            "vapp.#": "1",
                            "vapp.0.properties.%": "2",
                            "vapp.0.properties.guestinfo.ignition.config.data": "eyJpZ25pdGlvbiI6eyJjb25maWciOnsiYXBwZW5kIjpbeyJzb3VyY2UiOiJkYXRhOnRleHQvcGxhaW47Y2hhcnNldD11dGYtODtiYXNlNjQsZXlKcFoyNXBkR2x2YmlJNmV5SmpiMjVtYVdjaU9uc2lZWEJ3Wlc1a0lqcGJleUp6YjNWeVkyVWlPaUpvZEhSd2N6b3ZMMkZ3YVMxcGJuUXViMk53TkM1bmRITnNZV0p6TG1saWJTNWpiMjA2TWpJMk1qTXZZMjl1Wm1sbkwzZHZjbXRsY2lJc0luWmxjbWxtYVdOaGRHbHZiaUk2ZTMxOVhYMHNJbk5sWTNWeWFYUjVJanA3SW5Sc2N5STZleUpqWlhKMGFXWnBZMkYwWlVGMWRHaHZjbWwwYVdWeklqcGJleUp6YjNWeVkyVWlPaUprWVhSaE9uUmxlSFF2Y0d4aGFXNDdZMmhoY25ObGREMTFkR1l0T0R0aVlYTmxOalFzVEZNd2RFeFRNVU5TVldSS1ZHbENSRkpXU2xWVFZWcEtVVEJHVlZKVE1IUk1VekIwUTJzeFNsTlZVa1pTUlU1RVVWZGFjRm93UmpOVFZVcENXakJzU2xWVWFFMVdNVkp6VTFkT1dWRnRUak5TUmtaYVUydDBkbGRyYkc5a2JVNVBVVlpHUmxSRlNsSlJXR1JMWVd0V1ZGUlZTa0pTTUVWNFZsVlZTMUV6YUU1VGJVbDZVVzE0YVdKck5YWlpWbVJoVFVVeFUxRllaRVZhTVd4RlZteEdVbEpGVmpOYVNHeHBUV3ByZDFSR1pFOWhSVEZEVGtab1JWWkZWVEZVVlZKdVpWVXhObEpVUms5U1JWVjNWRlJHZGxkQmNFVldSV3N4VkZWU2JtVlZNVVZTVkVaUFVrVlZkMVJVUm5aa01IQnhVbFpPVGxGclJraFJWRVpXVWxWT05GUlZjR2xOTUVweldXMDFUMkl5UmxoWGFrSk9WV3RHTTFKSFpGcFNSbHBTVlZWU1JtUXlValZEYlVsNVQxUkNUVll3Tlc5VVZXeEtVV3RzY1ZGVk5VTmFNblI0WVVkMGNGSjZiRE5OUlVwQ1ZWVldSMUZWUmxCUk1FWlNUMFZHVGxOVmJFTlJNbVJNVVRCR1VsSlZSalpaTTBZd1RWTjBiV0o2VFROVlIwbExWRWMwZGxaWGFHbGhibFo1WkZaS2JsbFVTalpNTVdocVlVZE5kbEpYTlhwWk1IQkhZMVUxTmxSSGFGWmxha0o0Vm01U1dVMXRXbEpsVkU1eFUxaEpNVTlVWTNwVlJFNVpaVVV4WVUxVVdtNVpWbkIwVFVGd2VscFZNSGxYU0d3eFpESktjR1ZET1VKYVYwcDJWbXRHTm1KVldqRk5WWGd5WkVoYU1WcEdjRWRTVjFJMllXeHNhMU14YXpSa1IzaDBWREZ2TldGVE9VcE5hVGxoVVRJMVdWUXdhSGxXTTNCNFpETmtXRU50UlRSa2JUa3dWR3RrYUdKSFZsVk9NMVpOWTBkR1RXSXdTbGxTU0U1YVdUSmpNbVJGVmpaVWEzY3hWREowZEZSVlRUTlBSVFYyWWpGR1YwNHlkRXBVVldSV1ZFVnJlRTFFVWtoaWJXaE9WVWhTV21Nd01FdFdWRlp2WWtka1JsWldRakZpYkVZelVrWmtWazB4VlhwalZHUlhUMVZhVUU1SWEzZFNiSEJQWXpJNVQxTlhNVlZTYms1VFVsWktTRkpJVmpWUk1qRnlZV3R6ZDFkVVFtaGhSVVpyVTFaSmQxRnNSakZhZDNCWVZtdDRjR05JWkRWUFYyUllUV3hHYVZwSWF6UlNWRlp2VWpGU2NFOVVhRlJXYlVaUlRtMTRVbEo2VmtwT1IwWjRUVVpzVDFGdGJ6SmpNbmhUU3pGb1NGZHNRbWhoUkZKTVQxZFNTRlV6YUZWVGEwcEpRMjVvZG1WSFduaE5NbGswWlZoa1NsSkZSbEpSVlVwMlRVVnNNMVZWVWtKVU1FcHVWR3hhU1ZWVWFFTlJWMWswVWxWS1FsUlZUa0pqVmtZelVraGtXbEpHV2xOTlJsSkNWVlZuZGxGclJsWmtNRVl6VWxWSlMwd3pjRUphUlVwdVZHeGFTVlZVVWtaU2JXUlNWbGhvZUU5SFNrVlhha0pPWlZkV01GSkdiekpQVld4dFRtcEtVMWxzYkZsVGJYY3lUVWhrUlZWV2JFdFRNamxoVTFkb01sa3dOVUpWVlZaTlVXeEdRbEpCY0c1YU1GWkRVVlZTWVdNeVNtOWFWbFpLWVRJNWFHVlZhRmRQUlhoeFQwVk9jV05WZUhWWFZtYzBUVE5PYmxOR2JFaFpNMmh1VmxWU2FHUnVUbkpOVkZVMVYyc3hhbEZxVlhwaU1rNVJaVzFSTVdKR1duZERiRXBEWkZkd2RWWllXbFJXYmxKRFYycENkazVWWkdwTlZGSlVVVzV3U2tzd2FISk9SemxFV214c1FsVldUa2hpTW5oMFdtNXNkMUZWZUU5WFIyeDFUbXhHUldOdGVFUlNhMmd6VTNwR1VGTnNTalJVVjNkTFRUSkpNVlV4VWtSVlZYQnpUVlZhUldWRlRURk9ia2wyWkVaa2NWcEVTakJaVlRGM1UxZEdRbVJWYnpKV00wNXVaR3RzZEdSck1IZFRSbXhvVGtoV2RHVlViR0ZqYTA1aFdXeFNNRlpGVFRGa2VrcHNWbEZ3Y1ZGcVdYcGhRM1F3VVd4Wk1VMVhkRkZQUkU1d1dqRktUMVF6V1RKWFYwNDJWRlpDUWsweFRuZFdSemxFV2xVNWQyTXpiSGhrVmtZd1RrUmFXV1JJVGxoaFZFVTFZMVJPYjBzelFsUmpSRUpXWVcxb1UwTnVUbkpTUjBwU1drUkNkRTlGVmxkWFNFNUNVVmhvY1ZVeGIzSmlSMDV1V2tSV2FtRnNVbGhrUkZwRFlUTldTa3d6VmxwUFJtUlNWbXhrY1Zvd1JuVmlNazE0VXpKa00xSjZiRmhSVnpRMVdsVndiV1Z0YjB0Tk1VWmFWRU00ZUZsdFNsSmtibEpZVGtoS2NXVlVhRmhXTVVaR1VXMTNNMDlXVm1wUVVXOTBURk13ZEV4VlZrOVNRMEpFVWxaS1ZWTlZXa3BSTUVaVlVsTXdkRXhUTUhSRFp6MDlJaXdpZG1WeWFXWnBZMkYwYVc5dUlqcDdmWDFkZlgwc0luUnBiV1Z2ZFhSeklqcDdmU3dpZG1WeWMybHZiaUk2SWpJdU1pNHdJbjBzSW01bGRIZHZjbXRrSWpwN2ZTd2ljR0Z6YzNka0lqcDdmU3dpYzNSdmNtRm5aU0k2ZTMwc0luTjVjM1JsYldRaU9udDlmUW89IiwidmVyaWZpY2F0aW9uIjp7fX1dfSwidGltZW91dHMiOnt9LCJ2ZXJzaW9uIjoiMi4xLjAifSwibmV0d29ya2QiOnt9LCJwYXNzd2QiOnt9LCJzdG9yYWdlIjp7ImZpbGVzIjpbeyJmaWxlc3lzdGVtIjoicm9vdCIsImdyb3VwIjp7fSwicGF0aCI6Ii9ldGMvaG9zdG5hbWUiLCJ1c2VyIjp7fSwiY29udGVudHMiOnsic291cmNlIjoiZGF0YTp0ZXh0L3BsYWluO2NoYXJzZXQ9dXRmLTg7YmFzZTY0LFkyOXRjSFYwWlMwdyIsInZlcmlmaWNhdGlvbiI6e319LCJtb2RlIjo0MjB9LHsiZmlsZXN5c3RlbSI6InJvb3QiLCJncm91cCI6e30sInBhdGgiOiIvZXRjL3N5c2NvbmZpZy9uZXR3b3JrLXNjcmlwdHMvaWZjZmctZW5zMTkyIiwidXNlciI6e30sImNvbnRlbnRzIjp7InNvdXJjZSI6ImRhdGE6dGV4dC9wbGFpbjtjaGFyc2V0PXV0Zi04O2Jhc2U2NCxWRmxRUlQxRmRHaGxjbTVsZEFwQ1QwOVVVRkpQVkU4OWJtOXVaUXBPUVUxRlBXVnVjekU1TWdwRVJWWkpRMFU5Wlc1ek1Ua3lDazlPUWs5UFZEMTVaWE1LU1ZCQlJFUlNQVEU1TWk0eE5qZ3VOakF1TXpBS1VGSkZSa2xZUFRJMENrZEJWRVZYUVZrOU1Ua3lMakUyT0M0Mk1DNHlOVFFLUkU5TlFVbE9QVzlqY0RRdVozUnpiR0ZpY3k1cFltMHVZMjl0Q2tST1V6RTlNVGt5TGpFMk9DNDJNQzR5TlRRSyIsInZlcmlmaWNhdGlvbiI6e319LCJtb2RlIjo0MjB9XX0sInN5c3RlbWQiOnsidW5pdHMiOlt7ImNvbnRlbnRzIjoiW1VuaXRdXG5Db25kaXRpb25GaXJzdEJvb3Q9eWVzXG5bU2VydmljZV1cblR5cGU9aWRsZVxuRXhlY1N0YXJ0PS9zYmluL3JlYm9vdFxuW0luc3RhbGxdXG5XYW50ZWRCeT1tdWx0aS11c2VyLnRhcmdldFxuIiwiZW5hYmxlZCI6dHJ1ZSwibmFtZSI6InJlc3RhcnQuc2VydmljZSJ9XX19",
                            "vapp.0.properties.guestinfo.ignition.config.data.encoding": "base64",
                            "vapp_transport.#": "1",
                            "vapp_transport.0": "com.vmware.guestInfo",
                            "vmware_tools_status": "guestToolsNotRunning",
                            "vmx_path": "2f99605d-2ac7-1976-43ff-0cc47aa46960/compute-0.vmx",
                            "wait_for_guest_ip_timeout": "0",
                            "wait_for_guest_net_routable": "false",
                            "wait_for_guest_net_timeout": "0"
                        },
                        "meta": {
                            "schema_version": "3"
                        },
                        "tainted": false
                    },
                    "deposed": [],
                    "provider": "provider.vsphere"
                },
                "vsphere_virtual_machine.vm.1": {
                    "type": "vsphere_virtual_machine",
                    "depends_on": [
                        "data.ignition_config.ign.*",
                        "data.vsphere_datastore.datastore",
                        "data.vsphere_network.network",
                        "data.vsphere_virtual_machine.template"
                    ],
                    "primary": {
                        "id": "4216f32e-2e85-89af-e434-d28006bb765e",
                        "attributes": {
                            "alternate_guest_name": "",
                            "annotation": "",
                            "boot_delay": "0",
                            "boot_retry_delay": "10000",
                            "boot_retry_enabled": "false",
                            "cdrom.#": "0",
                            "change_version": "2019-08-24T01:56:30.971499Z",
                            "clone.#": "1",
                            "clone.0.customize.#": "0",
                            "clone.0.linked_clone": "false",
                            "clone.0.template_uuid": "42161048-3c18-d100-7a14-fd5e75f3c7a5",
                            "clone.0.timeout": "30",
                            "cpu_hot_add_enabled": "false",
                            "cpu_hot_remove_enabled": "false",
                            "cpu_limit": "-1",
                            "cpu_performance_counters_enabled": "false",
                            "cpu_reservation": "0",
                            "cpu_share_count": "4000",
                            "cpu_share_level": "normal",
                            "custom_attributes.%": "0",
                            "datastore_id": "datastore-12",
                            "disk.#": "1",
                            "disk.0.attach": "false",
                            "disk.0.datastore_id": "datastore-12",
                            "disk.0.device_address": "scsi:0:0",
                            "disk.0.disk_mode": "persistent",
                            "disk.0.disk_sharing": "sharingNone",
                            "disk.0.eagerly_scrub": "false",
                            "disk.0.io_limit": "-1",
                            "disk.0.io_reservation": "0",
                            "disk.0.io_share_count": "1000",
                            "disk.0.io_share_level": "normal",
                            "disk.0.keep_on_remove": "false",
                            "disk.0.key": "2000",
                            "disk.0.label": "disk0",
                            "disk.0.name": "",
                            "disk.0.path": "2f99605d-10e1-d672-0ba1-0cc47aa4317c/compute-1.vmdk",
                            "disk.0.size": "60",
                            "disk.0.thin_provisioned": "true",
                            "disk.0.unit_number": "0",
                            "disk.0.uuid": "6000C29b-ccb8-dbc9-61c2-0a59d4cdc188",
                            "disk.0.write_through": "false",
                            "efi_secure_boot_enabled": "false",
                            "enable_disk_uuid": "true",
                            "enable_logging": "false",
                            "ept_rvi_mode": "automatic",
                            "extra_config.%": "0",
                            "firmware": "bios",
                            "folder": "ocp4",
                            "force_power_off": "true",
                            "guest_id": "other26xLinux64Guest",
                            "guest_ip_addresses.#": "0",
                            "host_system_id": "host-18",
                            "hv_mode": "hvAuto",
                            "id": "4216f32e-2e85-89af-e434-d28006bb765e",
                            "latency_sensitivity": "normal",
                            "memory": "8192",
                            "memory_hot_add_enabled": "false",
                            "memory_limit": "-1",
                            "memory_reservation": "0",
                            "memory_share_count": "81920",
                            "memory_share_level": "normal",
                            "migrate_wait_timeout": "30",
                            "moid": "vm-503",
                            "name": "compute-1",
                            "nested_hv_enabled": "false",
                            "network_interface.#": "1",
                            "network_interface.0.adapter_type": "vmxnet3",
                            "network_interface.0.bandwidth_limit": "-1",
                            "network_interface.0.bandwidth_reservation": "0",
                            "network_interface.0.bandwidth_share_count": "50",
                            "network_interface.0.bandwidth_share_level": "normal",
                            "network_interface.0.device_address": "pci:0:7",
                            "network_interface.0.key": "4000",
                            "network_interface.0.mac_address": "00:50:56:96:b4:4a",
                            "network_interface.0.network_id": "dvportgroup-243",
                            "network_interface.0.use_static_mac": "false",
                            "num_cores_per_socket": "1",
                            "num_cpus": "4",
                            "reboot_required": "false",
                            "resource_pool_id": "resgroup-501",
                            "run_tools_scripts_after_power_on": "true",
                            "run_tools_scripts_after_resume": "true",
                            "run_tools_scripts_before_guest_reboot": "false",
                            "run_tools_scripts_before_guest_shutdown": "true",
                            "run_tools_scripts_before_guest_standby": "true",
                            "scsi_bus_sharing": "noSharing",
                            "scsi_controller_count": "1",
                            "scsi_type": "pvscsi",
                            "shutdown_wait_timeout": "3",
                            "swap_placement_policy": "inherit",
                            "sync_time_with_host": "false",
                            "tags.#": "0",
                            "uuid": "4216f32e-2e85-89af-e434-d28006bb765e",
                            "vapp.#": "1",
                            "vapp.0.properties.%": "2",
                            "vapp.0.properties.guestinfo.ignition.config.data": "eyJpZ25pdGlvbiI6eyJjb25maWciOnsiYXBwZW5kIjpbeyJzb3VyY2UiOiJkYXRhOnRleHQvcGxhaW47Y2hhcnNldD11dGYtODtiYXNlNjQsZXlKcFoyNXBkR2x2YmlJNmV5SmpiMjVtYVdjaU9uc2lZWEJ3Wlc1a0lqcGJleUp6YjNWeVkyVWlPaUpvZEhSd2N6b3ZMMkZ3YVMxcGJuUXViMk53TkM1bmRITnNZV0p6TG1saWJTNWpiMjA2TWpJMk1qTXZZMjl1Wm1sbkwzZHZjbXRsY2lJc0luWmxjbWxtYVdOaGRHbHZiaUk2ZTMxOVhYMHNJbk5sWTNWeWFYUjVJanA3SW5Sc2N5STZleUpqWlhKMGFXWnBZMkYwWlVGMWRHaHZjbWwwYVdWeklqcGJleUp6YjNWeVkyVWlPaUprWVhSaE9uUmxlSFF2Y0d4aGFXNDdZMmhoY25ObGREMTFkR1l0T0R0aVlYTmxOalFzVEZNd2RFeFRNVU5TVldSS1ZHbENSRkpXU2xWVFZWcEtVVEJHVlZKVE1IUk1VekIwUTJzeFNsTlZVa1pTUlU1RVVWZGFjRm93UmpOVFZVcENXakJzU2xWVWFFMVdNVkp6VTFkT1dWRnRUak5TUmtaYVUydDBkbGRyYkc5a2JVNVBVVlpHUmxSRlNsSlJXR1JMWVd0V1ZGUlZTa0pTTUVWNFZsVlZTMUV6YUU1VGJVbDZVVzE0YVdKck5YWlpWbVJoVFVVeFUxRllaRVZhTVd4RlZteEdVbEpGVmpOYVNHeHBUV3ByZDFSR1pFOWhSVEZEVGtab1JWWkZWVEZVVlZKdVpWVXhObEpVUms5U1JWVjNWRlJHZGxkQmNFVldSV3N4VkZWU2JtVlZNVVZTVkVaUFVrVlZkMVJVUm5aa01IQnhVbFpPVGxGclJraFJWRVpXVWxWT05GUlZjR2xOTUVweldXMDFUMkl5UmxoWGFrSk9WV3RHTTFKSFpGcFNSbHBTVlZWU1JtUXlValZEYlVsNVQxUkNUVll3Tlc5VVZXeEtVV3RzY1ZGVk5VTmFNblI0WVVkMGNGSjZiRE5OUlVwQ1ZWVldSMUZWUmxCUk1FWlNUMFZHVGxOVmJFTlJNbVJNVVRCR1VsSlZSalpaTTBZd1RWTjBiV0o2VFROVlIwbExWRWMwZGxaWGFHbGhibFo1WkZaS2JsbFVTalpNTVdocVlVZE5kbEpYTlhwWk1IQkhZMVUxTmxSSGFGWmxha0o0Vm01U1dVMXRXbEpsVkU1eFUxaEpNVTlVWTNwVlJFNVpaVVV4WVUxVVdtNVpWbkIwVFVGd2VscFZNSGxYU0d3eFpESktjR1ZET1VKYVYwcDJWbXRHTm1KVldqRk5WWGd5WkVoYU1WcEdjRWRTVjFJMllXeHNhMU14YXpSa1IzaDBWREZ2TldGVE9VcE5hVGxoVVRJMVdWUXdhSGxXTTNCNFpETmtXRU50UlRSa2JUa3dWR3RrYUdKSFZsVk9NMVpOWTBkR1RXSXdTbGxTU0U1YVdUSmpNbVJGVmpaVWEzY3hWREowZEZSVlRUTlBSVFYyWWpGR1YwNHlkRXBVVldSV1ZFVnJlRTFFVWtoaWJXaE9WVWhTV21Nd01FdFdWRlp2WWtka1JsWldRakZpYkVZelVrWmtWazB4VlhwalZHUlhUMVZhVUU1SWEzZFNiSEJQWXpJNVQxTlhNVlZTYms1VFVsWktTRkpJVmpWUk1qRnlZV3R6ZDFkVVFtaGhSVVpyVTFaSmQxRnNSakZhZDNCWVZtdDRjR05JWkRWUFYyUllUV3hHYVZwSWF6UlNWRlp2VWpGU2NFOVVhRlJXYlVaUlRtMTRVbEo2VmtwT1IwWjRUVVpzVDFGdGJ6SmpNbmhUU3pGb1NGZHNRbWhoUkZKTVQxZFNTRlV6YUZWVGEwcEpRMjVvZG1WSFduaE5NbGswWlZoa1NsSkZSbEpSVlVwMlRVVnNNMVZWVWtKVU1FcHVWR3hhU1ZWVWFFTlJWMWswVWxWS1FsUlZUa0pqVmtZelVraGtXbEpHV2xOTlJsSkNWVlZuZGxGclJsWmtNRVl6VWxWSlMwd3pjRUphUlVwdVZHeGFTVlZVVWtaU2JXUlNWbGhvZUU5SFNrVlhha0pPWlZkV01GSkdiekpQVld4dFRtcEtVMWxzYkZsVGJYY3lUVWhrUlZWV2JFdFRNamxoVTFkb01sa3dOVUpWVlZaTlVXeEdRbEpCY0c1YU1GWkRVVlZTWVdNeVNtOWFWbFpLWVRJNWFHVlZhRmRQUlhoeFQwVk9jV05WZUhWWFZtYzBUVE5PYmxOR2JFaFpNMmh1VmxWU2FHUnVUbkpOVkZVMVYyc3hhbEZxVlhwaU1rNVJaVzFSTVdKR1duZERiRXBEWkZkd2RWWllXbFJXYmxKRFYycENkazVWWkdwTlZGSlVVVzV3U2tzd2FISk9SemxFV214c1FsVldUa2hpTW5oMFdtNXNkMUZWZUU5WFIyeDFUbXhHUldOdGVFUlNhMmd6VTNwR1VGTnNTalJVVjNkTFRUSkpNVlV4VWtSVlZYQnpUVlZhUldWRlRURk9ia2wyWkVaa2NWcEVTakJaVlRGM1UxZEdRbVJWYnpKV00wNXVaR3RzZEdSck1IZFRSbXhvVGtoV2RHVlViR0ZqYTA1aFdXeFNNRlpGVFRGa2VrcHNWbEZ3Y1ZGcVdYcGhRM1F3VVd4Wk1VMVhkRkZQUkU1d1dqRktUMVF6V1RKWFYwNDJWRlpDUWsweFRuZFdSemxFV2xVNWQyTXpiSGhrVmtZd1RrUmFXV1JJVGxoaFZFVTFZMVJPYjBzelFsUmpSRUpXWVcxb1UwTnVUbkpTUjBwU1drUkNkRTlGVmxkWFNFNUNVVmhvY1ZVeGIzSmlSMDV1V2tSV2FtRnNVbGhrUkZwRFlUTldTa3d6VmxwUFJtUlNWbXhrY1Zvd1JuVmlNazE0VXpKa00xSjZiRmhSVnpRMVdsVndiV1Z0YjB0Tk1VWmFWRU00ZUZsdFNsSmtibEpZVGtoS2NXVlVhRmhXTVVaR1VXMTNNMDlXVm1wUVVXOTBURk13ZEV4VlZrOVNRMEpFVWxaS1ZWTlZXa3BSTUVaVlVsTXdkRXhUTUhSRFp6MDlJaXdpZG1WeWFXWnBZMkYwYVc5dUlqcDdmWDFkZlgwc0luUnBiV1Z2ZFhSeklqcDdmU3dpZG1WeWMybHZiaUk2SWpJdU1pNHdJbjBzSW01bGRIZHZjbXRrSWpwN2ZTd2ljR0Z6YzNka0lqcDdmU3dpYzNSdmNtRm5aU0k2ZTMwc0luTjVjM1JsYldRaU9udDlmUW89IiwidmVyaWZpY2F0aW9uIjp7fX1dfSwidGltZW91dHMiOnt9LCJ2ZXJzaW9uIjoiMi4xLjAifSwibmV0d29ya2QiOnt9LCJwYXNzd2QiOnt9LCJzdG9yYWdlIjp7ImZpbGVzIjpbeyJmaWxlc3lzdGVtIjoicm9vdCIsImdyb3VwIjp7fSwicGF0aCI6Ii9ldGMvaG9zdG5hbWUiLCJ1c2VyIjp7fSwiY29udGVudHMiOnsic291cmNlIjoiZGF0YTp0ZXh0L3BsYWluO2NoYXJzZXQ9dXRmLTg7YmFzZTY0LFkyOXRjSFYwWlMweCIsInZlcmlmaWNhdGlvbiI6e319LCJtb2RlIjo0MjB9LHsiZmlsZXN5c3RlbSI6InJvb3QiLCJncm91cCI6e30sInBhdGgiOiIvZXRjL3N5c2NvbmZpZy9uZXR3b3JrLXNjcmlwdHMvaWZjZmctZW5zMTkyIiwidXNlciI6e30sImNvbnRlbnRzIjp7InNvdXJjZSI6ImRhdGE6dGV4dC9wbGFpbjtjaGFyc2V0PXV0Zi04O2Jhc2U2NCxWRmxRUlQxRmRHaGxjbTVsZEFwQ1QwOVVVRkpQVkU4OWJtOXVaUXBPUVUxRlBXVnVjekU1TWdwRVJWWkpRMFU5Wlc1ek1Ua3lDazlPUWs5UFZEMTVaWE1LU1ZCQlJFUlNQVEU1TWk0eE5qZ3VOakF1TXpFS1VGSkZSa2xZUFRJMENrZEJWRVZYUVZrOU1Ua3lMakUyT0M0Mk1DNHlOVFFLUkU5TlFVbE9QVzlqY0RRdVozUnpiR0ZpY3k1cFltMHVZMjl0Q2tST1V6RTlNVGt5TGpFMk9DNDJNQzR5TlRRSyIsInZlcmlmaWNhdGlvbiI6e319LCJtb2RlIjo0MjB9XX0sInN5c3RlbWQiOnsidW5pdHMiOlt7ImNvbnRlbnRzIjoiW1VuaXRdXG5Db25kaXRpb25GaXJzdEJvb3Q9eWVzXG5bU2VydmljZV1cblR5cGU9aWRsZVxuRXhlY1N0YXJ0PS9zYmluL3JlYm9vdFxuW0luc3RhbGxdXG5XYW50ZWRCeT1tdWx0aS11c2VyLnRhcmdldFxuIiwiZW5hYmxlZCI6dHJ1ZSwibmFtZSI6InJlc3RhcnQuc2VydmljZSJ9XX19",
                            "vapp.0.properties.guestinfo.ignition.config.data.encoding": "base64",
                            "vapp_transport.#": "1",
                            "vapp_transport.0": "com.vmware.guestInfo",
                            "vmware_tools_status": "guestToolsNotRunning",
                            "vmx_path": "2f99605d-10e1-d672-0ba1-0cc47aa4317c/compute-1.vmx",
                            "wait_for_guest_ip_timeout": "0",
                            "wait_for_guest_net_routable": "false",
                            "wait_for_guest_net_timeout": "0"
                        },
                        "meta": {
                            "schema_version": "3"
                        },
                        "tainted": false
                    },
                    "deposed": [],
                    "provider": "provider.vsphere"
                },
                "vsphere_virtual_machine.vm.2": {
                    "type": "vsphere_virtual_machine",
                    "depends_on": [
                        "data.ignition_config.ign.*",
                        "data.vsphere_datastore.datastore",
                        "data.vsphere_network.network",
                        "data.vsphere_virtual_machine.template"
                    ],
                    "primary": {
                        "id": "4216a66c-82e6-c50f-9231-56863ba30bbc",
                        "attributes": {
                            "alternate_guest_name": "",
                            "annotation": "",
                            "boot_delay": "0",
                            "boot_retry_delay": "10000",
                            "boot_retry_enabled": "false",
                            "cdrom.#": "0",
                            "change_version": "2019-08-24T01:56:31.241844Z",
                            "clone.#": "1",
                            "clone.0.customize.#": "0",
                            "clone.0.linked_clone": "false",
                            "clone.0.template_uuid": "42161048-3c18-d100-7a14-fd5e75f3c7a5",
                            "clone.0.timeout": "30",
                            "cpu_hot_add_enabled": "false",
                            "cpu_hot_remove_enabled": "false",
                            "cpu_limit": "-1",
                            "cpu_performance_counters_enabled": "false",
                            "cpu_reservation": "0",
                            "cpu_share_count": "4000",
                            "cpu_share_level": "normal",
                            "custom_attributes.%": "0",
                            "datastore_id": "datastore-12",
                            "disk.#": "1",
                            "disk.0.attach": "false",
                            "disk.0.datastore_id": "datastore-12",
                            "disk.0.device_address": "scsi:0:0",
                            "disk.0.disk_mode": "persistent",
                            "disk.0.disk_sharing": "sharingNone",
                            "disk.0.eagerly_scrub": "false",
                            "disk.0.io_limit": "-1",
                            "disk.0.io_reservation": "0",
                            "disk.0.io_share_count": "1000",
                            "disk.0.io_share_level": "normal",
                            "disk.0.keep_on_remove": "false",
                            "disk.0.key": "2000",
                            "disk.0.label": "disk0",
                            "disk.0.name": "",
                            "disk.0.path": "2f99605d-70d7-adbf-0485-0cc47ad31294/compute-2.vmdk",
                            "disk.0.size": "60",
                            "disk.0.thin_provisioned": "true",
                            "disk.0.unit_number": "0",
                            "disk.0.uuid": "6000C295-4de6-d37d-ebe8-4389ac54f1ee",
                            "disk.0.write_through": "false",
                            "efi_secure_boot_enabled": "false",
                            "enable_disk_uuid": "true",
                            "enable_logging": "false",
                            "ept_rvi_mode": "automatic",
                            "extra_config.%": "0",
                            "firmware": "bios",
                            "folder": "ocp4",
                            "force_power_off": "true",
                            "guest_id": "other26xLinux64Guest",
                            "guest_ip_addresses.#": "0",
                            "host_system_id": "host-18",
                            "hv_mode": "hvAuto",
                            "id": "4216a66c-82e6-c50f-9231-56863ba30bbc",
                            "latency_sensitivity": "normal",
                            "memory": "8192",
                            "memory_hot_add_enabled": "false",
                            "memory_limit": "-1",
                            "memory_reservation": "0",
                            "memory_share_count": "81920",
                            "memory_share_level": "normal",
                            "migrate_wait_timeout": "30",
                            "moid": "vm-506",
                            "name": "compute-2",
                            "nested_hv_enabled": "false",
                            "network_interface.#": "1",
                            "network_interface.0.adapter_type": "vmxnet3",
                            "network_interface.0.bandwidth_limit": "-1",
                            "network_interface.0.bandwidth_reservation": "0",
                            "network_interface.0.bandwidth_share_count": "50",
                            "network_interface.0.bandwidth_share_level": "normal",
                            "network_interface.0.device_address": "pci:0:7",
                            "network_interface.0.key": "4000",
                            "network_interface.0.mac_address": "00:50:56:96:0f:68",
                            "network_interface.0.network_id": "dvportgroup-243",
                            "network_interface.0.use_static_mac": "false",
                            "num_cores_per_socket": "1",
                            "num_cpus": "4",
                            "reboot_required": "false",
                            "resource_pool_id": "resgroup-501",
                            "run_tools_scripts_after_power_on": "true",
                            "run_tools_scripts_after_resume": "true",
                            "run_tools_scripts_before_guest_reboot": "false",
                            "run_tools_scripts_before_guest_shutdown": "true",
                            "run_tools_scripts_before_guest_standby": "true",
                            "scsi_bus_sharing": "noSharing",
                            "scsi_controller_count": "1",
                            "scsi_type": "pvscsi",
                            "shutdown_wait_timeout": "3",
                            "swap_placement_policy": "inherit",
                            "sync_time_with_host": "false",
                            "tags.#": "0",
                            "uuid": "4216a66c-82e6-c50f-9231-56863ba30bbc",
                            "vapp.#": "1",
                            "vapp.0.properties.%": "2",
                            "vapp.0.properties.guestinfo.ignition.config.data": "eyJpZ25pdGlvbiI6eyJjb25maWciOnsiYXBwZW5kIjpbeyJzb3VyY2UiOiJkYXRhOnRleHQvcGxhaW47Y2hhcnNldD11dGYtODtiYXNlNjQsZXlKcFoyNXBkR2x2YmlJNmV5SmpiMjVtYVdjaU9uc2lZWEJ3Wlc1a0lqcGJleUp6YjNWeVkyVWlPaUpvZEhSd2N6b3ZMMkZ3YVMxcGJuUXViMk53TkM1bmRITnNZV0p6TG1saWJTNWpiMjA2TWpJMk1qTXZZMjl1Wm1sbkwzZHZjbXRsY2lJc0luWmxjbWxtYVdOaGRHbHZiaUk2ZTMxOVhYMHNJbk5sWTNWeWFYUjVJanA3SW5Sc2N5STZleUpqWlhKMGFXWnBZMkYwWlVGMWRHaHZjbWwwYVdWeklqcGJleUp6YjNWeVkyVWlPaUprWVhSaE9uUmxlSFF2Y0d4aGFXNDdZMmhoY25ObGREMTFkR1l0T0R0aVlYTmxOalFzVEZNd2RFeFRNVU5TVldSS1ZHbENSRkpXU2xWVFZWcEtVVEJHVlZKVE1IUk1VekIwUTJzeFNsTlZVa1pTUlU1RVVWZGFjRm93UmpOVFZVcENXakJzU2xWVWFFMVdNVkp6VTFkT1dWRnRUak5TUmtaYVUydDBkbGRyYkc5a2JVNVBVVlpHUmxSRlNsSlJXR1JMWVd0V1ZGUlZTa0pTTUVWNFZsVlZTMUV6YUU1VGJVbDZVVzE0YVdKck5YWlpWbVJoVFVVeFUxRllaRVZhTVd4RlZteEdVbEpGVmpOYVNHeHBUV3ByZDFSR1pFOWhSVEZEVGtab1JWWkZWVEZVVlZKdVpWVXhObEpVUms5U1JWVjNWRlJHZGxkQmNFVldSV3N4VkZWU2JtVlZNVVZTVkVaUFVrVlZkMVJVUm5aa01IQnhVbFpPVGxGclJraFJWRVpXVWxWT05GUlZjR2xOTUVweldXMDFUMkl5UmxoWGFrSk9WV3RHTTFKSFpGcFNSbHBTVlZWU1JtUXlValZEYlVsNVQxUkNUVll3Tlc5VVZXeEtVV3RzY1ZGVk5VTmFNblI0WVVkMGNGSjZiRE5OUlVwQ1ZWVldSMUZWUmxCUk1FWlNUMFZHVGxOVmJFTlJNbVJNVVRCR1VsSlZSalpaTTBZd1RWTjBiV0o2VFROVlIwbExWRWMwZGxaWGFHbGhibFo1WkZaS2JsbFVTalpNTVdocVlVZE5kbEpYTlhwWk1IQkhZMVUxTmxSSGFGWmxha0o0Vm01U1dVMXRXbEpsVkU1eFUxaEpNVTlVWTNwVlJFNVpaVVV4WVUxVVdtNVpWbkIwVFVGd2VscFZNSGxYU0d3eFpESktjR1ZET1VKYVYwcDJWbXRHTm1KVldqRk5WWGd5WkVoYU1WcEdjRWRTVjFJMllXeHNhMU14YXpSa1IzaDBWREZ2TldGVE9VcE5hVGxoVVRJMVdWUXdhSGxXTTNCNFpETmtXRU50UlRSa2JUa3dWR3RrYUdKSFZsVk9NMVpOWTBkR1RXSXdTbGxTU0U1YVdUSmpNbVJGVmpaVWEzY3hWREowZEZSVlRUTlBSVFYyWWpGR1YwNHlkRXBVVldSV1ZFVnJlRTFFVWtoaWJXaE9WVWhTV21Nd01FdFdWRlp2WWtka1JsWldRakZpYkVZelVrWmtWazB4VlhwalZHUlhUMVZhVUU1SWEzZFNiSEJQWXpJNVQxTlhNVlZTYms1VFVsWktTRkpJVmpWUk1qRnlZV3R6ZDFkVVFtaGhSVVpyVTFaSmQxRnNSakZhZDNCWVZtdDRjR05JWkRWUFYyUllUV3hHYVZwSWF6UlNWRlp2VWpGU2NFOVVhRlJXYlVaUlRtMTRVbEo2VmtwT1IwWjRUVVpzVDFGdGJ6SmpNbmhUU3pGb1NGZHNRbWhoUkZKTVQxZFNTRlV6YUZWVGEwcEpRMjVvZG1WSFduaE5NbGswWlZoa1NsSkZSbEpSVlVwMlRVVnNNMVZWVWtKVU1FcHVWR3hhU1ZWVWFFTlJWMWswVWxWS1FsUlZUa0pqVmtZelVraGtXbEpHV2xOTlJsSkNWVlZuZGxGclJsWmtNRVl6VWxWSlMwd3pjRUphUlVwdVZHeGFTVlZVVWtaU2JXUlNWbGhvZUU5SFNrVlhha0pPWlZkV01GSkdiekpQVld4dFRtcEtVMWxzYkZsVGJYY3lUVWhrUlZWV2JFdFRNamxoVTFkb01sa3dOVUpWVlZaTlVXeEdRbEpCY0c1YU1GWkRVVlZTWVdNeVNtOWFWbFpLWVRJNWFHVlZhRmRQUlhoeFQwVk9jV05WZUhWWFZtYzBUVE5PYmxOR2JFaFpNMmh1VmxWU2FHUnVUbkpOVkZVMVYyc3hhbEZxVlhwaU1rNVJaVzFSTVdKR1duZERiRXBEWkZkd2RWWllXbFJXYmxKRFYycENkazVWWkdwTlZGSlVVVzV3U2tzd2FISk9SemxFV214c1FsVldUa2hpTW5oMFdtNXNkMUZWZUU5WFIyeDFUbXhHUldOdGVFUlNhMmd6VTNwR1VGTnNTalJVVjNkTFRUSkpNVlV4VWtSVlZYQnpUVlZhUldWRlRURk9ia2wyWkVaa2NWcEVTakJaVlRGM1UxZEdRbVJWYnpKV00wNXVaR3RzZEdSck1IZFRSbXhvVGtoV2RHVlViR0ZqYTA1aFdXeFNNRlpGVFRGa2VrcHNWbEZ3Y1ZGcVdYcGhRM1F3VVd4Wk1VMVhkRkZQUkU1d1dqRktUMVF6V1RKWFYwNDJWRlpDUWsweFRuZFdSemxFV2xVNWQyTXpiSGhrVmtZd1RrUmFXV1JJVGxoaFZFVTFZMVJPYjBzelFsUmpSRUpXWVcxb1UwTnVUbkpTUjBwU1drUkNkRTlGVmxkWFNFNUNVVmhvY1ZVeGIzSmlSMDV1V2tSV2FtRnNVbGhrUkZwRFlUTldTa3d6VmxwUFJtUlNWbXhrY1Zvd1JuVmlNazE0VXpKa00xSjZiRmhSVnpRMVdsVndiV1Z0YjB0Tk1VWmFWRU00ZUZsdFNsSmtibEpZVGtoS2NXVlVhRmhXTVVaR1VXMTNNMDlXVm1wUVVXOTBURk13ZEV4VlZrOVNRMEpFVWxaS1ZWTlZXa3BSTUVaVlVsTXdkRXhUTUhSRFp6MDlJaXdpZG1WeWFXWnBZMkYwYVc5dUlqcDdmWDFkZlgwc0luUnBiV1Z2ZFhSeklqcDdmU3dpZG1WeWMybHZiaUk2SWpJdU1pNHdJbjBzSW01bGRIZHZjbXRrSWpwN2ZTd2ljR0Z6YzNka0lqcDdmU3dpYzNSdmNtRm5aU0k2ZTMwc0luTjVjM1JsYldRaU9udDlmUW89IiwidmVyaWZpY2F0aW9uIjp7fX1dfSwidGltZW91dHMiOnt9LCJ2ZXJzaW9uIjoiMi4xLjAifSwibmV0d29ya2QiOnt9LCJwYXNzd2QiOnt9LCJzdG9yYWdlIjp7ImZpbGVzIjpbeyJmaWxlc3lzdGVtIjoicm9vdCIsImdyb3VwIjp7fSwicGF0aCI6Ii9ldGMvaG9zdG5hbWUiLCJ1c2VyIjp7fSwiY29udGVudHMiOnsic291cmNlIjoiZGF0YTp0ZXh0L3BsYWluO2NoYXJzZXQ9dXRmLTg7YmFzZTY0LFkyOXRjSFYwWlMweSIsInZlcmlmaWNhdGlvbiI6e319LCJtb2RlIjo0MjB9LHsiZmlsZXN5c3RlbSI6InJvb3QiLCJncm91cCI6e30sInBhdGgiOiIvZXRjL3N5c2NvbmZpZy9uZXR3b3JrLXNjcmlwdHMvaWZjZmctZW5zMTkyIiwidXNlciI6e30sImNvbnRlbnRzIjp7InNvdXJjZSI6ImRhdGE6dGV4dC9wbGFpbjtjaGFyc2V0PXV0Zi04O2Jhc2U2NCxWRmxRUlQxRmRHaGxjbTVsZEFwQ1QwOVVVRkpQVkU4OWJtOXVaUXBPUVUxRlBXVnVjekU1TWdwRVJWWkpRMFU5Wlc1ek1Ua3lDazlPUWs5UFZEMTVaWE1LU1ZCQlJFUlNQVEU1TWk0eE5qZ3VOakF1TXpJS1VGSkZSa2xZUFRJMENrZEJWRVZYUVZrOU1Ua3lMakUyT0M0Mk1DNHlOVFFLUkU5TlFVbE9QVzlqY0RRdVozUnpiR0ZpY3k1cFltMHVZMjl0Q2tST1V6RTlNVGt5TGpFMk9DNDJNQzR5TlRRSyIsInZlcmlmaWNhdGlvbiI6e319LCJtb2RlIjo0MjB9XX0sInN5c3RlbWQiOnsidW5pdHMiOlt7ImNvbnRlbnRzIjoiW1VuaXRdXG5Db25kaXRpb25GaXJzdEJvb3Q9eWVzXG5bU2VydmljZV1cblR5cGU9aWRsZVxuRXhlY1N0YXJ0PS9zYmluL3JlYm9vdFxuW0luc3RhbGxdXG5XYW50ZWRCeT1tdWx0aS11c2VyLnRhcmdldFxuIiwiZW5hYmxlZCI6dHJ1ZSwibmFtZSI6InJlc3RhcnQuc2VydmljZSJ9XX19",
                            "vapp.0.properties.guestinfo.ignition.config.data.encoding": "base64",
                            "vapp_transport.#": "1",
                            "vapp_transport.0": "com.vmware.guestInfo",
                            "vmware_tools_status": "guestToolsNotRunning",
                            "vmx_path": "2f99605d-70d7-adbf-0485-0cc47ad31294/compute-2.vmx",
                            "wait_for_guest_ip_timeout": "0",
                            "wait_for_guest_net_routable": "false",
                            "wait_for_guest_net_timeout": "0"
                        },
                        "meta": {
                            "schema_version": "3"
                        },
                        "tainted": false
                    },
                    "deposed": [],
                    "provider": "provider.vsphere"
                }
            },
            "depends_on": []
        },
        {
            "path": [
                "root",
                "control_plane"
            ],
            "outputs": {
                "ip_addresses": {
                    "sensitive": false,
                    "type": "list",
                    "value": [
                        "192.168.60.10",
                        "192.168.60.11",
                        "192.168.60.12"
                    ]
                }
            },
            "resources": {
                "data.ignition_config.ign.0": {
                    "type": "ignition_config",
                    "depends_on": [
                        "data.ignition_file.hostname.*",
                        "data.ignition_file.static_ip.*",
                        "data.ignition_systemd_unit.restart.*",
                        "local.ignition_encoded"
                    ],
                    "primary": {
                        "id": "ca39f77ab99f651f25e189edc134a7f4719465bc99c51412691aa37e6b233bb5",
                        "attributes": {
                            "append.#": "1",
                            "append.0.source": "data:text/plain;charset=utf-8;base64,eyJpZ25pdGlvbiI6eyJjb25maWciOnsiYXBwZW5kIjpbeyJzb3VyY2UiOiJodHRwczovL2FwaS1pbnQub2NwNC5ndHNsYWJzLmlibS5jb206MjI2MjMvY29uZmlnL21hc3RlciIsInZlcmlmaWNhdGlvbiI6e319XX0sInNlY3VyaXR5Ijp7InRscyI6eyJjZXJ0aWZpY2F0ZUF1dGhvcml0aWVzIjpbeyJzb3VyY2UiOiJkYXRhOnRleHQvcGxhaW47Y2hhcnNldD11dGYtODtiYXNlNjQsTFMwdExTMUNSVWRKVGlCRFJWSlVTVVpKUTBGVVJTMHRMUzB0Q2sxSlNVUkZSRU5EUVdacFowRjNTVUpCWjBsSlVUaE1WMVJzU1dOWVFtTjNSRkZaU2t0dldrbG9kbU5PUVZGRlRFSlJRWGRLYWtWVFRVSkJSMEV4VlVVS1EzaE5TbUl6UW14aWJrNXZZVmRhTUUxU1FYZEVaMWxFVmxGUlJFVjNaSGxpTWprd1RGZE9hRTFDTkZoRVZFVTFUVVJuZVUxNlJURk9SRVV3VFRGdldBcEVWRWsxVFVSbmVVMUVSVEZPUkVVd1RURnZkMHBxUlZOTlFrRkhRVEZWUlVONFRVcGlNMEpzWW01T2IyRlhXakJOVWtGM1JHZFpSRlpSVVVSRmQyUjVDbUl5T1RCTVYwNW9UVWxKUWtscVFVNUNaMnR4YUd0cFJ6bDNNRUpCVVVWR1FVRlBRMEZST0VGTlNVbENRMmRMUTBGUlJVRjZZM0YwTVN0bWJ6TTNVR0lLVEc0dlZXaGlhblZ5ZFZKbllUSjZMMWhqYUdNdlJXNXpZMHBHY1U1NlRHaFZlakJ4Vm5SWU1tWlJlVE5xU1hJMU9UY3pVRE5ZZUUxYU1UWm5ZVnB0TUFwelpVMHlXSGwxZDJKcGVDOUJaV0p2VmtGNmJVWjFNVXgyZEhaMVpGcEdSV1I2YWxsa1MxazRkR3h0VDFvNWFTOUpNaTlhUTI1WVQwaHlWM3B4ZDNkWENtRTRkbTkwVGtkaGJHVlVOM1ZNY0dGTWIwSllSSE5aWTJjMmRFVjZUa3cxVDJ0dFRVTTNPRTV2YjFGV04ydEpUVWRWVEVreE1EUkhibWhOVUhSWmMwMEtWVFZvYkdkRlZWQjFibEYzUkZkVk0xVXpjVGRXT1VaUE5Ia3dSbHBPYzI5T1NXMVVSbk5TUlZKSFJIVjVRMjFyYWtzd1dUQmhhRUZrU1ZJd1FsRjFad3BYVmt4cGNIZDVPV2RYTWxGaVpIazRSVFZvUjFScE9UaFRWbUZRTm14UlJ6VkpOR0Z4TUZsT1FtbzJjMnhTSzFoSFdsQmhhRFJMT1dSSFUzaFVTa0pJQ25odmVHWnhNMlk0ZVhkSlJFRlJRVUp2TUVsM1VVUkJUMEpuVGxaSVVUaENRV1k0UlVKQlRVTkJjVkYzUkhkWlJGWlNNRlJCVVVndlFrRlZkMEYzUlVJS0wzcEJaRUpuVGxaSVVUUkZSbWRSVlhoeE9HSkVXakJOZVdWMFJGbzJPVWxtTmpKU1lsbFlTbXcyTUhkRVVWbEtTMjlhU1doMlkwNUJVVVZNUWxGQlJBcG5aMFZDUVVSYWMySm9aVlZKYTI5aGVVaFdPRXhxT0VOcWNVeHVXVmc0TTNOblNGbEhZM2huVlVSaGRuTnJNVFU1V2sxalFqVXpiMk5RZW1RMWJGWndDbEpDZFdwdVZYWlRWblJDV2pCdk5VZGpNVFJUUW5wSkswaHJORzlEWmxsQlVWTkhiMnh0Wm5sd1FVeE9XR2x1TmxGRWNteERSa2gzU3pGUFNsSjRUV3dLTTJJMVUxUkRVVXBzTVVaRWVFTTFObkl2ZEZkcVpESjBZVTF3U1dGQmRVbzJWM05uZGtsdGRrMHdTRmxoTkhWdGVUbGFja05hWWxSMFZFTTFkekpsVlFwcVFqWXphQ3QwUWxZMU1XdFFPRE5wWjFKT1QzWTJXV042VFZCQk0xTndWRzlEWlU5d2MzbHhkVkYwTkRaWWRITlhhVEU1Y1ROb0szQlRjREJWYW1oU0NuTnJSR0pSWkRCdE9FVldXSE5CUVhocVUxb3JiR05uWkRWamFsUlhkRFpDYTNWSkwzVlpPRmRSVmxkcVowRnViMk14UzJkM1J6bFhRVzQ1WlVwbWVtb0tNMUZaVEM4eFltSlJkblJYTkhKcWVUaFhWMUZGUW13M09WVmpQUW90TFMwdExVVk9SQ0JEUlZKVVNVWkpRMEZVUlMwdExTMHRDZz09IiwidmVyaWZpY2F0aW9uIjp7fX1dfX0sInRpbWVvdXRzIjp7fSwidmVyc2lvbiI6IjIuMi4wIn0sIm5ldHdvcmtkIjp7fSwicGFzc3dkIjp7fSwic3RvcmFnZSI6e30sInN5c3RlbWQiOnt9fQo=",
                            "append.0.verification": "",
                            "files.#": "2",
                            "files.0": "15993e847c56ea3a5c0732a5cac8e81241a2da17752a4dca3c03046a185c6625",
                            "files.1": "89e56f467c04785009cb1876d943c79d178218ef39ebc8f850f586a23b339822",
                            "id": "ca39f77ab99f651f25e189edc134a7f4719465bc99c51412691aa37e6b233bb5",
                            "rendered": "{\"ignition\":{\"config\":{\"append\":[{\"source\":\"data:text/plain;charset=utf-8;base64,eyJpZ25pdGlvbiI6eyJjb25maWciOnsiYXBwZW5kIjpbeyJzb3VyY2UiOiJodHRwczovL2FwaS1pbnQub2NwNC5ndHNsYWJzLmlibS5jb206MjI2MjMvY29uZmlnL21hc3RlciIsInZlcmlmaWNhdGlvbiI6e319XX0sInNlY3VyaXR5Ijp7InRscyI6eyJjZXJ0aWZpY2F0ZUF1dGhvcml0aWVzIjpbeyJzb3VyY2UiOiJkYXRhOnRleHQvcGxhaW47Y2hhcnNldD11dGYtODtiYXNlNjQsTFMwdExTMUNSVWRKVGlCRFJWSlVTVVpKUTBGVVJTMHRMUzB0Q2sxSlNVUkZSRU5EUVdacFowRjNTVUpCWjBsSlVUaE1WMVJzU1dOWVFtTjNSRkZaU2t0dldrbG9kbU5PUVZGRlRFSlJRWGRLYWtWVFRVSkJSMEV4VlVVS1EzaE5TbUl6UW14aWJrNXZZVmRhTUUxU1FYZEVaMWxFVmxGUlJFVjNaSGxpTWprd1RGZE9hRTFDTkZoRVZFVTFUVVJuZVUxNlJURk9SRVV3VFRGdldBcEVWRWsxVFVSbmVVMUVSVEZPUkVVd1RURnZkMHBxUlZOTlFrRkhRVEZWUlVONFRVcGlNMEpzWW01T2IyRlhXakJOVWtGM1JHZFpSRlpSVVVSRmQyUjVDbUl5T1RCTVYwNW9UVWxKUWtscVFVNUNaMnR4YUd0cFJ6bDNNRUpCVVVWR1FVRlBRMEZST0VGTlNVbENRMmRMUTBGUlJVRjZZM0YwTVN0bWJ6TTNVR0lLVEc0dlZXaGlhblZ5ZFZKbllUSjZMMWhqYUdNdlJXNXpZMHBHY1U1NlRHaFZlakJ4Vm5SWU1tWlJlVE5xU1hJMU9UY3pVRE5ZZUUxYU1UWm5ZVnB0TUFwelpVMHlXSGwxZDJKcGVDOUJaV0p2VmtGNmJVWjFNVXgyZEhaMVpGcEdSV1I2YWxsa1MxazRkR3h0VDFvNWFTOUpNaTlhUTI1WVQwaHlWM3B4ZDNkWENtRTRkbTkwVGtkaGJHVlVOM1ZNY0dGTWIwSllSSE5aWTJjMmRFVjZUa3cxVDJ0dFRVTTNPRTV2YjFGV04ydEpUVWRWVEVreE1EUkhibWhOVUhSWmMwMEtWVFZvYkdkRlZWQjFibEYzUkZkVk0xVXpjVGRXT1VaUE5Ia3dSbHBPYzI5T1NXMVVSbk5TUlZKSFJIVjVRMjFyYWtzd1dUQmhhRUZrU1ZJd1FsRjFad3BYVmt4cGNIZDVPV2RYTWxGaVpIazRSVFZvUjFScE9UaFRWbUZRTm14UlJ6VkpOR0Z4TUZsT1FtbzJjMnhTSzFoSFdsQmhhRFJMT1dSSFUzaFVTa0pJQ25odmVHWnhNMlk0ZVhkSlJFRlJRVUp2TUVsM1VVUkJUMEpuVGxaSVVUaENRV1k0UlVKQlRVTkJjVkYzUkhkWlJGWlNNRlJCVVVndlFrRlZkMEYzUlVJS0wzcEJaRUpuVGxaSVVUUkZSbWRSVlhoeE9HSkVXakJOZVdWMFJGbzJPVWxtTmpKU1lsbFlTbXcyTUhkRVVWbEtTMjlhU1doMlkwNUJVVVZNUWxGQlJBcG5aMFZDUVVSYWMySm9aVlZKYTI5aGVVaFdPRXhxT0VOcWNVeHVXVmc0TTNOblNGbEhZM2huVlVSaGRuTnJNVFU1V2sxalFqVXpiMk5RZW1RMWJGWndDbEpDZFdwdVZYWlRWblJDV2pCdk5VZGpNVFJUUW5wSkswaHJORzlEWmxsQlVWTkhiMnh0Wm5sd1FVeE9XR2x1TmxGRWNteERSa2gzU3pGUFNsSjRUV3dLTTJJMVUxUkRVVXBzTVVaRWVFTTFObkl2ZEZkcVpESjBZVTF3U1dGQmRVbzJWM05uZGtsdGRrMHdTRmxoTkhWdGVUbGFja05hWWxSMFZFTTFkekpsVlFwcVFqWXphQ3QwUWxZMU1XdFFPRE5wWjFKT1QzWTJXV042VFZCQk0xTndWRzlEWlU5d2MzbHhkVkYwTkRaWWRITlhhVEU1Y1ROb0szQlRjREJWYW1oU0NuTnJSR0pSWkRCdE9FVldXSE5CUVhocVUxb3JiR05uWkRWamFsUlhkRFpDYTNWSkwzVlpPRmRSVmxkcVowRnViMk14UzJkM1J6bFhRVzQ1WlVwbWVtb0tNMUZaVEM4eFltSlJkblJYTkhKcWVUaFhWMUZGUW13M09WVmpQUW90TFMwdExVVk9SQ0JEUlZKVVNVWkpRMEZVUlMwdExTMHRDZz09IiwidmVyaWZpY2F0aW9uIjp7fX1dfX0sInRpbWVvdXRzIjp7fSwidmVyc2lvbiI6IjIuMi4wIn0sIm5ldHdvcmtkIjp7fSwicGFzc3dkIjp7fSwic3RvcmFnZSI6e30sInN5c3RlbWQiOnt9fQo=\",\"verification\":{}}]},\"timeouts\":{},\"version\":\"2.1.0\"},\"networkd\":{},\"passwd\":{},\"storage\":{\"files\":[{\"filesystem\":\"root\",\"group\":{},\"path\":\"/etc/hostname\",\"user\":{},\"contents\":{\"source\":\"data:text/plain;charset=utf-8;base64,Y29udHJvbC1wbGFuZS0w\",\"verification\":{}},\"mode\":420},{\"filesystem\":\"root\",\"group\":{},\"path\":\"/etc/sysconfig/network-scripts/ifcfg-ens192\",\"user\":{},\"contents\":{\"source\":\"data:text/plain;charset=utf-8;base64,VFlQRT1FdGhlcm5ldApCT09UUFJPVE89bm9uZQpOQU1FPWVuczE5MgpERVZJQ0U9ZW5zMTkyCk9OQk9PVD15ZXMKSVBBRERSPTE5Mi4xNjguNjAuMTAKUFJFRklYPTI0CkdBVEVXQVk9MTkyLjE2OC42MC4yNTQKRE9NQUlOPW9jcDQuZ3RzbGFicy5pYm0uY29tCkROUzE9MTkyLjE2OC42MC4yNTQK\",\"verification\":{}},\"mode\":420}]},\"systemd\":{\"units\":[{\"contents\":\"[Unit]\\nConditionFirstBoot=yes\\n[Service]\\nType=idle\\nExecStart=/sbin/reboot\\n[Install]\\nWantedBy=multi-user.target\\n\",\"enabled\":true,\"name\":\"restart.service\"}]}}",
                            "systemd.#": "1",
                            "systemd.0": "2b2088c1732c1d1acffcbbe6386c2952e57ca2903cec0dc24bd4cb0f42abc300"
                        },
                        "meta": {},
                        "tainted": false
                    },
                    "deposed": [],
                    "provider": "provider.ignition"
                },
                "data.ignition_config.ign.1": {
                    "type": "ignition_config",
                    "depends_on": [
                        "data.ignition_file.hostname.*",
                        "data.ignition_file.static_ip.*",
                        "data.ignition_systemd_unit.restart.*",
                        "local.ignition_encoded"
                    ],
                    "primary": {
                        "id": "f0c8dd71cd20a1321bed78850fd730b3e1a6ff649c41497223ef9e3f2f25652c",
                        "attributes": {
                            "append.#": "1",
                            "append.0.source": "data:text/plain;charset=utf-8;base64,eyJpZ25pdGlvbiI6eyJjb25maWciOnsiYXBwZW5kIjpbeyJzb3VyY2UiOiJodHRwczovL2FwaS1pbnQub2NwNC5ndHNsYWJzLmlibS5jb206MjI2MjMvY29uZmlnL21hc3RlciIsInZlcmlmaWNhdGlvbiI6e319XX0sInNlY3VyaXR5Ijp7InRscyI6eyJjZXJ0aWZpY2F0ZUF1dGhvcml0aWVzIjpbeyJzb3VyY2UiOiJkYXRhOnRleHQvcGxhaW47Y2hhcnNldD11dGYtODtiYXNlNjQsTFMwdExTMUNSVWRKVGlCRFJWSlVTVVpKUTBGVVJTMHRMUzB0Q2sxSlNVUkZSRU5EUVdacFowRjNTVUpCWjBsSlVUaE1WMVJzU1dOWVFtTjNSRkZaU2t0dldrbG9kbU5PUVZGRlRFSlJRWGRLYWtWVFRVSkJSMEV4VlVVS1EzaE5TbUl6UW14aWJrNXZZVmRhTUUxU1FYZEVaMWxFVmxGUlJFVjNaSGxpTWprd1RGZE9hRTFDTkZoRVZFVTFUVVJuZVUxNlJURk9SRVV3VFRGdldBcEVWRWsxVFVSbmVVMUVSVEZPUkVVd1RURnZkMHBxUlZOTlFrRkhRVEZWUlVONFRVcGlNMEpzWW01T2IyRlhXakJOVWtGM1JHZFpSRlpSVVVSRmQyUjVDbUl5T1RCTVYwNW9UVWxKUWtscVFVNUNaMnR4YUd0cFJ6bDNNRUpCVVVWR1FVRlBRMEZST0VGTlNVbENRMmRMUTBGUlJVRjZZM0YwTVN0bWJ6TTNVR0lLVEc0dlZXaGlhblZ5ZFZKbllUSjZMMWhqYUdNdlJXNXpZMHBHY1U1NlRHaFZlakJ4Vm5SWU1tWlJlVE5xU1hJMU9UY3pVRE5ZZUUxYU1UWm5ZVnB0TUFwelpVMHlXSGwxZDJKcGVDOUJaV0p2VmtGNmJVWjFNVXgyZEhaMVpGcEdSV1I2YWxsa1MxazRkR3h0VDFvNWFTOUpNaTlhUTI1WVQwaHlWM3B4ZDNkWENtRTRkbTkwVGtkaGJHVlVOM1ZNY0dGTWIwSllSSE5aWTJjMmRFVjZUa3cxVDJ0dFRVTTNPRTV2YjFGV04ydEpUVWRWVEVreE1EUkhibWhOVUhSWmMwMEtWVFZvYkdkRlZWQjFibEYzUkZkVk0xVXpjVGRXT1VaUE5Ia3dSbHBPYzI5T1NXMVVSbk5TUlZKSFJIVjVRMjFyYWtzd1dUQmhhRUZrU1ZJd1FsRjFad3BYVmt4cGNIZDVPV2RYTWxGaVpIazRSVFZvUjFScE9UaFRWbUZRTm14UlJ6VkpOR0Z4TUZsT1FtbzJjMnhTSzFoSFdsQmhhRFJMT1dSSFUzaFVTa0pJQ25odmVHWnhNMlk0ZVhkSlJFRlJRVUp2TUVsM1VVUkJUMEpuVGxaSVVUaENRV1k0UlVKQlRVTkJjVkYzUkhkWlJGWlNNRlJCVVVndlFrRlZkMEYzUlVJS0wzcEJaRUpuVGxaSVVUUkZSbWRSVlhoeE9HSkVXakJOZVdWMFJGbzJPVWxtTmpKU1lsbFlTbXcyTUhkRVVWbEtTMjlhU1doMlkwNUJVVVZNUWxGQlJBcG5aMFZDUVVSYWMySm9aVlZKYTI5aGVVaFdPRXhxT0VOcWNVeHVXVmc0TTNOblNGbEhZM2huVlVSaGRuTnJNVFU1V2sxalFqVXpiMk5RZW1RMWJGWndDbEpDZFdwdVZYWlRWblJDV2pCdk5VZGpNVFJUUW5wSkswaHJORzlEWmxsQlVWTkhiMnh0Wm5sd1FVeE9XR2x1TmxGRWNteERSa2gzU3pGUFNsSjRUV3dLTTJJMVUxUkRVVXBzTVVaRWVFTTFObkl2ZEZkcVpESjBZVTF3U1dGQmRVbzJWM05uZGtsdGRrMHdTRmxoTkhWdGVUbGFja05hWWxSMFZFTTFkekpsVlFwcVFqWXphQ3QwUWxZMU1XdFFPRE5wWjFKT1QzWTJXV042VFZCQk0xTndWRzlEWlU5d2MzbHhkVkYwTkRaWWRITlhhVEU1Y1ROb0szQlRjREJWYW1oU0NuTnJSR0pSWkRCdE9FVldXSE5CUVhocVUxb3JiR05uWkRWamFsUlhkRFpDYTNWSkwzVlpPRmRSVmxkcVowRnViMk14UzJkM1J6bFhRVzQ1WlVwbWVtb0tNMUZaVEM4eFltSlJkblJYTkhKcWVUaFhWMUZGUW13M09WVmpQUW90TFMwdExVVk9SQ0JEUlZKVVNVWkpRMEZVUlMwdExTMHRDZz09IiwidmVyaWZpY2F0aW9uIjp7fX1dfX0sInRpbWVvdXRzIjp7fSwidmVyc2lvbiI6IjIuMi4wIn0sIm5ldHdvcmtkIjp7fSwicGFzc3dkIjp7fSwic3RvcmFnZSI6e30sInN5c3RlbWQiOnt9fQo=",
                            "append.0.verification": "",
                            "files.#": "2",
                            "files.0": "fbe07a03370697fae86ea33632e264340c4c18ade2076e84c08b5ca53fe0b60f",
                            "files.1": "c6329489806aeb3f5490ed06a384b58e6585f9854d7cced34b3d9ed42170301e",
                            "id": "f0c8dd71cd20a1321bed78850fd730b3e1a6ff649c41497223ef9e3f2f25652c",
                            "rendered": "{\"ignition\":{\"config\":{\"append\":[{\"source\":\"data:text/plain;charset=utf-8;base64,eyJpZ25pdGlvbiI6eyJjb25maWciOnsiYXBwZW5kIjpbeyJzb3VyY2UiOiJodHRwczovL2FwaS1pbnQub2NwNC5ndHNsYWJzLmlibS5jb206MjI2MjMvY29uZmlnL21hc3RlciIsInZlcmlmaWNhdGlvbiI6e319XX0sInNlY3VyaXR5Ijp7InRscyI6eyJjZXJ0aWZpY2F0ZUF1dGhvcml0aWVzIjpbeyJzb3VyY2UiOiJkYXRhOnRleHQvcGxhaW47Y2hhcnNldD11dGYtODtiYXNlNjQsTFMwdExTMUNSVWRKVGlCRFJWSlVTVVpKUTBGVVJTMHRMUzB0Q2sxSlNVUkZSRU5EUVdacFowRjNTVUpCWjBsSlVUaE1WMVJzU1dOWVFtTjNSRkZaU2t0dldrbG9kbU5PUVZGRlRFSlJRWGRLYWtWVFRVSkJSMEV4VlVVS1EzaE5TbUl6UW14aWJrNXZZVmRhTUUxU1FYZEVaMWxFVmxGUlJFVjNaSGxpTWprd1RGZE9hRTFDTkZoRVZFVTFUVVJuZVUxNlJURk9SRVV3VFRGdldBcEVWRWsxVFVSbmVVMUVSVEZPUkVVd1RURnZkMHBxUlZOTlFrRkhRVEZWUlVONFRVcGlNMEpzWW01T2IyRlhXakJOVWtGM1JHZFpSRlpSVVVSRmQyUjVDbUl5T1RCTVYwNW9UVWxKUWtscVFVNUNaMnR4YUd0cFJ6bDNNRUpCVVVWR1FVRlBRMEZST0VGTlNVbENRMmRMUTBGUlJVRjZZM0YwTVN0bWJ6TTNVR0lLVEc0dlZXaGlhblZ5ZFZKbllUSjZMMWhqYUdNdlJXNXpZMHBHY1U1NlRHaFZlakJ4Vm5SWU1tWlJlVE5xU1hJMU9UY3pVRE5ZZUUxYU1UWm5ZVnB0TUFwelpVMHlXSGwxZDJKcGVDOUJaV0p2VmtGNmJVWjFNVXgyZEhaMVpGcEdSV1I2YWxsa1MxazRkR3h0VDFvNWFTOUpNaTlhUTI1WVQwaHlWM3B4ZDNkWENtRTRkbTkwVGtkaGJHVlVOM1ZNY0dGTWIwSllSSE5aWTJjMmRFVjZUa3cxVDJ0dFRVTTNPRTV2YjFGV04ydEpUVWRWVEVreE1EUkhibWhOVUhSWmMwMEtWVFZvYkdkRlZWQjFibEYzUkZkVk0xVXpjVGRXT1VaUE5Ia3dSbHBPYzI5T1NXMVVSbk5TUlZKSFJIVjVRMjFyYWtzd1dUQmhhRUZrU1ZJd1FsRjFad3BYVmt4cGNIZDVPV2RYTWxGaVpIazRSVFZvUjFScE9UaFRWbUZRTm14UlJ6VkpOR0Z4TUZsT1FtbzJjMnhTSzFoSFdsQmhhRFJMT1dSSFUzaFVTa0pJQ25odmVHWnhNMlk0ZVhkSlJFRlJRVUp2TUVsM1VVUkJUMEpuVGxaSVVUaENRV1k0UlVKQlRVTkJjVkYzUkhkWlJGWlNNRlJCVVVndlFrRlZkMEYzUlVJS0wzcEJaRUpuVGxaSVVUUkZSbWRSVlhoeE9HSkVXakJOZVdWMFJGbzJPVWxtTmpKU1lsbFlTbXcyTUhkRVVWbEtTMjlhU1doMlkwNUJVVVZNUWxGQlJBcG5aMFZDUVVSYWMySm9aVlZKYTI5aGVVaFdPRXhxT0VOcWNVeHVXVmc0TTNOblNGbEhZM2huVlVSaGRuTnJNVFU1V2sxalFqVXpiMk5RZW1RMWJGWndDbEpDZFdwdVZYWlRWblJDV2pCdk5VZGpNVFJUUW5wSkswaHJORzlEWmxsQlVWTkhiMnh0Wm5sd1FVeE9XR2x1TmxGRWNteERSa2gzU3pGUFNsSjRUV3dLTTJJMVUxUkRVVXBzTVVaRWVFTTFObkl2ZEZkcVpESjBZVTF3U1dGQmRVbzJWM05uZGtsdGRrMHdTRmxoTkhWdGVUbGFja05hWWxSMFZFTTFkekpsVlFwcVFqWXphQ3QwUWxZMU1XdFFPRE5wWjFKT1QzWTJXV042VFZCQk0xTndWRzlEWlU5d2MzbHhkVkYwTkRaWWRITlhhVEU1Y1ROb0szQlRjREJWYW1oU0NuTnJSR0pSWkRCdE9FVldXSE5CUVhocVUxb3JiR05uWkRWamFsUlhkRFpDYTNWSkwzVlpPRmRSVmxkcVowRnViMk14UzJkM1J6bFhRVzQ1WlVwbWVtb0tNMUZaVEM4eFltSlJkblJYTkhKcWVUaFhWMUZGUW13M09WVmpQUW90TFMwdExVVk9SQ0JEUlZKVVNVWkpRMEZVUlMwdExTMHRDZz09IiwidmVyaWZpY2F0aW9uIjp7fX1dfX0sInRpbWVvdXRzIjp7fSwidmVyc2lvbiI6IjIuMi4wIn0sIm5ldHdvcmtkIjp7fSwicGFzc3dkIjp7fSwic3RvcmFnZSI6e30sInN5c3RlbWQiOnt9fQo=\",\"verification\":{}}]},\"timeouts\":{},\"version\":\"2.1.0\"},\"networkd\":{},\"passwd\":{},\"storage\":{\"files\":[{\"filesystem\":\"root\",\"group\":{},\"path\":\"/etc/hostname\",\"user\":{},\"contents\":{\"source\":\"data:text/plain;charset=utf-8;base64,Y29udHJvbC1wbGFuZS0x\",\"verification\":{}},\"mode\":420},{\"filesystem\":\"root\",\"group\":{},\"path\":\"/etc/sysconfig/network-scripts/ifcfg-ens192\",\"user\":{},\"contents\":{\"source\":\"data:text/plain;charset=utf-8;base64,VFlQRT1FdGhlcm5ldApCT09UUFJPVE89bm9uZQpOQU1FPWVuczE5MgpERVZJQ0U9ZW5zMTkyCk9OQk9PVD15ZXMKSVBBRERSPTE5Mi4xNjguNjAuMTEKUFJFRklYPTI0CkdBVEVXQVk9MTkyLjE2OC42MC4yNTQKRE9NQUlOPW9jcDQuZ3RzbGFicy5pYm0uY29tCkROUzE9MTkyLjE2OC42MC4yNTQK\",\"verification\":{}},\"mode\":420}]},\"systemd\":{\"units\":[{\"contents\":\"[Unit]\\nConditionFirstBoot=yes\\n[Service]\\nType=idle\\nExecStart=/sbin/reboot\\n[Install]\\nWantedBy=multi-user.target\\n\",\"enabled\":true,\"name\":\"restart.service\"}]}}",
                            "systemd.#": "1",
                            "systemd.0": "2b2088c1732c1d1acffcbbe6386c2952e57ca2903cec0dc24bd4cb0f42abc300"
                        },
                        "meta": {},
                        "tainted": false
                    },
                    "deposed": [],
                    "provider": "provider.ignition"
                },
                "data.ignition_config.ign.2": {
                    "type": "ignition_config",
                    "depends_on": [
                        "data.ignition_file.hostname.*",
                        "data.ignition_file.static_ip.*",
                        "data.ignition_systemd_unit.restart.*",
                        "local.ignition_encoded"
                    ],
                    "primary": {
                        "id": "cb13d90d5f76d59553971d62d095d4e5187d42825a5f85beaba256132b41ec33",
                        "attributes": {
                            "append.#": "1",
                            "append.0.source": "data:text/plain;charset=utf-8;base64,eyJpZ25pdGlvbiI6eyJjb25maWciOnsiYXBwZW5kIjpbeyJzb3VyY2UiOiJodHRwczovL2FwaS1pbnQub2NwNC5ndHNsYWJzLmlibS5jb206MjI2MjMvY29uZmlnL21hc3RlciIsInZlcmlmaWNhdGlvbiI6e319XX0sInNlY3VyaXR5Ijp7InRscyI6eyJjZXJ0aWZpY2F0ZUF1dGhvcml0aWVzIjpbeyJzb3VyY2UiOiJkYXRhOnRleHQvcGxhaW47Y2hhcnNldD11dGYtODtiYXNlNjQsTFMwdExTMUNSVWRKVGlCRFJWSlVTVVpKUTBGVVJTMHRMUzB0Q2sxSlNVUkZSRU5EUVdacFowRjNTVUpCWjBsSlVUaE1WMVJzU1dOWVFtTjNSRkZaU2t0dldrbG9kbU5PUVZGRlRFSlJRWGRLYWtWVFRVSkJSMEV4VlVVS1EzaE5TbUl6UW14aWJrNXZZVmRhTUUxU1FYZEVaMWxFVmxGUlJFVjNaSGxpTWprd1RGZE9hRTFDTkZoRVZFVTFUVVJuZVUxNlJURk9SRVV3VFRGdldBcEVWRWsxVFVSbmVVMUVSVEZPUkVVd1RURnZkMHBxUlZOTlFrRkhRVEZWUlVONFRVcGlNMEpzWW01T2IyRlhXakJOVWtGM1JHZFpSRlpSVVVSRmQyUjVDbUl5T1RCTVYwNW9UVWxKUWtscVFVNUNaMnR4YUd0cFJ6bDNNRUpCVVVWR1FVRlBRMEZST0VGTlNVbENRMmRMUTBGUlJVRjZZM0YwTVN0bWJ6TTNVR0lLVEc0dlZXaGlhblZ5ZFZKbllUSjZMMWhqYUdNdlJXNXpZMHBHY1U1NlRHaFZlakJ4Vm5SWU1tWlJlVE5xU1hJMU9UY3pVRE5ZZUUxYU1UWm5ZVnB0TUFwelpVMHlXSGwxZDJKcGVDOUJaV0p2VmtGNmJVWjFNVXgyZEhaMVpGcEdSV1I2YWxsa1MxazRkR3h0VDFvNWFTOUpNaTlhUTI1WVQwaHlWM3B4ZDNkWENtRTRkbTkwVGtkaGJHVlVOM1ZNY0dGTWIwSllSSE5aWTJjMmRFVjZUa3cxVDJ0dFRVTTNPRTV2YjFGV04ydEpUVWRWVEVreE1EUkhibWhOVUhSWmMwMEtWVFZvYkdkRlZWQjFibEYzUkZkVk0xVXpjVGRXT1VaUE5Ia3dSbHBPYzI5T1NXMVVSbk5TUlZKSFJIVjVRMjFyYWtzd1dUQmhhRUZrU1ZJd1FsRjFad3BYVmt4cGNIZDVPV2RYTWxGaVpIazRSVFZvUjFScE9UaFRWbUZRTm14UlJ6VkpOR0Z4TUZsT1FtbzJjMnhTSzFoSFdsQmhhRFJMT1dSSFUzaFVTa0pJQ25odmVHWnhNMlk0ZVhkSlJFRlJRVUp2TUVsM1VVUkJUMEpuVGxaSVVUaENRV1k0UlVKQlRVTkJjVkYzUkhkWlJGWlNNRlJCVVVndlFrRlZkMEYzUlVJS0wzcEJaRUpuVGxaSVVUUkZSbWRSVlhoeE9HSkVXakJOZVdWMFJGbzJPVWxtTmpKU1lsbFlTbXcyTUhkRVVWbEtTMjlhU1doMlkwNUJVVVZNUWxGQlJBcG5aMFZDUVVSYWMySm9aVlZKYTI5aGVVaFdPRXhxT0VOcWNVeHVXVmc0TTNOblNGbEhZM2huVlVSaGRuTnJNVFU1V2sxalFqVXpiMk5RZW1RMWJGWndDbEpDZFdwdVZYWlRWblJDV2pCdk5VZGpNVFJUUW5wSkswaHJORzlEWmxsQlVWTkhiMnh0Wm5sd1FVeE9XR2x1TmxGRWNteERSa2gzU3pGUFNsSjRUV3dLTTJJMVUxUkRVVXBzTVVaRWVFTTFObkl2ZEZkcVpESjBZVTF3U1dGQmRVbzJWM05uZGtsdGRrMHdTRmxoTkhWdGVUbGFja05hWWxSMFZFTTFkekpsVlFwcVFqWXphQ3QwUWxZMU1XdFFPRE5wWjFKT1QzWTJXV042VFZCQk0xTndWRzlEWlU5d2MzbHhkVkYwTkRaWWRITlhhVEU1Y1ROb0szQlRjREJWYW1oU0NuTnJSR0pSWkRCdE9FVldXSE5CUVhocVUxb3JiR05uWkRWamFsUlhkRFpDYTNWSkwzVlpPRmRSVmxkcVowRnViMk14UzJkM1J6bFhRVzQ1WlVwbWVtb0tNMUZaVEM4eFltSlJkblJYTkhKcWVUaFhWMUZGUW13M09WVmpQUW90TFMwdExVVk9SQ0JEUlZKVVNVWkpRMEZVUlMwdExTMHRDZz09IiwidmVyaWZpY2F0aW9uIjp7fX1dfX0sInRpbWVvdXRzIjp7fSwidmVyc2lvbiI6IjIuMi4wIn0sIm5ldHdvcmtkIjp7fSwicGFzc3dkIjp7fSwic3RvcmFnZSI6e30sInN5c3RlbWQiOnt9fQo=",
                            "append.0.verification": "",
                            "files.#": "2",
                            "files.0": "3b9c5fd6b2d6a083838a963ebb8fa9d26f0f2e60275db378224df1fad3b6add2",
                            "files.1": "331909926ed23a7e37de19c2aceb84076ac00aac93957bb51b486f2c7f7b4277",
                            "id": "cb13d90d5f76d59553971d62d095d4e5187d42825a5f85beaba256132b41ec33",
                            "rendered": "{\"ignition\":{\"config\":{\"append\":[{\"source\":\"data:text/plain;charset=utf-8;base64,eyJpZ25pdGlvbiI6eyJjb25maWciOnsiYXBwZW5kIjpbeyJzb3VyY2UiOiJodHRwczovL2FwaS1pbnQub2NwNC5ndHNsYWJzLmlibS5jb206MjI2MjMvY29uZmlnL21hc3RlciIsInZlcmlmaWNhdGlvbiI6e319XX0sInNlY3VyaXR5Ijp7InRscyI6eyJjZXJ0aWZpY2F0ZUF1dGhvcml0aWVzIjpbeyJzb3VyY2UiOiJkYXRhOnRleHQvcGxhaW47Y2hhcnNldD11dGYtODtiYXNlNjQsTFMwdExTMUNSVWRKVGlCRFJWSlVTVVpKUTBGVVJTMHRMUzB0Q2sxSlNVUkZSRU5EUVdacFowRjNTVUpCWjBsSlVUaE1WMVJzU1dOWVFtTjNSRkZaU2t0dldrbG9kbU5PUVZGRlRFSlJRWGRLYWtWVFRVSkJSMEV4VlVVS1EzaE5TbUl6UW14aWJrNXZZVmRhTUUxU1FYZEVaMWxFVmxGUlJFVjNaSGxpTWprd1RGZE9hRTFDTkZoRVZFVTFUVVJuZVUxNlJURk9SRVV3VFRGdldBcEVWRWsxVFVSbmVVMUVSVEZPUkVVd1RURnZkMHBxUlZOTlFrRkhRVEZWUlVONFRVcGlNMEpzWW01T2IyRlhXakJOVWtGM1JHZFpSRlpSVVVSRmQyUjVDbUl5T1RCTVYwNW9UVWxKUWtscVFVNUNaMnR4YUd0cFJ6bDNNRUpCVVVWR1FVRlBRMEZST0VGTlNVbENRMmRMUTBGUlJVRjZZM0YwTVN0bWJ6TTNVR0lLVEc0dlZXaGlhblZ5ZFZKbllUSjZMMWhqYUdNdlJXNXpZMHBHY1U1NlRHaFZlakJ4Vm5SWU1tWlJlVE5xU1hJMU9UY3pVRE5ZZUUxYU1UWm5ZVnB0TUFwelpVMHlXSGwxZDJKcGVDOUJaV0p2VmtGNmJVWjFNVXgyZEhaMVpGcEdSV1I2YWxsa1MxazRkR3h0VDFvNWFTOUpNaTlhUTI1WVQwaHlWM3B4ZDNkWENtRTRkbTkwVGtkaGJHVlVOM1ZNY0dGTWIwSllSSE5aWTJjMmRFVjZUa3cxVDJ0dFRVTTNPRTV2YjFGV04ydEpUVWRWVEVreE1EUkhibWhOVUhSWmMwMEtWVFZvYkdkRlZWQjFibEYzUkZkVk0xVXpjVGRXT1VaUE5Ia3dSbHBPYzI5T1NXMVVSbk5TUlZKSFJIVjVRMjFyYWtzd1dUQmhhRUZrU1ZJd1FsRjFad3BYVmt4cGNIZDVPV2RYTWxGaVpIazRSVFZvUjFScE9UaFRWbUZRTm14UlJ6VkpOR0Z4TUZsT1FtbzJjMnhTSzFoSFdsQmhhRFJMT1dSSFUzaFVTa0pJQ25odmVHWnhNMlk0ZVhkSlJFRlJRVUp2TUVsM1VVUkJUMEpuVGxaSVVUaENRV1k0UlVKQlRVTkJjVkYzUkhkWlJGWlNNRlJCVVVndlFrRlZkMEYzUlVJS0wzcEJaRUpuVGxaSVVUUkZSbWRSVlhoeE9HSkVXakJOZVdWMFJGbzJPVWxtTmpKU1lsbFlTbXcyTUhkRVVWbEtTMjlhU1doMlkwNUJVVVZNUWxGQlJBcG5aMFZDUVVSYWMySm9aVlZKYTI5aGVVaFdPRXhxT0VOcWNVeHVXVmc0TTNOblNGbEhZM2huVlVSaGRuTnJNVFU1V2sxalFqVXpiMk5RZW1RMWJGWndDbEpDZFdwdVZYWlRWblJDV2pCdk5VZGpNVFJUUW5wSkswaHJORzlEWmxsQlVWTkhiMnh0Wm5sd1FVeE9XR2x1TmxGRWNteERSa2gzU3pGUFNsSjRUV3dLTTJJMVUxUkRVVXBzTVVaRWVFTTFObkl2ZEZkcVpESjBZVTF3U1dGQmRVbzJWM05uZGtsdGRrMHdTRmxoTkhWdGVUbGFja05hWWxSMFZFTTFkekpsVlFwcVFqWXphQ3QwUWxZMU1XdFFPRE5wWjFKT1QzWTJXV042VFZCQk0xTndWRzlEWlU5d2MzbHhkVkYwTkRaWWRITlhhVEU1Y1ROb0szQlRjREJWYW1oU0NuTnJSR0pSWkRCdE9FVldXSE5CUVhocVUxb3JiR05uWkRWamFsUlhkRFpDYTNWSkwzVlpPRmRSVmxkcVowRnViMk14UzJkM1J6bFhRVzQ1WlVwbWVtb0tNMUZaVEM4eFltSlJkblJYTkhKcWVUaFhWMUZGUW13M09WVmpQUW90TFMwdExVVk9SQ0JEUlZKVVNVWkpRMEZVUlMwdExTMHRDZz09IiwidmVyaWZpY2F0aW9uIjp7fX1dfX0sInRpbWVvdXRzIjp7fSwidmVyc2lvbiI6IjIuMi4wIn0sIm5ldHdvcmtkIjp7fSwicGFzc3dkIjp7fSwic3RvcmFnZSI6e30sInN5c3RlbWQiOnt9fQo=\",\"verification\":{}}]},\"timeouts\":{},\"version\":\"2.1.0\"},\"networkd\":{},\"passwd\":{},\"storage\":{\"files\":[{\"filesystem\":\"root\",\"group\":{},\"path\":\"/etc/hostname\",\"user\":{},\"contents\":{\"source\":\"data:text/plain;charset=utf-8;base64,Y29udHJvbC1wbGFuZS0y\",\"verification\":{}},\"mode\":420},{\"filesystem\":\"root\",\"group\":{},\"path\":\"/etc/sysconfig/network-scripts/ifcfg-ens192\",\"user\":{},\"contents\":{\"source\":\"data:text/plain;charset=utf-8;base64,VFlQRT1FdGhlcm5ldApCT09UUFJPVE89bm9uZQpOQU1FPWVuczE5MgpERVZJQ0U9ZW5zMTkyCk9OQk9PVD15ZXMKSVBBRERSPTE5Mi4xNjguNjAuMTIKUFJFRklYPTI0CkdBVEVXQVk9MTkyLjE2OC42MC4yNTQKRE9NQUlOPW9jcDQuZ3RzbGFicy5pYm0uY29tCkROUzE9MTkyLjE2OC42MC4yNTQK\",\"verification\":{}},\"mode\":420}]},\"systemd\":{\"units\":[{\"contents\":\"[Unit]\\nConditionFirstBoot=yes\\n[Service]\\nType=idle\\nExecStart=/sbin/reboot\\n[Install]\\nWantedBy=multi-user.target\\n\",\"enabled\":true,\"name\":\"restart.service\"}]}}",
                            "systemd.#": "1",
                            "systemd.0": "2b2088c1732c1d1acffcbbe6386c2952e57ca2903cec0dc24bd4cb0f42abc300"
                        },
                        "meta": {},
                        "tainted": false
                    },
                    "deposed": [],
                    "provider": "provider.ignition"
                },
                "data.ignition_file.hostname.0": {
                    "type": "ignition_file",
                    "depends_on": [],
                    "primary": {
                        "id": "15993e847c56ea3a5c0732a5cac8e81241a2da17752a4dca3c03046a185c6625",
                        "attributes": {
                            "content.#": "1",
                            "content.0.content": "control-plane-0",
                            "content.0.mime": "text/plain",
                            "filesystem": "root",
                            "id": "15993e847c56ea3a5c0732a5cac8e81241a2da17752a4dca3c03046a185c6625",
                            "mode": "420",
                            "path": "/etc/hostname"
                        },
                        "meta": {},
                        "tainted": false
                    },
                    "deposed": [],
                    "provider": "provider.ignition"
                },
                "data.ignition_file.hostname.1": {
                    "type": "ignition_file",
                    "depends_on": [],
                    "primary": {
                        "id": "fbe07a03370697fae86ea33632e264340c4c18ade2076e84c08b5ca53fe0b60f",
                        "attributes": {
                            "content.#": "1",
                            "content.0.content": "control-plane-1",
                            "content.0.mime": "text/plain",
                            "filesystem": "root",
                            "id": "fbe07a03370697fae86ea33632e264340c4c18ade2076e84c08b5ca53fe0b60f",
                            "mode": "420",
                            "path": "/etc/hostname"
                        },
                        "meta": {},
                        "tainted": false
                    },
                    "deposed": [],
                    "provider": "provider.ignition"
                },
                "data.ignition_file.hostname.2": {
                    "type": "ignition_file",
                    "depends_on": [],
                    "primary": {
                        "id": "3b9c5fd6b2d6a083838a963ebb8fa9d26f0f2e60275db378224df1fad3b6add2",
                        "attributes": {
                            "content.#": "1",
                            "content.0.content": "control-plane-2",
                            "content.0.mime": "text/plain",
                            "filesystem": "root",
                            "id": "3b9c5fd6b2d6a083838a963ebb8fa9d26f0f2e60275db378224df1fad3b6add2",
                            "mode": "420",
                            "path": "/etc/hostname"
                        },
                        "meta": {},
                        "tainted": false
                    },
                    "deposed": [],
                    "provider": "provider.ignition"
                },
                "data.ignition_file.static_ip.0": {
                    "type": "ignition_file",
                    "depends_on": [
                        "local.gw",
                        "local.ip_addresses",
                        "local.mask"
                    ],
                    "primary": {
                        "id": "89e56f467c04785009cb1876d943c79d178218ef39ebc8f850f586a23b339822",
                        "attributes": {
                            "content.#": "1",
                            "content.0.content": "TYPE=Ethernet\nBOOTPROTO=none\nNAME=ens192\nDEVICE=ens192\nONBOOT=yes\nIPADDR=192.168.60.10\nPREFIX=24\nGATEWAY=192.168.60.254\nDOMAIN=ocp4.gtslabs.ibm.com\nDNS1=192.168.60.254\n",
                            "content.0.mime": "text/plain",
                            "filesystem": "root",
                            "id": "89e56f467c04785009cb1876d943c79d178218ef39ebc8f850f586a23b339822",
                            "mode": "420",
                            "path": "/etc/sysconfig/network-scripts/ifcfg-ens192"
                        },
                        "meta": {},
                        "tainted": false
                    },
                    "deposed": [],
                    "provider": "provider.ignition"
                },
                "data.ignition_file.static_ip.1": {
                    "type": "ignition_file",
                    "depends_on": [
                        "local.gw",
                        "local.ip_addresses",
                        "local.mask"
                    ],
                    "primary": {
                        "id": "c6329489806aeb3f5490ed06a384b58e6585f9854d7cced34b3d9ed42170301e",
                        "attributes": {
                            "content.#": "1",
                            "content.0.content": "TYPE=Ethernet\nBOOTPROTO=none\nNAME=ens192\nDEVICE=ens192\nONBOOT=yes\nIPADDR=192.168.60.11\nPREFIX=24\nGATEWAY=192.168.60.254\nDOMAIN=ocp4.gtslabs.ibm.com\nDNS1=192.168.60.254\n",
                            "content.0.mime": "text/plain",
                            "filesystem": "root",
                            "id": "c6329489806aeb3f5490ed06a384b58e6585f9854d7cced34b3d9ed42170301e",
                            "mode": "420",
                            "path": "/etc/sysconfig/network-scripts/ifcfg-ens192"
                        },
                        "meta": {},
                        "tainted": false
                    },
                    "deposed": [],
                    "provider": "provider.ignition"
                },
                "data.ignition_file.static_ip.2": {
                    "type": "ignition_file",
                    "depends_on": [
                        "local.gw",
                        "local.ip_addresses",
                        "local.mask"
                    ],
                    "primary": {
                        "id": "331909926ed23a7e37de19c2aceb84076ac00aac93957bb51b486f2c7f7b4277",
                        "attributes": {
                            "content.#": "1",
                            "content.0.content": "TYPE=Ethernet\nBOOTPROTO=none\nNAME=ens192\nDEVICE=ens192\nONBOOT=yes\nIPADDR=192.168.60.12\nPREFIX=24\nGATEWAY=192.168.60.254\nDOMAIN=ocp4.gtslabs.ibm.com\nDNS1=192.168.60.254\n",
                            "content.0.mime": "text/plain",
                            "filesystem": "root",
                            "id": "331909926ed23a7e37de19c2aceb84076ac00aac93957bb51b486f2c7f7b4277",
                            "mode": "420",
                            "path": "/etc/sysconfig/network-scripts/ifcfg-ens192"
                        },
                        "meta": {},
                        "tainted": false
                    },
                    "deposed": [],
                    "provider": "provider.ignition"
                },
                "data.ignition_systemd_unit.restart.0": {
                    "type": "ignition_systemd_unit",
                    "depends_on": [],
                    "primary": {
                        "id": "2b2088c1732c1d1acffcbbe6386c2952e57ca2903cec0dc24bd4cb0f42abc300",
                        "attributes": {
                            "content": "[Unit]\nConditionFirstBoot=yes\n[Service]\nType=idle\nExecStart=/sbin/reboot\n[Install]\nWantedBy=multi-user.target\n",
                            "enabled": "true",
                            "id": "2b2088c1732c1d1acffcbbe6386c2952e57ca2903cec0dc24bd4cb0f42abc300",
                            "name": "restart.service"
                        },
                        "meta": {},
                        "tainted": false
                    },
                    "deposed": [],
                    "provider": "provider.ignition"
                },
                "data.ignition_systemd_unit.restart.1": {
                    "type": "ignition_systemd_unit",
                    "depends_on": [],
                    "primary": {
                        "id": "2b2088c1732c1d1acffcbbe6386c2952e57ca2903cec0dc24bd4cb0f42abc300",
                        "attributes": {
                            "content": "[Unit]\nConditionFirstBoot=yes\n[Service]\nType=idle\nExecStart=/sbin/reboot\n[Install]\nWantedBy=multi-user.target\n",
                            "enabled": "true",
                            "id": "2b2088c1732c1d1acffcbbe6386c2952e57ca2903cec0dc24bd4cb0f42abc300",
                            "name": "restart.service"
                        },
                        "meta": {},
                        "tainted": false
                    },
                    "deposed": [],
                    "provider": "provider.ignition"
                },
                "data.ignition_systemd_unit.restart.2": {
                    "type": "ignition_systemd_unit",
                    "depends_on": [],
                    "primary": {
                        "id": "2b2088c1732c1d1acffcbbe6386c2952e57ca2903cec0dc24bd4cb0f42abc300",
                        "attributes": {
                            "content": "[Unit]\nConditionFirstBoot=yes\n[Service]\nType=idle\nExecStart=/sbin/reboot\n[Install]\nWantedBy=multi-user.target\n",
                            "enabled": "true",
                            "id": "2b2088c1732c1d1acffcbbe6386c2952e57ca2903cec0dc24bd4cb0f42abc300",
                            "name": "restart.service"
                        },
                        "meta": {},
                        "tainted": false
                    },
                    "deposed": [],
                    "provider": "provider.ignition"
                },
                "data.vsphere_datastore.datastore": {
                    "type": "vsphere_datastore",
                    "depends_on": [],
                    "primary": {
                        "id": "datastore-12",
                        "attributes": {
                            "datacenter_id": "datacenter-2",
                            "id": "datastore-12",
                            "name": "vsanDatastore"
                        },
                        "meta": {},
                        "tainted": false
                    },
                    "deposed": [],
                    "provider": "provider.vsphere"
                },
                "data.vsphere_network.network": {
                    "type": "vsphere_network",
                    "depends_on": [],
                    "primary": {
                        "id": "dvportgroup-243",
                        "attributes": {
                            "datacenter_id": "datacenter-2",
                            "id": "dvportgroup-243",
                            "name": "vxw-dvs-24-virtualwire-8-sid-6006-ocp-platform-network",
                            "type": "DistributedVirtualPortgroup"
                        },
                        "meta": {},
                        "tainted": false
                    },
                    "deposed": [],
                    "provider": "provider.vsphere"
                },
                "data.vsphere_virtual_machine.template": {
                    "type": "vsphere_virtual_machine",
                    "depends_on": [],
                    "primary": {
                        "id": "42161048-3c18-d100-7a14-fd5e75f3c7a5",
                        "attributes": {
                            "alternate_guest_name": "",
                            "datacenter_id": "datacenter-2",
                            "disks.#": "1",
                            "disks.0.eagerly_scrub": "false",
                            "disks.0.size": "16",
                            "disks.0.thin_provisioned": "true",
                            "firmware": "bios",
                            "guest_id": "other26xLinux64Guest",
                            "id": "42161048-3c18-d100-7a14-fd5e75f3c7a5",
                            "name": "rhcos-latest",
                            "network_interface_types.#": "1",
                            "network_interface_types.0": "vmxnet3",
                            "scsi_bus_sharing": "noSharing",
                            "scsi_controller_scan_count": "1",
                            "scsi_type": "pvscsi"
                        },
                        "meta": {},
                        "tainted": false
                    },
                    "deposed": [],
                    "provider": "provider.vsphere"
                },
                "vsphere_virtual_machine.vm.0": {
                    "type": "vsphere_virtual_machine",
                    "depends_on": [
                        "data.ignition_config.ign.*",
                        "data.vsphere_datastore.datastore",
                        "data.vsphere_network.network",
                        "data.vsphere_virtual_machine.template"
                    ],
                    "primary": {
                        "id": "42165e20-1e4f-950e-4369-545150f1f557",
                        "attributes": {
                            "alternate_guest_name": "",
                            "annotation": "",
                            "boot_delay": "0",
                            "boot_retry_delay": "10000",
                            "boot_retry_enabled": "false",
                            "cdrom.#": "0",
                            "change_version": "2019-08-24T01:56:31.257344Z",
                            "clone.#": "1",
                            "clone.0.customize.#": "0",
                            "clone.0.linked_clone": "false",
                            "clone.0.template_uuid": "42161048-3c18-d100-7a14-fd5e75f3c7a5",
                            "clone.0.timeout": "30",
                            "cpu_hot_add_enabled": "false",
                            "cpu_hot_remove_enabled": "false",
                            "cpu_limit": "-1",
                            "cpu_performance_counters_enabled": "false",
                            "cpu_reservation": "0",
                            "cpu_share_count": "4000",
                            "cpu_share_level": "normal",
                            "custom_attributes.%": "0",
                            "datastore_id": "datastore-12",
                            "disk.#": "1",
                            "disk.0.attach": "false",
                            "disk.0.datastore_id": "datastore-12",
                            "disk.0.device_address": "scsi:0:0",
                            "disk.0.disk_mode": "persistent",
                            "disk.0.disk_sharing": "sharingNone",
                            "disk.0.eagerly_scrub": "false",
                            "disk.0.io_limit": "-1",
                            "disk.0.io_reservation": "0",
                            "disk.0.io_share_count": "1000",
                            "disk.0.io_share_level": "normal",
                            "disk.0.keep_on_remove": "false",
                            "disk.0.key": "2000",
                            "disk.0.label": "disk0",
                            "disk.0.name": "",
                            "disk.0.path": "2f99605d-2e65-8dd0-7ad3-0cc47ad36a20/control-plane-0.vmdk",
                            "disk.0.size": "60",
                            "disk.0.thin_provisioned": "true",
                            "disk.0.unit_number": "0",
                            "disk.0.uuid": "6000C299-51b8-1f2b-44f7-9510243cff09",
                            "disk.0.write_through": "false",
                            "efi_secure_boot_enabled": "false",
                            "enable_disk_uuid": "true",
                            "enable_logging": "false",
                            "ept_rvi_mode": "automatic",
                            "extra_config.%": "0",
                            "firmware": "bios",
                            "folder": "ocp4",
                            "force_power_off": "true",
                            "guest_id": "other26xLinux64Guest",
                            "guest_ip_addresses.#": "0",
                            "host_system_id": "host-18",
                            "hv_mode": "hvAuto",
                            "id": "42165e20-1e4f-950e-4369-545150f1f557",
                            "latency_sensitivity": "normal",
                            "memory": "8192",
                            "memory_hot_add_enabled": "false",
                            "memory_limit": "-1",
                            "memory_reservation": "0",
                            "memory_share_count": "81920",
                            "memory_share_level": "normal",
                            "migrate_wait_timeout": "30",
                            "moid": "vm-505",
                            "name": "control-plane-0",
                            "nested_hv_enabled": "false",
                            "network_interface.#": "1",
                            "network_interface.0.adapter_type": "vmxnet3",
                            "network_interface.0.bandwidth_limit": "-1",
                            "network_interface.0.bandwidth_reservation": "0",
                            "network_interface.0.bandwidth_share_count": "50",
                            "network_interface.0.bandwidth_share_level": "normal",
                            "network_interface.0.device_address": "pci:0:7",
                            "network_interface.0.key": "4000",
                            "network_interface.0.mac_address": "00:50:56:96:b4:be",
                            "network_interface.0.network_id": "dvportgroup-243",
                            "network_interface.0.use_static_mac": "false",
                            "num_cores_per_socket": "1",
                            "num_cpus": "4",
                            "reboot_required": "false",
                            "resource_pool_id": "resgroup-501",
                            "run_tools_scripts_after_power_on": "true",
                            "run_tools_scripts_after_resume": "true",
                            "run_tools_scripts_before_guest_reboot": "false",
                            "run_tools_scripts_before_guest_shutdown": "true",
                            "run_tools_scripts_before_guest_standby": "true",
                            "scsi_bus_sharing": "noSharing",
                            "scsi_controller_count": "1",
                            "scsi_type": "pvscsi",
                            "shutdown_wait_timeout": "3",
                            "swap_placement_policy": "inherit",
                            "sync_time_with_host": "false",
                            "tags.#": "0",
                            "uuid": "42165e20-1e4f-950e-4369-545150f1f557",
                            "vapp.#": "1",
                            "vapp.0.properties.%": "2",
                            "vapp.0.properties.guestinfo.ignition.config.data": "eyJpZ25pdGlvbiI6eyJjb25maWciOnsiYXBwZW5kIjpbeyJzb3VyY2UiOiJkYXRhOnRleHQvcGxhaW47Y2hhcnNldD11dGYtODtiYXNlNjQsZXlKcFoyNXBkR2x2YmlJNmV5SmpiMjVtYVdjaU9uc2lZWEJ3Wlc1a0lqcGJleUp6YjNWeVkyVWlPaUpvZEhSd2N6b3ZMMkZ3YVMxcGJuUXViMk53TkM1bmRITnNZV0p6TG1saWJTNWpiMjA2TWpJMk1qTXZZMjl1Wm1sbkwyMWhjM1JsY2lJc0luWmxjbWxtYVdOaGRHbHZiaUk2ZTMxOVhYMHNJbk5sWTNWeWFYUjVJanA3SW5Sc2N5STZleUpqWlhKMGFXWnBZMkYwWlVGMWRHaHZjbWwwYVdWeklqcGJleUp6YjNWeVkyVWlPaUprWVhSaE9uUmxlSFF2Y0d4aGFXNDdZMmhoY25ObGREMTFkR1l0T0R0aVlYTmxOalFzVEZNd2RFeFRNVU5TVldSS1ZHbENSRkpXU2xWVFZWcEtVVEJHVlZKVE1IUk1VekIwUTJzeFNsTlZVa1pTUlU1RVVWZGFjRm93UmpOVFZVcENXakJzU2xWVWFFMVdNVkp6VTFkT1dWRnRUak5TUmtaYVUydDBkbGRyYkc5a2JVNVBVVlpHUmxSRlNsSlJXR1JMWVd0V1ZGUlZTa0pTTUVWNFZsVlZTMUV6YUU1VGJVbDZVVzE0YVdKck5YWlpWbVJoVFVVeFUxRllaRVZhTVd4RlZteEdVbEpGVmpOYVNHeHBUV3ByZDFSR1pFOWhSVEZEVGtab1JWWkZWVEZVVlZKdVpWVXhObEpVUms5U1JWVjNWRlJHZGxkQmNFVldSV3N4VkZWU2JtVlZNVVZTVkVaUFVrVlZkMVJVUm5aa01IQnhVbFpPVGxGclJraFJWRVpXVWxWT05GUlZjR2xOTUVweldXMDFUMkl5UmxoWGFrSk9WV3RHTTFKSFpGcFNSbHBTVlZWU1JtUXlValZEYlVsNVQxUkNUVll3Tlc5VVZXeEtVV3RzY1ZGVk5VTmFNblI0WVVkMGNGSjZiRE5OUlVwQ1ZWVldSMUZWUmxCUk1FWlNUMFZHVGxOVmJFTlJNbVJNVVRCR1VsSlZSalpaTTBZd1RWTjBiV0o2VFROVlIwbExWRWMwZGxaWGFHbGhibFo1WkZaS2JsbFVTalpNTVdocVlVZE5kbEpYTlhwWk1IQkhZMVUxTmxSSGFGWmxha0o0Vm01U1dVMXRXbEpsVkU1eFUxaEpNVTlVWTNwVlJFNVpaVVV4WVUxVVdtNVpWbkIwVFVGd2VscFZNSGxYU0d3eFpESktjR1ZET1VKYVYwcDJWbXRHTm1KVldqRk5WWGd5WkVoYU1WcEdjRWRTVjFJMllXeHNhMU14YXpSa1IzaDBWREZ2TldGVE9VcE5hVGxoVVRJMVdWUXdhSGxXTTNCNFpETmtXRU50UlRSa2JUa3dWR3RrYUdKSFZsVk9NMVpOWTBkR1RXSXdTbGxTU0U1YVdUSmpNbVJGVmpaVWEzY3hWREowZEZSVlRUTlBSVFYyWWpGR1YwNHlkRXBVVldSV1ZFVnJlRTFFVWtoaWJXaE9WVWhTV21Nd01FdFdWRlp2WWtka1JsWldRakZpYkVZelVrWmtWazB4VlhwalZHUlhUMVZhVUU1SWEzZFNiSEJQWXpJNVQxTlhNVlZTYms1VFVsWktTRkpJVmpWUk1qRnlZV3R6ZDFkVVFtaGhSVVpyVTFaSmQxRnNSakZhZDNCWVZtdDRjR05JWkRWUFYyUllUV3hHYVZwSWF6UlNWRlp2VWpGU2NFOVVhRlJXYlVaUlRtMTRVbEo2VmtwT1IwWjRUVVpzVDFGdGJ6SmpNbmhUU3pGb1NGZHNRbWhoUkZKTVQxZFNTRlV6YUZWVGEwcEpRMjVvZG1WSFduaE5NbGswWlZoa1NsSkZSbEpSVlVwMlRVVnNNMVZWVWtKVU1FcHVWR3hhU1ZWVWFFTlJWMWswVWxWS1FsUlZUa0pqVmtZelVraGtXbEpHV2xOTlJsSkNWVlZuZGxGclJsWmtNRVl6VWxWSlMwd3pjRUphUlVwdVZHeGFTVlZVVWtaU2JXUlNWbGhvZUU5SFNrVlhha0pPWlZkV01GSkdiekpQVld4dFRtcEtVMWxzYkZsVGJYY3lUVWhrUlZWV2JFdFRNamxoVTFkb01sa3dOVUpWVlZaTlVXeEdRbEpCY0c1YU1GWkRVVlZTWVdNeVNtOWFWbFpLWVRJNWFHVlZhRmRQUlhoeFQwVk9jV05WZUhWWFZtYzBUVE5PYmxOR2JFaFpNMmh1VmxWU2FHUnVUbkpOVkZVMVYyc3hhbEZxVlhwaU1rNVJaVzFSTVdKR1duZERiRXBEWkZkd2RWWllXbFJXYmxKRFYycENkazVWWkdwTlZGSlVVVzV3U2tzd2FISk9SemxFV214c1FsVldUa2hpTW5oMFdtNXNkMUZWZUU5WFIyeDFUbXhHUldOdGVFUlNhMmd6VTNwR1VGTnNTalJVVjNkTFRUSkpNVlV4VWtSVlZYQnpUVlZhUldWRlRURk9ia2wyWkVaa2NWcEVTakJaVlRGM1UxZEdRbVJWYnpKV00wNXVaR3RzZEdSck1IZFRSbXhvVGtoV2RHVlViR0ZqYTA1aFdXeFNNRlpGVFRGa2VrcHNWbEZ3Y1ZGcVdYcGhRM1F3VVd4Wk1VMVhkRkZQUkU1d1dqRktUMVF6V1RKWFYwNDJWRlpDUWsweFRuZFdSemxFV2xVNWQyTXpiSGhrVmtZd1RrUmFXV1JJVGxoaFZFVTFZMVJPYjBzelFsUmpSRUpXWVcxb1UwTnVUbkpTUjBwU1drUkNkRTlGVmxkWFNFNUNVVmhvY1ZVeGIzSmlSMDV1V2tSV2FtRnNVbGhrUkZwRFlUTldTa3d6VmxwUFJtUlNWbXhrY1Zvd1JuVmlNazE0VXpKa00xSjZiRmhSVnpRMVdsVndiV1Z0YjB0Tk1VWmFWRU00ZUZsdFNsSmtibEpZVGtoS2NXVlVhRmhXTVVaR1VXMTNNMDlXVm1wUVVXOTBURk13ZEV4VlZrOVNRMEpFVWxaS1ZWTlZXa3BSTUVaVlVsTXdkRXhUTUhSRFp6MDlJaXdpZG1WeWFXWnBZMkYwYVc5dUlqcDdmWDFkZlgwc0luUnBiV1Z2ZFhSeklqcDdmU3dpZG1WeWMybHZiaUk2SWpJdU1pNHdJbjBzSW01bGRIZHZjbXRrSWpwN2ZTd2ljR0Z6YzNka0lqcDdmU3dpYzNSdmNtRm5aU0k2ZTMwc0luTjVjM1JsYldRaU9udDlmUW89IiwidmVyaWZpY2F0aW9uIjp7fX1dfSwidGltZW91dHMiOnt9LCJ2ZXJzaW9uIjoiMi4xLjAifSwibmV0d29ya2QiOnt9LCJwYXNzd2QiOnt9LCJzdG9yYWdlIjp7ImZpbGVzIjpbeyJmaWxlc3lzdGVtIjoicm9vdCIsImdyb3VwIjp7fSwicGF0aCI6Ii9ldGMvaG9zdG5hbWUiLCJ1c2VyIjp7fSwiY29udGVudHMiOnsic291cmNlIjoiZGF0YTp0ZXh0L3BsYWluO2NoYXJzZXQ9dXRmLTg7YmFzZTY0LFkyOXVkSEp2YkMxd2JHRnVaUzB3IiwidmVyaWZpY2F0aW9uIjp7fX0sIm1vZGUiOjQyMH0seyJmaWxlc3lzdGVtIjoicm9vdCIsImdyb3VwIjp7fSwicGF0aCI6Ii9ldGMvc3lzY29uZmlnL25ldHdvcmstc2NyaXB0cy9pZmNmZy1lbnMxOTIiLCJ1c2VyIjp7fSwiY29udGVudHMiOnsic291cmNlIjoiZGF0YTp0ZXh0L3BsYWluO2NoYXJzZXQ9dXRmLTg7YmFzZTY0LFZGbFFSVDFGZEdobGNtNWxkQXBDVDA5VVVGSlBWRTg5Ym05dVpRcE9RVTFGUFdWdWN6RTVNZ3BFUlZaSlEwVTlaVzV6TVRreUNrOU9RazlQVkQxNVpYTUtTVkJCUkVSU1BURTVNaTR4TmpndU5qQXVNVEFLVUZKRlJrbFlQVEkwQ2tkQlZFVlhRVms5TVRreUxqRTJPQzQyTUM0eU5UUUtSRTlOUVVsT1BXOWpjRFF1WjNSemJHRmljeTVwWW0wdVkyOXRDa1JPVXpFOU1Ua3lMakUyT0M0Mk1DNHlOVFFLIiwidmVyaWZpY2F0aW9uIjp7fX0sIm1vZGUiOjQyMH1dfSwic3lzdGVtZCI6eyJ1bml0cyI6W3siY29udGVudHMiOiJbVW5pdF1cbkNvbmRpdGlvbkZpcnN0Qm9vdD15ZXNcbltTZXJ2aWNlXVxuVHlwZT1pZGxlXG5FeGVjU3RhcnQ9L3NiaW4vcmVib290XG5bSW5zdGFsbF1cbldhbnRlZEJ5PW11bHRpLXVzZXIudGFyZ2V0XG4iLCJlbmFibGVkIjp0cnVlLCJuYW1lIjoicmVzdGFydC5zZXJ2aWNlIn1dfX0=",
                            "vapp.0.properties.guestinfo.ignition.config.data.encoding": "base64",
                            "vapp_transport.#": "1",
                            "vapp_transport.0": "com.vmware.guestInfo",
                            "vmware_tools_status": "guestToolsNotRunning",
                            "vmx_path": "2f99605d-2e65-8dd0-7ad3-0cc47ad36a20/control-plane-0.vmx",
                            "wait_for_guest_ip_timeout": "0",
                            "wait_for_guest_net_routable": "false",
                            "wait_for_guest_net_timeout": "0"
                        },
                        "meta": {
                            "schema_version": "3"
                        },
                        "tainted": false
                    },
                    "deposed": [],
                    "provider": "provider.vsphere"
                },
                "vsphere_virtual_machine.vm.1": {
                    "type": "vsphere_virtual_machine",
                    "depends_on": [
                        "data.ignition_config.ign.*",
                        "data.vsphere_datastore.datastore",
                        "data.vsphere_network.network",
                        "data.vsphere_virtual_machine.template"
                    ],
                    "primary": {
                        "id": "421659fb-54bb-f471-599a-81cbaeb939d4",
                        "attributes": {
                            "alternate_guest_name": "",
                            "annotation": "",
                            "boot_delay": "0",
                            "boot_retry_delay": "10000",
                            "boot_retry_enabled": "false",
                            "cdrom.#": "0",
                            "change_version": "2019-08-24T01:56:31.257663Z",
                            "clone.#": "1",
                            "clone.0.customize.#": "0",
                            "clone.0.linked_clone": "false",
                            "clone.0.template_uuid": "42161048-3c18-d100-7a14-fd5e75f3c7a5",
                            "clone.0.timeout": "30",
                            "cpu_hot_add_enabled": "false",
                            "cpu_hot_remove_enabled": "false",
                            "cpu_limit": "-1",
                            "cpu_performance_counters_enabled": "false",
                            "cpu_reservation": "0",
                            "cpu_share_count": "4000",
                            "cpu_share_level": "normal",
                            "custom_attributes.%": "0",
                            "datastore_id": "datastore-12",
                            "disk.#": "1",
                            "disk.0.attach": "false",
                            "disk.0.datastore_id": "datastore-12",
                            "disk.0.device_address": "scsi:0:0",
                            "disk.0.disk_mode": "persistent",
                            "disk.0.disk_sharing": "sharingNone",
                            "disk.0.eagerly_scrub": "false",
                            "disk.0.io_limit": "-1",
                            "disk.0.io_reservation": "0",
                            "disk.0.io_share_count": "1000",
                            "disk.0.io_share_level": "normal",
                            "disk.0.keep_on_remove": "false",
                            "disk.0.key": "2000",
                            "disk.0.label": "disk0",
                            "disk.0.name": "",
                            "disk.0.path": "2f99605d-626e-a7b2-a9c8-0cc47ad31690/control-plane-1.vmdk",
                            "disk.0.size": "60",
                            "disk.0.thin_provisioned": "true",
                            "disk.0.unit_number": "0",
                            "disk.0.uuid": "6000C29a-4c9c-2501-3280-f4962750c09a",
                            "disk.0.write_through": "false",
                            "efi_secure_boot_enabled": "false",
                            "enable_disk_uuid": "true",
                            "enable_logging": "false",
                            "ept_rvi_mode": "automatic",
                            "extra_config.%": "0",
                            "firmware": "bios",
                            "folder": "ocp4",
                            "force_power_off": "true",
                            "guest_id": "other26xLinux64Guest",
                            "guest_ip_addresses.#": "0",
                            "host_system_id": "host-18",
                            "hv_mode": "hvAuto",
                            "id": "421659fb-54bb-f471-599a-81cbaeb939d4",
                            "latency_sensitivity": "normal",
                            "memory": "8192",
                            "memory_hot_add_enabled": "false",
                            "memory_limit": "-1",
                            "memory_reservation": "0",
                            "memory_share_count": "81920",
                            "memory_share_level": "normal",
                            "migrate_wait_timeout": "30",
                            "moid": "vm-507",
                            "name": "control-plane-1",
                            "nested_hv_enabled": "false",
                            "network_interface.#": "1",
                            "network_interface.0.adapter_type": "vmxnet3",
                            "network_interface.0.bandwidth_limit": "-1",
                            "network_interface.0.bandwidth_reservation": "0",
                            "network_interface.0.bandwidth_share_count": "50",
                            "network_interface.0.bandwidth_share_level": "normal",
                            "network_interface.0.device_address": "pci:0:7",
                            "network_interface.0.key": "4000",
                            "network_interface.0.mac_address": "00:50:56:96:87:3d",
                            "network_interface.0.network_id": "dvportgroup-243",
                            "network_interface.0.use_static_mac": "false",
                            "num_cores_per_socket": "1",
                            "num_cpus": "4",
                            "reboot_required": "false",
                            "resource_pool_id": "resgroup-501",
                            "run_tools_scripts_after_power_on": "true",
                            "run_tools_scripts_after_resume": "true",
                            "run_tools_scripts_before_guest_reboot": "false",
                            "run_tools_scripts_before_guest_shutdown": "true",
                            "run_tools_scripts_before_guest_standby": "true",
                            "scsi_bus_sharing": "noSharing",
                            "scsi_controller_count": "1",
                            "scsi_type": "pvscsi",
                            "shutdown_wait_timeout": "3",
                            "swap_placement_policy": "inherit",
                            "sync_time_with_host": "false",
                            "tags.#": "0",
                            "uuid": "421659fb-54bb-f471-599a-81cbaeb939d4",
                            "vapp.#": "1",
                            "vapp.0.properties.%": "2",
                            "vapp.0.properties.guestinfo.ignition.config.data": "eyJpZ25pdGlvbiI6eyJjb25maWciOnsiYXBwZW5kIjpbeyJzb3VyY2UiOiJkYXRhOnRleHQvcGxhaW47Y2hhcnNldD11dGYtODtiYXNlNjQsZXlKcFoyNXBkR2x2YmlJNmV5SmpiMjVtYVdjaU9uc2lZWEJ3Wlc1a0lqcGJleUp6YjNWeVkyVWlPaUpvZEhSd2N6b3ZMMkZ3YVMxcGJuUXViMk53TkM1bmRITnNZV0p6TG1saWJTNWpiMjA2TWpJMk1qTXZZMjl1Wm1sbkwyMWhjM1JsY2lJc0luWmxjbWxtYVdOaGRHbHZiaUk2ZTMxOVhYMHNJbk5sWTNWeWFYUjVJanA3SW5Sc2N5STZleUpqWlhKMGFXWnBZMkYwWlVGMWRHaHZjbWwwYVdWeklqcGJleUp6YjNWeVkyVWlPaUprWVhSaE9uUmxlSFF2Y0d4aGFXNDdZMmhoY25ObGREMTFkR1l0T0R0aVlYTmxOalFzVEZNd2RFeFRNVU5TVldSS1ZHbENSRkpXU2xWVFZWcEtVVEJHVlZKVE1IUk1VekIwUTJzeFNsTlZVa1pTUlU1RVVWZGFjRm93UmpOVFZVcENXakJzU2xWVWFFMVdNVkp6VTFkT1dWRnRUak5TUmtaYVUydDBkbGRyYkc5a2JVNVBVVlpHUmxSRlNsSlJXR1JMWVd0V1ZGUlZTa0pTTUVWNFZsVlZTMUV6YUU1VGJVbDZVVzE0YVdKck5YWlpWbVJoVFVVeFUxRllaRVZhTVd4RlZteEdVbEpGVmpOYVNHeHBUV3ByZDFSR1pFOWhSVEZEVGtab1JWWkZWVEZVVlZKdVpWVXhObEpVUms5U1JWVjNWRlJHZGxkQmNFVldSV3N4VkZWU2JtVlZNVVZTVkVaUFVrVlZkMVJVUm5aa01IQnhVbFpPVGxGclJraFJWRVpXVWxWT05GUlZjR2xOTUVweldXMDFUMkl5UmxoWGFrSk9WV3RHTTFKSFpGcFNSbHBTVlZWU1JtUXlValZEYlVsNVQxUkNUVll3Tlc5VVZXeEtVV3RzY1ZGVk5VTmFNblI0WVVkMGNGSjZiRE5OUlVwQ1ZWVldSMUZWUmxCUk1FWlNUMFZHVGxOVmJFTlJNbVJNVVRCR1VsSlZSalpaTTBZd1RWTjBiV0o2VFROVlIwbExWRWMwZGxaWGFHbGhibFo1WkZaS2JsbFVTalpNTVdocVlVZE5kbEpYTlhwWk1IQkhZMVUxTmxSSGFGWmxha0o0Vm01U1dVMXRXbEpsVkU1eFUxaEpNVTlVWTNwVlJFNVpaVVV4WVUxVVdtNVpWbkIwVFVGd2VscFZNSGxYU0d3eFpESktjR1ZET1VKYVYwcDJWbXRHTm1KVldqRk5WWGd5WkVoYU1WcEdjRWRTVjFJMllXeHNhMU14YXpSa1IzaDBWREZ2TldGVE9VcE5hVGxoVVRJMVdWUXdhSGxXTTNCNFpETmtXRU50UlRSa2JUa3dWR3RrYUdKSFZsVk9NMVpOWTBkR1RXSXdTbGxTU0U1YVdUSmpNbVJGVmpaVWEzY3hWREowZEZSVlRUTlBSVFYyWWpGR1YwNHlkRXBVVldSV1ZFVnJlRTFFVWtoaWJXaE9WVWhTV21Nd01FdFdWRlp2WWtka1JsWldRakZpYkVZelVrWmtWazB4VlhwalZHUlhUMVZhVUU1SWEzZFNiSEJQWXpJNVQxTlhNVlZTYms1VFVsWktTRkpJVmpWUk1qRnlZV3R6ZDFkVVFtaGhSVVpyVTFaSmQxRnNSakZhZDNCWVZtdDRjR05JWkRWUFYyUllUV3hHYVZwSWF6UlNWRlp2VWpGU2NFOVVhRlJXYlVaUlRtMTRVbEo2VmtwT1IwWjRUVVpzVDFGdGJ6SmpNbmhUU3pGb1NGZHNRbWhoUkZKTVQxZFNTRlV6YUZWVGEwcEpRMjVvZG1WSFduaE5NbGswWlZoa1NsSkZSbEpSVlVwMlRVVnNNMVZWVWtKVU1FcHVWR3hhU1ZWVWFFTlJWMWswVWxWS1FsUlZUa0pqVmtZelVraGtXbEpHV2xOTlJsSkNWVlZuZGxGclJsWmtNRVl6VWxWSlMwd3pjRUphUlVwdVZHeGFTVlZVVWtaU2JXUlNWbGhvZUU5SFNrVlhha0pPWlZkV01GSkdiekpQVld4dFRtcEtVMWxzYkZsVGJYY3lUVWhrUlZWV2JFdFRNamxoVTFkb01sa3dOVUpWVlZaTlVXeEdRbEpCY0c1YU1GWkRVVlZTWVdNeVNtOWFWbFpLWVRJNWFHVlZhRmRQUlhoeFQwVk9jV05WZUhWWFZtYzBUVE5PYmxOR2JFaFpNMmh1VmxWU2FHUnVUbkpOVkZVMVYyc3hhbEZxVlhwaU1rNVJaVzFSTVdKR1duZERiRXBEWkZkd2RWWllXbFJXYmxKRFYycENkazVWWkdwTlZGSlVVVzV3U2tzd2FISk9SemxFV214c1FsVldUa2hpTW5oMFdtNXNkMUZWZUU5WFIyeDFUbXhHUldOdGVFUlNhMmd6VTNwR1VGTnNTalJVVjNkTFRUSkpNVlV4VWtSVlZYQnpUVlZhUldWRlRURk9ia2wyWkVaa2NWcEVTakJaVlRGM1UxZEdRbVJWYnpKV00wNXVaR3RzZEdSck1IZFRSbXhvVGtoV2RHVlViR0ZqYTA1aFdXeFNNRlpGVFRGa2VrcHNWbEZ3Y1ZGcVdYcGhRM1F3VVd4Wk1VMVhkRkZQUkU1d1dqRktUMVF6V1RKWFYwNDJWRlpDUWsweFRuZFdSemxFV2xVNWQyTXpiSGhrVmtZd1RrUmFXV1JJVGxoaFZFVTFZMVJPYjBzelFsUmpSRUpXWVcxb1UwTnVUbkpTUjBwU1drUkNkRTlGVmxkWFNFNUNVVmhvY1ZVeGIzSmlSMDV1V2tSV2FtRnNVbGhrUkZwRFlUTldTa3d6VmxwUFJtUlNWbXhrY1Zvd1JuVmlNazE0VXpKa00xSjZiRmhSVnpRMVdsVndiV1Z0YjB0Tk1VWmFWRU00ZUZsdFNsSmtibEpZVGtoS2NXVlVhRmhXTVVaR1VXMTNNMDlXVm1wUVVXOTBURk13ZEV4VlZrOVNRMEpFVWxaS1ZWTlZXa3BSTUVaVlVsTXdkRXhUTUhSRFp6MDlJaXdpZG1WeWFXWnBZMkYwYVc5dUlqcDdmWDFkZlgwc0luUnBiV1Z2ZFhSeklqcDdmU3dpZG1WeWMybHZiaUk2SWpJdU1pNHdJbjBzSW01bGRIZHZjbXRrSWpwN2ZTd2ljR0Z6YzNka0lqcDdmU3dpYzNSdmNtRm5aU0k2ZTMwc0luTjVjM1JsYldRaU9udDlmUW89IiwidmVyaWZpY2F0aW9uIjp7fX1dfSwidGltZW91dHMiOnt9LCJ2ZXJzaW9uIjoiMi4xLjAifSwibmV0d29ya2QiOnt9LCJwYXNzd2QiOnt9LCJzdG9yYWdlIjp7ImZpbGVzIjpbeyJmaWxlc3lzdGVtIjoicm9vdCIsImdyb3VwIjp7fSwicGF0aCI6Ii9ldGMvaG9zdG5hbWUiLCJ1c2VyIjp7fSwiY29udGVudHMiOnsic291cmNlIjoiZGF0YTp0ZXh0L3BsYWluO2NoYXJzZXQ9dXRmLTg7YmFzZTY0LFkyOXVkSEp2YkMxd2JHRnVaUzB4IiwidmVyaWZpY2F0aW9uIjp7fX0sIm1vZGUiOjQyMH0seyJmaWxlc3lzdGVtIjoicm9vdCIsImdyb3VwIjp7fSwicGF0aCI6Ii9ldGMvc3lzY29uZmlnL25ldHdvcmstc2NyaXB0cy9pZmNmZy1lbnMxOTIiLCJ1c2VyIjp7fSwiY29udGVudHMiOnsic291cmNlIjoiZGF0YTp0ZXh0L3BsYWluO2NoYXJzZXQ9dXRmLTg7YmFzZTY0LFZGbFFSVDFGZEdobGNtNWxkQXBDVDA5VVVGSlBWRTg5Ym05dVpRcE9RVTFGUFdWdWN6RTVNZ3BFUlZaSlEwVTlaVzV6TVRreUNrOU9RazlQVkQxNVpYTUtTVkJCUkVSU1BURTVNaTR4TmpndU5qQXVNVEVLVUZKRlJrbFlQVEkwQ2tkQlZFVlhRVms5TVRreUxqRTJPQzQyTUM0eU5UUUtSRTlOUVVsT1BXOWpjRFF1WjNSemJHRmljeTVwWW0wdVkyOXRDa1JPVXpFOU1Ua3lMakUyT0M0Mk1DNHlOVFFLIiwidmVyaWZpY2F0aW9uIjp7fX0sIm1vZGUiOjQyMH1dfSwic3lzdGVtZCI6eyJ1bml0cyI6W3siY29udGVudHMiOiJbVW5pdF1cbkNvbmRpdGlvbkZpcnN0Qm9vdD15ZXNcbltTZXJ2aWNlXVxuVHlwZT1pZGxlXG5FeGVjU3RhcnQ9L3NiaW4vcmVib290XG5bSW5zdGFsbF1cbldhbnRlZEJ5PW11bHRpLXVzZXIudGFyZ2V0XG4iLCJlbmFibGVkIjp0cnVlLCJuYW1lIjoicmVzdGFydC5zZXJ2aWNlIn1dfX0=",
                            "vapp.0.properties.guestinfo.ignition.config.data.encoding": "base64",
                            "vapp_transport.#": "1",
                            "vapp_transport.0": "com.vmware.guestInfo",
                            "vmware_tools_status": "guestToolsNotRunning",
                            "vmx_path": "2f99605d-626e-a7b2-a9c8-0cc47ad31690/control-plane-1.vmx",
                            "wait_for_guest_ip_timeout": "0",
                            "wait_for_guest_net_routable": "false",
                            "wait_for_guest_net_timeout": "0"
                        },
                        "meta": {
                            "schema_version": "3"
                        },
                        "tainted": false
                    },
                    "deposed": [],
                    "provider": "provider.vsphere"
                },
                "vsphere_virtual_machine.vm.2": {
                    "type": "vsphere_virtual_machine",
                    "depends_on": [
                        "data.ignition_config.ign.*",
                        "data.vsphere_datastore.datastore",
                        "data.vsphere_network.network",
                        "data.vsphere_virtual_machine.template"
                    ],
                    "primary": {
                        "id": "4216bc6e-a9ad-d511-4cad-d8c82282f645",
                        "attributes": {
                            "alternate_guest_name": "",
                            "annotation": "",
                            "boot_delay": "0",
                            "boot_retry_delay": "10000",
                            "boot_retry_enabled": "false",
                            "cdrom.#": "0",
                            "change_version": "2019-08-24T01:56:37.54602Z",
                            "clone.#": "1",
                            "clone.0.customize.#": "0",
                            "clone.0.linked_clone": "false",
                            "clone.0.template_uuid": "42161048-3c18-d100-7a14-fd5e75f3c7a5",
                            "clone.0.timeout": "30",
                            "cpu_hot_add_enabled": "false",
                            "cpu_hot_remove_enabled": "false",
                            "cpu_limit": "-1",
                            "cpu_performance_counters_enabled": "false",
                            "cpu_reservation": "0",
                            "cpu_share_count": "4000",
                            "cpu_share_level": "normal",
                            "custom_attributes.%": "0",
                            "datastore_id": "datastore-12",
                            "disk.#": "1",
                            "disk.0.attach": "false",
                            "disk.0.datastore_id": "datastore-12",
                            "disk.0.device_address": "scsi:0:0",
                            "disk.0.disk_mode": "persistent",
                            "disk.0.disk_sharing": "sharingNone",
                            "disk.0.eagerly_scrub": "false",
                            "disk.0.io_limit": "-1",
                            "disk.0.io_reservation": "0",
                            "disk.0.io_share_count": "1000",
                            "disk.0.io_share_level": "normal",
                            "disk.0.keep_on_remove": "false",
                            "disk.0.key": "2000",
                            "disk.0.label": "disk0",
                            "disk.0.name": "",
                            "disk.0.path": "2f99605d-e2bc-d37c-40f4-0cc47aa46960/control-plane-2.vmdk",
                            "disk.0.size": "60",
                            "disk.0.thin_provisioned": "true",
                            "disk.0.unit_number": "0",
                            "disk.0.uuid": "6000C294-993f-c5ed-ca80-361d3a3ad53f",
                            "disk.0.write_through": "false",
                            "efi_secure_boot_enabled": "false",
                            "enable_disk_uuid": "true",
                            "enable_logging": "false",
                            "ept_rvi_mode": "automatic",
                            "extra_config.%": "0",
                            "firmware": "bios",
                            "folder": "ocp4",
                            "force_power_off": "true",
                            "guest_id": "other26xLinux64Guest",
                            "guest_ip_addresses.#": "0",
                            "host_system_id": "host-19",
                            "hv_mode": "hvAuto",
                            "id": "4216bc6e-a9ad-d511-4cad-d8c82282f645",
                            "latency_sensitivity": "normal",
                            "memory": "8192",
                            "memory_hot_add_enabled": "false",
                            "memory_limit": "-1",
                            "memory_reservation": "0",
                            "memory_share_count": "81920",
                            "memory_share_level": "normal",
                            "migrate_wait_timeout": "30",
                            "moid": "vm-504",
                            "name": "control-plane-2",
                            "nested_hv_enabled": "false",
                            "network_interface.#": "1",
                            "network_interface.0.adapter_type": "vmxnet3",
                            "network_interface.0.bandwidth_limit": "-1",
                            "network_interface.0.bandwidth_reservation": "0",
                            "network_interface.0.bandwidth_share_count": "50",
                            "network_interface.0.bandwidth_share_level": "normal",
                            "network_interface.0.device_address": "pci:0:7",
                            "network_interface.0.key": "4000",
                            "network_interface.0.mac_address": "00:50:56:96:85:42",
                            "network_interface.0.network_id": "dvportgroup-243",
                            "network_interface.0.use_static_mac": "false",
                            "num_cores_per_socket": "1",
                            "num_cpus": "4",
                            "reboot_required": "false",
                            "resource_pool_id": "resgroup-501",
                            "run_tools_scripts_after_power_on": "true",
                            "run_tools_scripts_after_resume": "true",
                            "run_tools_scripts_before_guest_reboot": "false",
                            "run_tools_scripts_before_guest_shutdown": "true",
                            "run_tools_scripts_before_guest_standby": "true",
                            "scsi_bus_sharing": "noSharing",
                            "scsi_controller_count": "1",
                            "scsi_type": "pvscsi",
                            "shutdown_wait_timeout": "3",
                            "swap_placement_policy": "inherit",
                            "sync_time_with_host": "false",
                            "tags.#": "0",
                            "uuid": "4216bc6e-a9ad-d511-4cad-d8c82282f645",
                            "vapp.#": "1",
                            "vapp.0.properties.%": "2",
                            "vapp.0.properties.guestinfo.ignition.config.data": "eyJpZ25pdGlvbiI6eyJjb25maWciOnsiYXBwZW5kIjpbeyJzb3VyY2UiOiJkYXRhOnRleHQvcGxhaW47Y2hhcnNldD11dGYtODtiYXNlNjQsZXlKcFoyNXBkR2x2YmlJNmV5SmpiMjVtYVdjaU9uc2lZWEJ3Wlc1a0lqcGJleUp6YjNWeVkyVWlPaUpvZEhSd2N6b3ZMMkZ3YVMxcGJuUXViMk53TkM1bmRITnNZV0p6TG1saWJTNWpiMjA2TWpJMk1qTXZZMjl1Wm1sbkwyMWhjM1JsY2lJc0luWmxjbWxtYVdOaGRHbHZiaUk2ZTMxOVhYMHNJbk5sWTNWeWFYUjVJanA3SW5Sc2N5STZleUpqWlhKMGFXWnBZMkYwWlVGMWRHaHZjbWwwYVdWeklqcGJleUp6YjNWeVkyVWlPaUprWVhSaE9uUmxlSFF2Y0d4aGFXNDdZMmhoY25ObGREMTFkR1l0T0R0aVlYTmxOalFzVEZNd2RFeFRNVU5TVldSS1ZHbENSRkpXU2xWVFZWcEtVVEJHVlZKVE1IUk1VekIwUTJzeFNsTlZVa1pTUlU1RVVWZGFjRm93UmpOVFZVcENXakJzU2xWVWFFMVdNVkp6VTFkT1dWRnRUak5TUmtaYVUydDBkbGRyYkc5a2JVNVBVVlpHUmxSRlNsSlJXR1JMWVd0V1ZGUlZTa0pTTUVWNFZsVlZTMUV6YUU1VGJVbDZVVzE0YVdKck5YWlpWbVJoVFVVeFUxRllaRVZhTVd4RlZteEdVbEpGVmpOYVNHeHBUV3ByZDFSR1pFOWhSVEZEVGtab1JWWkZWVEZVVlZKdVpWVXhObEpVUms5U1JWVjNWRlJHZGxkQmNFVldSV3N4VkZWU2JtVlZNVVZTVkVaUFVrVlZkMVJVUm5aa01IQnhVbFpPVGxGclJraFJWRVpXVWxWT05GUlZjR2xOTUVweldXMDFUMkl5UmxoWGFrSk9WV3RHTTFKSFpGcFNSbHBTVlZWU1JtUXlValZEYlVsNVQxUkNUVll3Tlc5VVZXeEtVV3RzY1ZGVk5VTmFNblI0WVVkMGNGSjZiRE5OUlVwQ1ZWVldSMUZWUmxCUk1FWlNUMFZHVGxOVmJFTlJNbVJNVVRCR1VsSlZSalpaTTBZd1RWTjBiV0o2VFROVlIwbExWRWMwZGxaWGFHbGhibFo1WkZaS2JsbFVTalpNTVdocVlVZE5kbEpYTlhwWk1IQkhZMVUxTmxSSGFGWmxha0o0Vm01U1dVMXRXbEpsVkU1eFUxaEpNVTlVWTNwVlJFNVpaVVV4WVUxVVdtNVpWbkIwVFVGd2VscFZNSGxYU0d3eFpESktjR1ZET1VKYVYwcDJWbXRHTm1KVldqRk5WWGd5WkVoYU1WcEdjRWRTVjFJMllXeHNhMU14YXpSa1IzaDBWREZ2TldGVE9VcE5hVGxoVVRJMVdWUXdhSGxXTTNCNFpETmtXRU50UlRSa2JUa3dWR3RrYUdKSFZsVk9NMVpOWTBkR1RXSXdTbGxTU0U1YVdUSmpNbVJGVmpaVWEzY3hWREowZEZSVlRUTlBSVFYyWWpGR1YwNHlkRXBVVldSV1ZFVnJlRTFFVWtoaWJXaE9WVWhTV21Nd01FdFdWRlp2WWtka1JsWldRakZpYkVZelVrWmtWazB4VlhwalZHUlhUMVZhVUU1SWEzZFNiSEJQWXpJNVQxTlhNVlZTYms1VFVsWktTRkpJVmpWUk1qRnlZV3R6ZDFkVVFtaGhSVVpyVTFaSmQxRnNSakZhZDNCWVZtdDRjR05JWkRWUFYyUllUV3hHYVZwSWF6UlNWRlp2VWpGU2NFOVVhRlJXYlVaUlRtMTRVbEo2VmtwT1IwWjRUVVpzVDFGdGJ6SmpNbmhUU3pGb1NGZHNRbWhoUkZKTVQxZFNTRlV6YUZWVGEwcEpRMjVvZG1WSFduaE5NbGswWlZoa1NsSkZSbEpSVlVwMlRVVnNNMVZWVWtKVU1FcHVWR3hhU1ZWVWFFTlJWMWswVWxWS1FsUlZUa0pqVmtZelVraGtXbEpHV2xOTlJsSkNWVlZuZGxGclJsWmtNRVl6VWxWSlMwd3pjRUphUlVwdVZHeGFTVlZVVWtaU2JXUlNWbGhvZUU5SFNrVlhha0pPWlZkV01GSkdiekpQVld4dFRtcEtVMWxzYkZsVGJYY3lUVWhrUlZWV2JFdFRNamxoVTFkb01sa3dOVUpWVlZaTlVXeEdRbEpCY0c1YU1GWkRVVlZTWVdNeVNtOWFWbFpLWVRJNWFHVlZhRmRQUlhoeFQwVk9jV05WZUhWWFZtYzBUVE5PYmxOR2JFaFpNMmh1VmxWU2FHUnVUbkpOVkZVMVYyc3hhbEZxVlhwaU1rNVJaVzFSTVdKR1duZERiRXBEWkZkd2RWWllXbFJXYmxKRFYycENkazVWWkdwTlZGSlVVVzV3U2tzd2FISk9SemxFV214c1FsVldUa2hpTW5oMFdtNXNkMUZWZUU5WFIyeDFUbXhHUldOdGVFUlNhMmd6VTNwR1VGTnNTalJVVjNkTFRUSkpNVlV4VWtSVlZYQnpUVlZhUldWRlRURk9ia2wyWkVaa2NWcEVTakJaVlRGM1UxZEdRbVJWYnpKV00wNXVaR3RzZEdSck1IZFRSbXhvVGtoV2RHVlViR0ZqYTA1aFdXeFNNRlpGVFRGa2VrcHNWbEZ3Y1ZGcVdYcGhRM1F3VVd4Wk1VMVhkRkZQUkU1d1dqRktUMVF6V1RKWFYwNDJWRlpDUWsweFRuZFdSemxFV2xVNWQyTXpiSGhrVmtZd1RrUmFXV1JJVGxoaFZFVTFZMVJPYjBzelFsUmpSRUpXWVcxb1UwTnVUbkpTUjBwU1drUkNkRTlGVmxkWFNFNUNVVmhvY1ZVeGIzSmlSMDV1V2tSV2FtRnNVbGhrUkZwRFlUTldTa3d6VmxwUFJtUlNWbXhrY1Zvd1JuVmlNazE0VXpKa00xSjZiRmhSVnpRMVdsVndiV1Z0YjB0Tk1VWmFWRU00ZUZsdFNsSmtibEpZVGtoS2NXVlVhRmhXTVVaR1VXMTNNMDlXVm1wUVVXOTBURk13ZEV4VlZrOVNRMEpFVWxaS1ZWTlZXa3BSTUVaVlVsTXdkRXhUTUhSRFp6MDlJaXdpZG1WeWFXWnBZMkYwYVc5dUlqcDdmWDFkZlgwc0luUnBiV1Z2ZFhSeklqcDdmU3dpZG1WeWMybHZiaUk2SWpJdU1pNHdJbjBzSW01bGRIZHZjbXRrSWpwN2ZTd2ljR0Z6YzNka0lqcDdmU3dpYzNSdmNtRm5aU0k2ZTMwc0luTjVjM1JsYldRaU9udDlmUW89IiwidmVyaWZpY2F0aW9uIjp7fX1dfSwidGltZW91dHMiOnt9LCJ2ZXJzaW9uIjoiMi4xLjAifSwibmV0d29ya2QiOnt9LCJwYXNzd2QiOnt9LCJzdG9yYWdlIjp7ImZpbGVzIjpbeyJmaWxlc3lzdGVtIjoicm9vdCIsImdyb3VwIjp7fSwicGF0aCI6Ii9ldGMvaG9zdG5hbWUiLCJ1c2VyIjp7fSwiY29udGVudHMiOnsic291cmNlIjoiZGF0YTp0ZXh0L3BsYWluO2NoYXJzZXQ9dXRmLTg7YmFzZTY0LFkyOXVkSEp2YkMxd2JHRnVaUzB5IiwidmVyaWZpY2F0aW9uIjp7fX0sIm1vZGUiOjQyMH0seyJmaWxlc3lzdGVtIjoicm9vdCIsImdyb3VwIjp7fSwicGF0aCI6Ii9ldGMvc3lzY29uZmlnL25ldHdvcmstc2NyaXB0cy9pZmNmZy1lbnMxOTIiLCJ1c2VyIjp7fSwiY29udGVudHMiOnsic291cmNlIjoiZGF0YTp0ZXh0L3BsYWluO2NoYXJzZXQ9dXRmLTg7YmFzZTY0LFZGbFFSVDFGZEdobGNtNWxkQXBDVDA5VVVGSlBWRTg5Ym05dVpRcE9RVTFGUFdWdWN6RTVNZ3BFUlZaSlEwVTlaVzV6TVRreUNrOU9RazlQVkQxNVpYTUtTVkJCUkVSU1BURTVNaTR4TmpndU5qQXVNVElLVUZKRlJrbFlQVEkwQ2tkQlZFVlhRVms5TVRreUxqRTJPQzQyTUM0eU5UUUtSRTlOUVVsT1BXOWpjRFF1WjNSemJHRmljeTVwWW0wdVkyOXRDa1JPVXpFOU1Ua3lMakUyT0M0Mk1DNHlOVFFLIiwidmVyaWZpY2F0aW9uIjp7fX0sIm1vZGUiOjQyMH1dfSwic3lzdGVtZCI6eyJ1bml0cyI6W3siY29udGVudHMiOiJbVW5pdF1cbkNvbmRpdGlvbkZpcnN0Qm9vdD15ZXNcbltTZXJ2aWNlXVxuVHlwZT1pZGxlXG5FeGVjU3RhcnQ9L3NiaW4vcmVib290XG5bSW5zdGFsbF1cbldhbnRlZEJ5PW11bHRpLXVzZXIudGFyZ2V0XG4iLCJlbmFibGVkIjp0cnVlLCJuYW1lIjoicmVzdGFydC5zZXJ2aWNlIn1dfX0=",
                            "vapp.0.properties.guestinfo.ignition.config.data.encoding": "base64",
                            "vapp_transport.#": "1",
                            "vapp_transport.0": "com.vmware.guestInfo",
                            "vmware_tools_status": "guestToolsNotRunning",
                            "vmx_path": "2f99605d-e2bc-d37c-40f4-0cc47aa46960/control-plane-2.vmx",
                            "wait_for_guest_ip_timeout": "0",
                            "wait_for_guest_net_routable": "false",
                            "wait_for_guest_net_timeout": "0"
                        },
                        "meta": {
                            "schema_version": "3"
                        },
                        "tainted": false
                    },
                    "deposed": [],
                    "provider": "provider.vsphere"
                }
            },
            "depends_on": []
        },
        {
            "path": [
                "root",
                "folder"
            ],
            "outputs": {
                "path": {
                    "sensitive": false,
                    "type": "string",
                    "value": "ocp4"
                }
            },
            "resources": {
                "vsphere_folder.folder": {
                    "type": "vsphere_folder",
                    "depends_on": [],
                    "primary": {
                        "id": "group-v502",
                        "attributes": {
                            "custom_attributes.%": "0",
                            "datacenter_id": "datacenter-2",
                            "id": "group-v502",
                            "path": "ocp4",
                            "tags.#": "0",
                            "type": "vm"
                        },
                        "meta": {
                            "schema_version": "1"
                        },
                        "tainted": false
                    },
                    "deposed": [],
                    "provider": "provider.vsphere"
                }
            },
            "depends_on": []
        },
        {
            "path": [
                "root",
                "resource_pool"
            ],
            "outputs": {
                "pool_id": {
                    "sensitive": false,
                    "type": "string",
                    "value": "resgroup-501"
                }
            },
            "resources": {
                "data.vsphere_compute_cluster.compute_cluster": {
                    "type": "vsphere_compute_cluster",
                    "depends_on": [],
                    "primary": {
                        "id": "domain-c7",
                        "attributes": {
                            "datacenter_id": "datacenter-2",
                            "id": "domain-c7",
                            "name": "cluster1",
                            "resource_pool_id": "resgroup-8"
                        },
                        "meta": {},
                        "tainted": false
                    },
                    "deposed": [],
                    "provider": "provider.vsphere"
                },
                "vsphere_resource_pool.resource_pool": {
                    "type": "vsphere_resource_pool",
                    "depends_on": [
                        "data.vsphere_compute_cluster.compute_cluster"
                    ],
                    "primary": {
                        "id": "resgroup-501",
                        "attributes": {
                            "cpu_expandable": "true",
                            "cpu_limit": "-1",
                            "cpu_reservation": "0",
                            "cpu_share_level": "normal",
                            "cpu_shares": "4000",
                            "id": "resgroup-501",
                            "memory_expandable": "true",
                            "memory_limit": "-1",
                            "memory_reservation": "0",
                            "memory_share_level": "normal",
                            "memory_shares": "163840",
                            "name": "ocp4",
                            "parent_resource_pool_id": "resgroup-8",
                            "tags.#": "0"
                        },
                        "meta": {},
                        "tainted": false
                    },
                    "deposed": [],
                    "provider": "provider.vsphere"
                }
            },
            "depends_on": []
        }
    ]
}
